
Microsoft Visual Studio Solution File, Format Version 12.00
# Visual Studio 14
VisualStudioVersion = 14.0.25420.1
MinimumVisualStudioVersion = 10.0.40219.1
Project("{FAE04EC0-301F-11D3-BF4B-00C04F79EFBC}") = "NotificationServer.Azure", "Server\Worker\NotificationServer.Azure.csproj", "{ABF67309-FB49-4D1D-A7CD-3D376A240DA6}"
EndProject
Project("{2150E333-8FDC-42A3-9474-1A3956D46DE8}") = "1-Core", "1-Core", "{EB90CF31-43A0-407E-8988-A010F4537EAB}"
EndProject
Project("{FAE04EC0-301F-11D3-BF4B-00C04F79EFBC}") = "NotificationServer.Contract", "..\..\1-Core\Common\Contract\NotificationServer.Contract.csproj", "{CF147E43-853D-4CA5-AEB3-C2C07846BF1F}"
EndProject
Project("{FAE04EC0-301F-11D3-BF4B-00C04F79EFBC}") = "NotificationServer.Core", "..\..\1-Core\Common\Core\NotificationServer.Core.csproj", "{051C79A8-7FEE-4007-9886-BE00708B9165}"
EndProject
Project("{2150E333-8FDC-42A3-9474-1A3956D46DE8}") = "2-Senders", "2-Senders", "{F9FC1988-DB7E-4629-BD18-59B81388FC5A}"
EndProject
Project("{FAE04EC0-301F-11D3-BF4B-00C04F79EFBC}") = "NotificationServer.Senders.Mail", "..\..\2-Senders\Mail\NotificationServer.Senders.Mail.csproj", "{D7EA4561-6491-4CCC-BAFD-557CBC5274A7}"
EndProject
Project("{FAE04EC0-301F-11D3-BF4B-00C04F79EFBC}") = "NotificationServer.Senders.SendGrid", "..\..\2-Senders\SendGrid\NotificationServer.Senders.SendGrid.csproj", "{FB44E159-F0F7-45B3-9084-CC989EA79A65}"
EndProject
Project("{2150E333-8FDC-42A3-9474-1A3956D46DE8}") = "ServiceProvider", "ServiceProvider", "{D65F1D5C-ED0C-4914-83C0-89A5FD3B2416}"
EndProject
Project("{FAE04EC0-301F-11D3-BF4B-00C04F79EFBC}") = "NotificationServer.Provider.PuertoBahia", "..\..\Old\ServiceProvider\Provider.PuertoBahia\NotificationServer.Provider.PuertoBahia.csproj", "{9801ED7E-7C5A-401F-BBB5-DC741B6291B7}"
EndProject
Project("{CC5FD16D-436D-48AD-A40C-5A424C6E3E79}") = "Facture.NotificationServer", "Server\CloudService\Facture.NotificationServer.ccproj", "{4F2FC341-97BA-44EF-BE0C-8EAE3962AED9}"
EndProject
Global
	GlobalSection(SolutionConfigurationPlatforms) = preSolution
		Debug|Any CPU = Debug|Any CPU
		Pre|Any CPU = Pre|Any CPU
		Pro|Any CPU = Pro|Any CPU
		Prod|Any CPU = Prod|Any CPU
		Release|Any CPU = Release|Any CPU
		Sandbox|Any CPU = Sandbox|Any CPU
		Test|Any CPU = Test|Any CPU
		Training|Any CPU = Training|Any CPU
		Validation|Any CPU = Validation|Any CPU
	EndGlobalSection
	GlobalSection(ProjectConfigurationPlatforms) = postSolution
		{ABF67309-FB49-4D1D-A7CD-3D376A240DA6}.Debug|Any CPU.ActiveCfg = Debug|Any CPU
		{ABF67309-FB49-4D1D-A7CD-3D376A240DA6}.Debug|Any CPU.Build.0 = Debug|Any CPU
		{ABF67309-FB49-4D1D-A7CD-3D376A240DA6}.Pre|Any CPU.ActiveCfg = Pre|Any CPU
		{ABF67309-FB49-4D1D-A7CD-3D376A240DA6}.Pre|Any CPU.Build.0 = Pre|Any CPU
		{ABF67309-FB49-4D1D-A7CD-3D376A240DA6}.Pro|Any CPU.ActiveCfg = Pro|Any CPU
		{ABF67309-FB49-4D1D-A7CD-3D376A240DA6}.Pro|Any CPU.Build.0 = Pro|Any CPU
		{ABF67309-FB49-4D1D-A7CD-3D376A240DA6}.Prod|Any CPU.ActiveCfg = Prod|Any CPU
		{ABF67309-FB49-4D1D-A7CD-3D376A240DA6}.Prod|Any CPU.Build.0 = Prod|Any CPU
		{ABF67309-FB49-4D1D-A7CD-3D376A240DA6}.Release|Any CPU.ActiveCfg = Release|Any CPU
		{ABF67309-FB49-4D1D-A7CD-3D376A240DA6}.Release|Any CPU.Build.0 = Release|Any CPU
		{ABF67309-FB49-4D1D-A7CD-3D376A240DA6}.Sandbox|Any CPU.ActiveCfg = Sandbox|Any CPU
		{ABF67309-FB49-4D1D-A7CD-3D376A240DA6}.Sandbox|Any CPU.Build.0 = Sandbox|Any CPU
		{ABF67309-FB49-4D1D-A7CD-3D376A240DA6}.Test|Any CPU.ActiveCfg = Test|Any CPU
		{ABF67309-FB49-4D1D-A7CD-3D376A240DA6}.Test|Any CPU.Build.0 = Test|Any CPU
		{ABF67309-FB49-4D1D-A7CD-3D376A240DA6}.Training|Any CPU.ActiveCfg = Training|Any CPU
		{ABF67309-FB49-4D1D-A7CD-3D376A240DA6}.Training|Any CPU.Build.0 = Training|Any CPU
		{ABF67309-FB49-4D1D-A7CD-3D376A240DA6}.Validation|Any CPU.ActiveCfg = Training|Any CPU
		{ABF67309-FB49-4D1D-A7CD-3D376A240DA6}.Validation|Any CPU.Build.0 = Training|Any CPU
		{CF147E43-853D-4CA5-AEB3-C2C07846BF1F}.Debug|Any CPU.ActiveCfg = Debug|Any CPU
		{CF147E43-853D-4CA5-AEB3-C2C07846BF1F}.Debug|Any CPU.Build.0 = Debug|Any CPU
		{CF147E43-853D-4CA5-AEB3-C2C07846BF1F}.Pre|Any CPU.ActiveCfg = Pre|Any CPU
		{CF147E43-853D-4CA5-AEB3-C2C07846BF1F}.Pre|Any CPU.Build.0 = Pre|Any CPU
		{CF147E43-853D-4CA5-AEB3-C2C07846BF1F}.Pro|Any CPU.ActiveCfg = Pro|Any CPU
		{CF147E43-853D-4CA5-AEB3-C2C07846BF1F}.Pro|Any CPU.Build.0 = Pro|Any CPU
		{CF147E43-853D-4CA5-AEB3-C2C07846BF1F}.Prod|Any CPU.ActiveCfg = Pro|Any CPU
		{CF147E43-853D-4CA5-AEB3-C2C07846BF1F}.Prod|Any CPU.Build.0 = Pro|Any CPU
		{CF147E43-853D-4CA5-AEB3-C2C07846BF1F}.Release|Any CPU.ActiveCfg = Release|Any CPU
		{CF147E43-853D-4CA5-AEB3-C2C07846BF1F}.Release|Any CPU.Build.0 = Release|Any CPU
		{CF147E43-853D-4CA5-AEB3-C2C07846BF1F}.Sandbox|Any CPU.ActiveCfg = Sandbox|Any CPU
		{CF147E43-853D-4CA5-AEB3-C2C07846BF1F}.Sandbox|Any CPU.Build.0 = Sandbox|Any CPU
		{CF147E43-853D-4CA5-AEB3-C2C07846BF1F}.Test|Any CPU.ActiveCfg = Test|Any CPU
		{CF147E43-853D-4CA5-AEB3-C2C07846BF1F}.Test|Any CPU.Build.0 = Test|Any CPU
		{CF147E43-853D-4CA5-AEB3-C2C07846BF1F}.Training|Any CPU.ActiveCfg = Training|Any CPU
		{CF147E43-853D-4CA5-AEB3-C2C07846BF1F}.Training|Any CPU.Build.0 = Training|Any CPU
		{CF147E43-853D-4CA5-AEB3-C2C07846BF1F}.Validation|Any CPU.ActiveCfg = Validation|Any CPU
		{CF147E43-853D-4CA5-AEB3-C2C07846BF1F}.Validation|Any CPU.Build.0 = Validation|Any CPU
		{051C79A8-7FEE-4007-9886-BE00708B9165}.Debug|Any CPU.ActiveCfg = Debug|Any CPU
		{051C79A8-7FEE-4007-9886-BE00708B9165}.Debug|Any CPU.Build.0 = Debug|Any CPU
		{051C79A8-7FEE-4007-9886-BE00708B9165}.Pre|Any CPU.ActiveCfg = Pre|Any CPU
		{051C79A8-7FEE-4007-9886-BE00708B9165}.Pre|Any CPU.Build.0 = Pre|Any CPU
		{051C79A8-7FEE-4007-9886-BE00708B9165}.Pro|Any CPU.ActiveCfg = Pro|Any CPU
		{051C79A8-7FEE-4007-9886-BE00708B9165}.Pro|Any CPU.Build.0 = Pro|Any CPU
		{051C79A8-7FEE-4007-9886-BE00708B9165}.Prod|Any CPU.ActiveCfg = Pro|Any CPU
		{051C79A8-7FEE-4007-9886-BE00708B9165}.Prod|Any CPU.Build.0 = Pro|Any CPU
		{051C79A8-7FEE-4007-9886-BE00708B9165}.Release|Any CPU.ActiveCfg = Release|Any CPU
		{051C79A8-7FEE-4007-9886-BE00708B9165}.Release|Any CPU.Build.0 = Release|Any CPU
		{051C79A8-7FEE-4007-9886-BE00708B9165}.Sandbox|Any CPU.ActiveCfg = Sandbox|Any CPU
		{051C79A8-7FEE-4007-9886-BE00708B9165}.Sandbox|Any CPU.Build.0 = Sandbox|Any CPU
		{051C79A8-7FEE-4007-9886-BE00708B9165}.Test|Any CPU.ActiveCfg = Test|Any CPU
		{051C79A8-7FEE-4007-9886-BE00708B9165}.Test|Any CPU.Build.0 = Test|Any CPU
		{051C79A8-7FEE-4007-9886-BE00708B9165}.Training|Any CPU.ActiveCfg = Training|Any CPU
		{051C79A8-7FEE-4007-9886-BE00708B9165}.Training|Any CPU.Build.0 = Training|Any CPU
		{051C79A8-7FEE-4007-9886-BE00708B9165}.Validation|Any CPU.ActiveCfg = Validation|Any CPU
		{051C79A8-7FEE-4007-9886-BE00708B9165}.Validation|Any CPU.Build.0 = Validation|Any CPU
		{D7EA4561-6491-4CCC-BAFD-557CBC5274A7}.Debug|Any CPU.ActiveCfg = Debug|Any CPU
		{D7EA4561-6491-4CCC-BAFD-557CBC5274A7}.Debug|Any CPU.Build.0 = Debug|Any CPU
		{D7EA4561-6491-4CCC-BAFD-557CBC5274A7}.Pre|Any CPU.ActiveCfg = Release|Any CPU
		{D7EA4561-6491-4CCC-BAFD-557CBC5274A7}.Pre|Any CPU.Build.0 = Release|Any CPU
		{D7EA4561-6491-4CCC-BAFD-557CBC5274A7}.Pro|Any CPU.ActiveCfg = Release|Any CPU
		{D7EA4561-6491-4CCC-BAFD-557CBC5274A7}.Pro|Any CPU.Build.0 = Release|Any CPU
		{D7EA4561-6491-4CCC-BAFD-557CBC5274A7}.Prod|Any CPU.ActiveCfg = Release|Any CPU
		{D7EA4561-6491-4CCC-BAFD-557CBC5274A7}.Prod|Any CPU.Build.0 = Release|Any CPU
		{D7EA4561-6491-4CCC-BAFD-557CBC5274A7}.Release|Any CPU.ActiveCfg = Release|Any CPU
		{D7EA4561-6491-4CCC-BAFD-557CBC5274A7}.Release|Any CPU.Build.0 = Release|Any CPU
		{D7EA4561-6491-4CCC-BAFD-557CBC5274A7}.Sandbox|Any CPU.ActiveCfg = Release|Any CPU
		{D7EA4561-6491-4CCC-BAFD-557CBC5274A7}.Sandbox|Any CPU.Build.0 = Release|Any CPU
		{D7EA4561-6491-4CCC-BAFD-557CBC5274A7}.Test|Any CPU.ActiveCfg = Release|Any CPU
		{D7EA4561-6491-4CCC-BAFD-557CBC5274A7}.Test|Any CPU.Build.0 = Release|Any CPU
		{D7EA4561-6491-4CCC-BAFD-557CBC5274A7}.Training|Any CPU.ActiveCfg = Release|Any CPU
		{D7EA4561-6491-4CCC-BAFD-557CBC5274A7}.Training|Any CPU.Build.0 = Release|Any CPU
		{D7EA4561-6491-4CCC-BAFD-557CBC5274A7}.Validation|Any CPU.ActiveCfg = Release|Any CPU
		{D7EA4561-6491-4CCC-BAFD-557CBC5274A7}.Validation|Any CPU.Build.0 = Release|Any CPU
		{FB44E159-F0F7-45B3-9084-CC989EA79A65}.Debug|Any CPU.ActiveCfg = Debug|Any CPU
		{FB44E159-F0F7-45B3-9084-CC989EA79A65}.Debug|Any CPU.Build.0 = Debug|Any CPU
		{FB44E159-F0F7-45B3-9084-CC989EA79A65}.Pre|Any CPU.ActiveCfg = Pre|Any CPU
		{FB44E159-F0F7-45B3-9084-CC989EA79A65}.Pre|Any CPU.Build.0 = Pre|Any CPU
		{FB44E159-F0F7-45B3-9084-CC989EA79A65}.Pro|Any CPU.ActiveCfg = Pro|Any CPU
		{FB44E159-F0F7-45B3-9084-CC989EA79A65}.Pro|Any CPU.Build.0 = Pro|Any CPU
		{FB44E159-F0F7-45B3-9084-CC989EA79A65}.Prod|Any CPU.ActiveCfg = Pro|Any CPU
		{FB44E159-F0F7-45B3-9084-CC989EA79A65}.Prod|Any CPU.Build.0 = Pro|Any CPU
		{FB44E159-F0F7-45B3-9084-CC989EA79A65}.Release|Any CPU.ActiveCfg = Release|Any CPU
		{FB44E159-F0F7-45B3-9084-CC989EA79A65}.Release|Any CPU.Build.0 = Release|Any CPU
		{FB44E159-F0F7-45B3-9084-CC989EA79A65}.Sandbox|Any CPU.ActiveCfg = Sandbox|Any CPU
		{FB44E159-F0F7-45B3-9084-CC989EA79A65}.Sandbox|Any CPU.Build.0 = Sandbox|Any CPU
		{FB44E159-F0F7-45B3-9084-CC989EA79A65}.Test|Any CPU.ActiveCfg = Test|Any CPU
		{FB44E159-F0F7-45B3-9084-CC989EA79A65}.Test|Any CPU.Build.0 = Test|Any CPU
		{FB44E159-F0F7-45B3-9084-CC989EA79A65}.Training|Any CPU.ActiveCfg = Training|Any CPU
		{FB44E159-F0F7-45B3-9084-CC989EA79A65}.Training|Any CPU.Build.0 = Training|Any CPU
		{FB44E159-F0F7-45B3-9084-CC989EA79A65}.Validation|Any CPU.ActiveCfg = Validation|Any CPU
		{FB44E159-F0F7-45B3-9084-CC989EA79A65}.Validation|Any CPU.Build.0 = Validation|Any CPU
		{9801ED7E-7C5A-401F-BBB5-DC741B6291B7}.Debug|Any CPU.ActiveCfg = Debug|Any CPU
		{9801ED7E-7C5A-401F-BBB5-DC741B6291B7}.Debug|Any CPU.Build.0 = Debug|Any CPU
		{9801ED7E-7C5A-401F-BBB5-DC741B6291B7}.Pre|Any CPU.ActiveCfg = Pre|Any CPU
		{9801ED7E-7C5A-401F-BBB5-DC741B6291B7}.Pre|Any CPU.Build.0 = Pre|Any CPU
		{9801ED7E-7C5A-401F-BBB5-DC741B6291B7}.Pro|Any CPU.ActiveCfg = Pro|Any CPU
		{9801ED7E-7C5A-401F-BBB5-DC741B6291B7}.Pro|Any CPU.Build.0 = Pro|Any CPU
		{9801ED7E-7C5A-401F-BBB5-DC741B6291B7}.Prod|Any CPU.ActiveCfg = Pro|Any CPU
		{9801ED7E-7C5A-401F-BBB5-DC741B6291B7}.Prod|Any CPU.Build.0 = Pro|Any CPU
		{9801ED7E-7C5A-401F-BBB5-DC741B6291B7}.Release|Any CPU.ActiveCfg = Release|Any CPU
		{9801ED7E-7C5A-401F-BBB5-DC741B6291B7}.Release|Any CPU.Build.0 = Release|Any CPU
		{9801ED7E-7C5A-401F-BBB5-DC741B6291B7}.Sandbox|Any CPU.ActiveCfg = Sandbox|Any CPU
		{9801ED7E-7C5A-401F-BBB5-DC741B6291B7}.Sandbox|Any CPU.Build.0 = Sandbox|Any CPU
		{9801ED7E-7C5A-401F-BBB5-DC741B6291B7}.Test|Any CPU.ActiveCfg = Test|Any CPU
		{9801ED7E-7C5A-401F-BBB5-DC741B6291B7}.Test|Any CPU.Build.0 = Test|Any CPU
		{9801ED7E-7C5A-401F-BBB5-DC741B6291B7}.Training|Any CPU.ActiveCfg = Training|Any CPU
		{9801ED7E-7C5A-401F-BBB5-DC741B6291B7}.Training|Any CPU.Build.0 = Training|Any CPU
		{9801ED7E-7C5A-401F-BBB5-DC741B6291B7}.Validation|Any CPU.ActiveCfg = Validation|Any CPU
		{9801ED7E-7C5A-401F-BBB5-DC741B6291B7}.Validation|Any CPU.Build.0 = Validation|Any CPU
		{4F2FC341-97BA-44EF-BE0C-8EAE3962AED9}.Debug|Any CPU.ActiveCfg = Debug|Any CPU
		{4F2FC341-97BA-44EF-BE0C-8EAE3962AED9}.Debug|Any CPU.Build.0 = Debug|Any CPU
		{4F2FC341-97BA-44EF-BE0C-8EAE3962AED9}.Pre|Any CPU.ActiveCfg = Pre|Any CPU
		{4F2FC341-97BA-44EF-BE0C-8EAE3962AED9}.Pre|Any CPU.Build.0 = Pre|Any CPU
		{4F2FC341-97BA-44EF-BE0C-8EAE3962AED9}.Pro|Any CPU.ActiveCfg = Pro|Any CPU
		{4F2FC341-97BA-44EF-BE0C-8EAE3962AED9}.Pro|Any CPU.Build.0 = Pro|Any CPU
		{4F2FC341-97BA-44EF-BE0C-8EAE3962AED9}.Prod|Any CPU.ActiveCfg = Pro|Any CPU
		{4F2FC341-97BA-44EF-BE0C-8EAE3962AED9}.Prod|Any CPU.Build.0 = Pro|Any CPU
		{4F2FC341-97BA-44EF-BE0C-8EAE3962AED9}.Release|Any CPU.ActiveCfg = Release|Any CPU
		{4F2FC341-97BA-44EF-BE0C-8EAE3962AED9}.Release|Any CPU.Build.0 = Release|Any CPU
		{4F2FC341-97BA-44EF-BE0C-8EAE3962AED9}.Sandbox|Any CPU.ActiveCfg = Sandbox|Any CPU
		{4F2FC341-97BA-44EF-BE0C-8EAE3962AED9}.Sandbox|Any CPU.Build.0 = Sandbox|Any CPU
		{4F2FC341-97BA-44EF-BE0C-8EAE3962AED9}.Test|Any CPU.ActiveCfg = Test|Any CPU
		{4F2FC341-97BA-44EF-BE0C-8EAE3962AED9}.Test|Any CPU.Build.0 = Test|Any CPU
		{4F2FC341-97BA-44EF-BE0C-8EAE3962AED9}.Training|Any CPU.ActiveCfg = Training|Any CPU
		{4F2FC341-97BA-44EF-BE0C-8EAE3962AED9}.Training|Any CPU.Build.0 = Training|Any CPU
		{4F2FC341-97BA-44EF-BE0C-8EAE3962AED9}.Validation|Any CPU.ActiveCfg = Validation|Any CPU
		{4F2FC341-97BA-44EF-BE0C-8EAE3962AED9}.Validation|Any CPU.Build.0 = Validation|Any CPU
	EndGlobalSection
	GlobalSection(SolutionProperties) = preSolution
		HideSolutionNode = FALSE
	EndGlobalSection
	GlobalSection(NestedProjects) = preSolution
		{CF147E43-853D-4CA5-AEB3-C2C07846BF1F} = {EB90CF31-43A0-407E-8988-A010F4537EAB}
		{051C79A8-7FEE-4007-9886-BE00708B9165} = {EB90CF31-43A0-407E-8988-A010F4537EAB}
		{D7EA4561-6491-4CCC-BAFD-557CBC5274A7} = {F9FC1988-DB7E-4629-BD18-59B81388FC5A}
		{FB44E159-F0F7-45B3-9084-CC989EA79A65} = {F9FC1988-DB7E-4629-BD18-59B81388FC5A}
		{9801ED7E-7C5A-401F-BBB5-DC741B6291B7} = {D65F1D5C-ED0C-4914-83C0-89A5FD3B2416}
	EndGlobalSection
	GlobalSection(TeamFoundationVersionControl) = preSolution
		SccNumberOfProjects = 8
		SccEnterpriseProvider = {4CA58AB2-18FA-4F8D-95D4-32DDF27D184C}
		SccTeamFoundationServer = http://fctfs1:8080/tfs/colab
		SccProjectUniqueName0 = Server\\Worker\\NotificationServer.Azure.csproj
		SccProjectName0 = Server/Worker
		SccLocalPath0 = Server\\Worker
		SccProjectUniqueName1 = ..\\..\\1-Core\\Common\\Contract\\NotificationServer.Contract.csproj
		SccProjectTopLevelParentUniqueName1 = Facture.Notification.Azure.sln
		SccProjectName1 = ../../1-Core/Common/Contract
		SccLocalPath1 = ..\\..\\1-Core\\Common\\Contract
		SccProjectUniqueName2 = ..\\..\\1-Core\\Common\\Core\\NotificationServer.Core.csproj
		SccProjectTopLevelParentUniqueName2 = Facture.Notification.Azure.sln
		SccProjectName2 = ../../1-Core/Common/Core
		SccLocalPath2 = ..\\..\\1-Core\\Common\\Core
		SccProjectUniqueName3 = ..\\..\\2-Senders\\Mail\\NotificationServer.Senders.Mail.csproj
		SccProjectTopLevelParentUniqueName3 = Facture.Notification.Azure.sln
		SccProjectName3 = ../../2-Senders/Mail
		SccLocalPath3 = ..\\..\\2-Senders\\Mail
		SccProjectUniqueName4 = ..\\..\\2-Senders\\SendGrid\\NotificationServer.Senders.SendGrid.csproj
		SccProjectTopLevelParentUniqueName4 = Facture.Notification.Azure.sln
		SccProjectName4 = ../../2-Senders/SendGrid
		SccLocalPath4 = ..\\..\\2-Senders\\SendGrid
		SccProjectUniqueName5 = ..\\..\\Old\\ServiceProvider\\Provider.PuertoBahia\\NotificationServer.Provider.PuertoBahia.csproj
		SccProjectTopLevelParentUniqueName5 = Facture.Notification.Azure.sln
		SccProjectName5 = ../../Old/ServiceProvider/Provider.PuertoBahia
		SccLocalPath5 = ..\\..\\Old\\ServiceProvider\\Provider.PuertoBahia
		SccProjectUniqueName6 = Server\\CloudService\\Facture.NotificationServer.ccproj
		SccProjectName6 = Server/CloudService
		SccLocalPath6 = Server\\CloudService
		SccLocalPath7 = .
	EndGlobalSection
EndGlobal
