
Microsoft Visual Studio Solution File, Format Version 12.00
# Visual Studio 14
VisualStudioVersion = 14.0.25420.1
MinimumVisualStudioVersion = 10.0.40219.1
Project("{CC5FD16D-436D-48AD-A40C-5A424C6E3E79}") = "Facture.NotificationServer", "Hosts\Azure\Server\CloudService\Facture.NotificationServer.ccproj", "{4F2FC341-97BA-44EF-BE0C-8EAE3962AED9}"
EndProject
Project("{FAE04EC0-301F-11D3-BF4B-00C04F79EFBC}") = "NotificationServer.Azure", "Hosts\Azure\Server\Worker\NotificationServer.Azure.csproj", "{ABF67309-FB49-4D1D-A7CD-3D376A240DA6}"
EndProject
Project("{FAE04EC0-301F-11D3-BF4B-00C04F79EFBC}") = "NotificationServer.Core", "Core\Common\Core\NotificationServer.Core.csproj", "{051C79A8-7FEE-4007-9886-BE00708B9165}"
EndProject
Project("{FAE04EC0-301F-11D3-BF4B-00C04F79EFBC}") = "NotificationServer.Contract", "Core\Common\Contract\NotificationServer.Contract.csproj", "{CF147E43-853D-4CA5-AEB3-C2C07846BF1F}"
EndProject
Project("{FAE04EC0-301F-11D3-BF4B-00C04F79EFBC}") = "NotificationServer.Sender.Console.Test", "Senders\Test\Sender.Console.Test\NotificationServer.Sender.Console.Test.csproj", "{BEC19898-1C80-49C6-97E7-F7E5DBEC9204}"
EndProject
Project("{FAE04EC0-301F-11D3-BF4B-00C04F79EFBC}") = "NotificationServer.Senders.SendGrid", "Senders\SendGrid\NotificationServer.Senders.SendGrid.csproj", "{FB44E159-F0F7-45B3-9084-CC989EA79A65}"
EndProject
Project("{FAE04EC0-301F-11D3-BF4B-00C04F79EFBC}") = "NotificationServer.Client", "Clients\Client\NotificationServer.Client.csproj", "{42A877BA-16E5-4848-A40B-7D6810892CEE}"
EndProject
Project("{FAE04EC0-301F-11D3-BF4B-00C04F79EFBC}") = "NotificationServer.Windows", "Hosts\WindowsService\Server\Windows\NotificationServer.Windows.csproj", "{998E7A8F-2481-4A8A-84E9-4ABC5EE3EDCC}"
EndProject
Project("{FAE04EC0-301F-11D3-BF4B-00C04F79EFBC}") = "NotificationServer.Client.Providers.AzureStorageQueue", "Hosts\Azure\Client\NotificationServer.Client.Providers.AzureStorageQueue.csproj", "{820FEA1E-E161-4C41-9031-209170E68245}"
EndProject
Project("{FAE04EC0-301F-11D3-BF4B-00C04F79EFBC}") = "NotificationServer.Client.Providers.RhinoServiceBus", "Hosts\WindowsService\Client\Client.Providers.RhinoServiceBus\NotificationServer.Client.Providers.RhinoServiceBus.csproj", "{0911F932-9CE5-4B13-A4CE-AB0A94C06B2E}"
EndProject
Project("{FAE04EC0-301F-11D3-BF4B-00C04F79EFBC}") = "NotificationServer.Senders.Mail", "Senders\Mail\NotificationServer.Senders.Mail.csproj", "{D7EA4561-6491-4CCC-BAFD-557CBC5274A7}"
EndProject
Project("{FAE04EC0-301F-11D3-BF4B-00C04F79EFBC}") = "NotificationServer.Service", "Core\Common\Service\NotificationServer.Service.csproj", "{E7CB39E9-DC0F-4E9C-8AA8-CCCF22A4B3E1}"
EndProject
Project("{FAE04EC0-301F-11D3-BF4B-00C04F79EFBC}") = "NotificationServer.Service.SqlServer", "Core\Providers\SqlServer\NotificationServer.Service.SqlServer.csproj", "{9CF640BD-53EB-434D-8E33-7CD51188E0B2}"
EndProject
Project("{FAE04EC0-301F-11D3-BF4B-00C04F79EFBC}") = "NotificationServer.Service.Hangfire", "Core\Providers\ServiceProviders\Service.Hangfire\NotificationServer.Service.Hangfire.csproj", "{B11F17D5-1ECC-4E1F-BD83-9C5234FDF0C7}"
EndProject
Project("{FAE04EC0-301F-11D3-BF4B-00C04F79EFBC}") = "NotificationServer.Nancy", "Hosts\Api\Nancy\Bootstrapper\Nancy\NotificationServer.Nancy.csproj", "{18B4BA58-5B2A-4B1D-9DA9-F12F99BD642F}"
EndProject
Project("{FAE04EC0-301F-11D3-BF4B-00C04F79EFBC}") = "NotificationServer.Templating.Razor", "Core\Providers\Templating\Razor\NotificationServer.Templating.Razor.csproj", "{503442A1-FB8F-4B09-A2D2-BFD4BDDC7C88}"
EndProject
Project("{FAE04EC0-301F-11D3-BF4B-00C04F79EFBC}") = "NotificationServer.NancyHost.Asp", "Hosts\Api\Nancy\NancyHost.Asp\NotificationServer.NancyHost.Asp.csproj", "{887A8565-4A10-44C8-82EF-F2F2D1D2BFBF}"
EndProject
Project("{FAE04EC0-301F-11D3-BF4B-00C04F79EFBC}") = "NotificationServer.Senders.Rest", "Senders\Rest\NotificationServer.Senders.Rest.csproj", "{23F507FF-EDAE-4CEA-AD7F-17D5B4FDD61A}"
EndProject
Project("{FAE04EC0-301F-11D3-BF4B-00C04F79EFBC}") = "NotificationServer.Client.Providers.Rest", "Hosts\Api\Client\dev\Client.Providers.Rest\NotificationServer.Client.Providers.Rest.csproj", "{A6DBE38A-CB2F-4556-80A0-E5EE23A8BB1C}"
EndProject
Project("{FAE04EC0-301F-11D3-BF4B-00C04F79EFBC}") = "NotificationServer.Client.Rest.Tests", "Hosts\Api\Client\test\Sender.Rest.Tests\NotificationServer.Client.Rest.Tests.csproj", "{84A5E7BC-ED69-4FC9-A2EE-9BB769F3F84F}"
EndProject
Project("{FAE04EC0-301F-11D3-BF4B-00C04F79EFBC}") = "NotificationServer.Senders.Twitter", "Senders\Twitter\NotificationServer.Senders.Twitter.csproj", "{7369D7A1-0665-44EA-A515-83816006D666}"
EndProject
Project("{FAE04EC0-301F-11D3-BF4B-00C04F79EFBC}") = "NotificationServer.Senders.DnnCoreMessaging", "Senders\DnnCoreMessaging\NotificationServer.Senders.DnnCoreMessaging.csproj", "{6DF2D2BE-9139-43E8-9F68-AD4FDB630F56}"
EndProject
Project("{FAE04EC0-301F-11D3-BF4B-00C04F79EFBC}") = "NotificationServer.Service.JWT", "Core\Providers\ServiceProviders\Service.JWT\NotificationServer.Service.JWT.csproj", "{C18CEF52-BEBB-423F-B985-7A6EB80AA004}"
EndProject
Project("{FAE04EC0-301F-11D3-BF4B-00C04F79EFBC}") = "NotificationServer.Senders.Amazon", "Senders\Amazon\Senders.Amazon\NotificationServer.Senders.Amazon.csproj", "{728781D2-86F1-4BA5-8322-B954D582F76B}"
EndProject
Project("{FAE04EC0-301F-11D3-BF4B-00C04F79EFBC}") = "NotificationServer.Senders.Dian", "Senders\Dian\dev\Senders.Dian\NotificationServer.Senders.Dian.csproj", "{D2C7E249-F2BF-45A6-8918-A919B13690B4}"
EndProject
Project("{FAE04EC0-301F-11D3-BF4B-00C04F79EFBC}") = "NotificationServer.Interceptors.CoreInterceptors", "Core\Interceptors\Interceptors.CoreInterceptors\NotificationServer.Interceptors.CoreInterceptors.csproj", "{CC4C79BA-2C21-4671-8741-8004F3452840}"
EndProject
Project("{FAE04EC0-301F-11D3-BF4B-00C04F79EFBC}") = "NotificationServer.Config", "Core\Common\Config\NotificationServer.Config.csproj", "{8335CE02-42AF-43FF-A6E2-EC87115A292C}"
EndProject
Project("{FAE04EC0-301F-11D3-BF4B-00C04F79EFBC}") = "NotificationServer.Senders.DianTests", "Senders\Dian\test\Senders.DianTests\NotificationServer.Senders.DianTests.csproj", "{65235E06-CAB5-413C-A776-63F029FEC4E7}"
EndProject
Project("{2150E338-0000-0000-0000-000000000000}") = "Pendings", "Pendings", "{A6BEA4EA-4E67-46A9-A738-48218864959D}"
EndProject
Project("{2150E338-0000-0000-0000-000000000000}") = "WindowsService", "WindowsService", "{9CB651E8-26EE-4D87-9F18-13AAD7C88FEA}"
EndProject
Project("{2150E338-0000-0000-0000-000000000000}") = "Notification-5Azure-Deploy", "Notification-5Azure-Deploy", "{08F33605-C6AB-44FB-807B-5498EF81AB7E}"
EndProject
Project("{2150E338-0000-0000-0000-000000000000}") = "Notification-5Api-Deploy", "Notification-5Api-Deploy", "{B26BFE8B-7EE6-4F9E-9FDC-8BEEA14D01FE}"
EndProject
Project("{2150E338-0000-0000-0000-000000000000}") = "Notification-1Core", "Notification-1Core", "{51E9B5EE-D43A-4ACE-A166-C9536E876538}"
EndProject
Project("{2150E338-0000-0000-0000-000000000000}") = "Notification-2Senders", "Notification-2Senders", "{8A550FA9-08AB-4E47-B8AC-7A0382900E13}"
EndProject
Project("{2150E338-0000-0000-0000-000000000000}") = "Notification.Hosts-Azure", "Notification.Hosts-Azure", "{CB76B1B5-042F-40FC-9C75-3E6A4EE00EE4}"
EndProject
Project("{FAE04EC0-301F-11D3-BF4B-00C04F79EFBC}") = "NotificationServer.Senders.SPRC", "Senders\SPRC\NotificationServer.Senders.SPRC.csproj", "{ADDFD99C-02DA-42AF-8431-9C73EEF39623}"
EndProject
Project("{FAE04EC0-301F-11D3-BF4B-00C04F79EFBC}") = "NotificationServer.Senders.SPRC.Tests", "Senders\Test\SPRC.Tests\NotificationServer.Senders.SPRC.Tests.csproj", "{45C26DFB-C0E9-48D4-A54E-94BFDA34CF33}"
EndProject
Project("{FAE04EC0-301F-11D3-BF4B-00C04F79EFBC}") = "NotificationServer.Service.Hangfire.Worker", "Core\Providers\ServiceProviders\Service.Hangfire.Worker\NotificationServer.Service.Hangfire.Worker.csproj", "{481A8303-DE78-4170-9FB8-7F31492033DC}"
EndProject
Project("{FAE04EC0-301F-11D3-BF4B-00C04F79EFBC}") = "NotificationServer.Senders.CSScript", "Senders\Senders.CSScript\NotificationServer.Senders.CSScript.csproj", "{6D7B371E-83B2-4D03-BA30-B7843A956973}"
EndProject
Project("{FAE04EC0-301F-11D3-BF4B-00C04F79EFBC}") = "NotificationServer.Senders.Powershell", "Senders\Senders.Powershell\NotificationServer.Senders.Powershell.csproj", "{0869F23E-7E08-4BC9-8032-C1FD95765ECB}"
EndProject
Project("{FAE04EC0-301F-11D3-BF4B-00C04F79EFBC}") = "NotificationServer.Service.TableStorage", "Core\Providers\TableStorage\NotificationServer.Service.TableStorage.csproj", "{8F23C8BE-A813-4B09-A8A6-45D6DEE3E9DA}"
EndProject
Project("{FAE04EC0-301F-11D3-BF4B-00C04F79EFBC}") = "NotificationServer.Senders.EventHubs", "Senders\EventHubs\NotificationServer.Senders.EventHubs.csproj", "{AF775A66-DC7C-4542-A5E9-1998495D8958}"
EndProject
Global
	GlobalSection(SolutionConfigurationPlatforms) = preSolution
		Debug|Any CPU = Debug|Any CPU
		Pre|Any CPU = Pre|Any CPU
		Pro|Any CPU = Pro|Any CPU
		Prod|Any CPU = Prod|Any CPU
		Release|Any CPU = Release|Any CPU
		Sandbox|Any CPU = Sandbox|Any CPU
		Test|Any CPU = Test|Any CPU
		Training|Any CPU = Training|Any CPU
		Validation|Any CPU = Validation|Any CPU
	EndGlobalSection
	GlobalSection(ProjectConfigurationPlatforms) = postSolution
		{4F2FC341-97BA-44EF-BE0C-8EAE3962AED9}.Debug|Any CPU.ActiveCfg = Debug|Any CPU
		{4F2FC341-97BA-44EF-BE0C-8EAE3962AED9}.Debug|Any CPU.Build.0 = Debug|Any CPU
		{4F2FC341-97BA-44EF-BE0C-8EAE3962AED9}.Pre|Any CPU.ActiveCfg = Pre|Any CPU
		{4F2FC341-97BA-44EF-BE0C-8EAE3962AED9}.Pre|Any CPU.Build.0 = Pre|Any CPU
		{4F2FC341-97BA-44EF-BE0C-8EAE3962AED9}.Pro|Any CPU.ActiveCfg = Pro|Any CPU
		{4F2FC341-97BA-44EF-BE0C-8EAE3962AED9}.Pro|Any CPU.Build.0 = Pro|Any CPU
		{4F2FC341-97BA-44EF-BE0C-8EAE3962AED9}.Prod|Any CPU.ActiveCfg = Pro|Any CPU
		{4F2FC341-97BA-44EF-BE0C-8EAE3962AED9}.Prod|Any CPU.Build.0 = Pro|Any CPU
		{4F2FC341-97BA-44EF-BE0C-8EAE3962AED9}.Release|Any CPU.ActiveCfg = Release|Any CPU
		{4F2FC341-97BA-44EF-BE0C-8EAE3962AED9}.Release|Any CPU.Build.0 = Release|Any CPU
		{4F2FC341-97BA-44EF-BE0C-8EAE3962AED9}.Sandbox|Any CPU.ActiveCfg = Sandbox|Any CPU
		{4F2FC341-97BA-44EF-BE0C-8EAE3962AED9}.Sandbox|Any CPU.Build.0 = Sandbox|Any CPU
		{4F2FC341-97BA-44EF-BE0C-8EAE3962AED9}.Test|Any CPU.ActiveCfg = Test|Any CPU
		{4F2FC341-97BA-44EF-BE0C-8EAE3962AED9}.Test|Any CPU.Build.0 = Test|Any CPU
		{4F2FC341-97BA-44EF-BE0C-8EAE3962AED9}.Training|Any CPU.ActiveCfg = Training|Any CPU
		{4F2FC341-97BA-44EF-BE0C-8EAE3962AED9}.Training|Any CPU.Build.0 = Training|Any CPU
		{4F2FC341-97BA-44EF-BE0C-8EAE3962AED9}.Validation|Any CPU.ActiveCfg = Validation|Any CPU
		{4F2FC341-97BA-44EF-BE0C-8EAE3962AED9}.Validation|Any CPU.Build.0 = Validation|Any CPU
		{ABF67309-FB49-4D1D-A7CD-3D376A240DA6}.Debug|Any CPU.ActiveCfg = Debug|Any CPU
		{ABF67309-FB49-4D1D-A7CD-3D376A240DA6}.Debug|Any CPU.Build.0 = Debug|Any CPU
		{ABF67309-FB49-4D1D-A7CD-3D376A240DA6}.Pre|Any CPU.ActiveCfg = Pre|Any CPU
		{ABF67309-FB49-4D1D-A7CD-3D376A240DA6}.Pre|Any CPU.Build.0 = Pre|Any CPU
		{ABF67309-FB49-4D1D-A7CD-3D376A240DA6}.Pro|Any CPU.ActiveCfg = Pro|Any CPU
		{ABF67309-FB49-4D1D-A7CD-3D376A240DA6}.Pro|Any CPU.Build.0 = Pro|Any CPU
		{ABF67309-FB49-4D1D-A7CD-3D376A240DA6}.Prod|Any CPU.ActiveCfg = Prod|Any CPU
		{ABF67309-FB49-4D1D-A7CD-3D376A240DA6}.Prod|Any CPU.Build.0 = Prod|Any CPU
		{ABF67309-FB49-4D1D-A7CD-3D376A240DA6}.Release|Any CPU.ActiveCfg = Release|Any CPU
		{ABF67309-FB49-4D1D-A7CD-3D376A240DA6}.Release|Any CPU.Build.0 = Release|Any CPU
		{ABF67309-FB49-4D1D-A7CD-3D376A240DA6}.Sandbox|Any CPU.ActiveCfg = Sandbox|Any CPU
		{ABF67309-FB49-4D1D-A7CD-3D376A240DA6}.Sandbox|Any CPU.Build.0 = Sandbox|Any CPU
		{ABF67309-FB49-4D1D-A7CD-3D376A240DA6}.Test|Any CPU.ActiveCfg = Test|Any CPU
		{ABF67309-FB49-4D1D-A7CD-3D376A240DA6}.Test|Any CPU.Build.0 = Test|Any CPU
		{ABF67309-FB49-4D1D-A7CD-3D376A240DA6}.Training|Any CPU.ActiveCfg = Training|Any CPU
		{ABF67309-FB49-4D1D-A7CD-3D376A240DA6}.Training|Any CPU.Build.0 = Training|Any CPU
		{ABF67309-FB49-4D1D-A7CD-3D376A240DA6}.Validation|Any CPU.ActiveCfg = Prod|Any CPU
		{ABF67309-FB49-4D1D-A7CD-3D376A240DA6}.Validation|Any CPU.Build.0 = Prod|Any CPU
		{051C79A8-7FEE-4007-9886-BE00708B9165}.Debug|Any CPU.ActiveCfg = Debug|Any CPU
		{051C79A8-7FEE-4007-9886-BE00708B9165}.Debug|Any CPU.Build.0 = Debug|Any CPU
		{051C79A8-7FEE-4007-9886-BE00708B9165}.Pre|Any CPU.ActiveCfg = Pre|Any CPU
		{051C79A8-7FEE-4007-9886-BE00708B9165}.Pre|Any CPU.Build.0 = Pre|Any CPU
		{051C79A8-7FEE-4007-9886-BE00708B9165}.Pro|Any CPU.ActiveCfg = Pro|Any CPU
		{051C79A8-7FEE-4007-9886-BE00708B9165}.Pro|Any CPU.Build.0 = Pro|Any CPU
		{051C79A8-7FEE-4007-9886-BE00708B9165}.Prod|Any CPU.ActiveCfg = Pro|Any CPU
		{051C79A8-7FEE-4007-9886-BE00708B9165}.Prod|Any CPU.Build.0 = Pro|Any CPU
		{051C79A8-7FEE-4007-9886-BE00708B9165}.Release|Any CPU.ActiveCfg = Release|Any CPU
		{051C79A8-7FEE-4007-9886-BE00708B9165}.Release|Any CPU.Build.0 = Release|Any CPU
		{051C79A8-7FEE-4007-9886-BE00708B9165}.Sandbox|Any CPU.ActiveCfg = Release|Any CPU
		{051C79A8-7FEE-4007-9886-BE00708B9165}.Sandbox|Any CPU.Build.0 = Release|Any CPU
		{051C79A8-7FEE-4007-9886-BE00708B9165}.Test|Any CPU.ActiveCfg = Release|Any CPU
		{051C79A8-7FEE-4007-9886-BE00708B9165}.Test|Any CPU.Build.0 = Release|Any CPU
		{051C79A8-7FEE-4007-9886-BE00708B9165}.Training|Any CPU.ActiveCfg = Training|Any CPU
		{051C79A8-7FEE-4007-9886-BE00708B9165}.Training|Any CPU.Build.0 = Training|Any CPU
		{051C79A8-7FEE-4007-9886-BE00708B9165}.Validation|Any CPU.ActiveCfg = Validation|Any CPU
		{051C79A8-7FEE-4007-9886-BE00708B9165}.Validation|Any CPU.Build.0 = Validation|Any CPU
		{CF147E43-853D-4CA5-AEB3-C2C07846BF1F}.Debug|Any CPU.ActiveCfg = Debug|Any CPU
		{CF147E43-853D-4CA5-AEB3-C2C07846BF1F}.Debug|Any CPU.Build.0 = Debug|Any CPU
		{CF147E43-853D-4CA5-AEB3-C2C07846BF1F}.Pre|Any CPU.ActiveCfg = Pre|Any CPU
		{CF147E43-853D-4CA5-AEB3-C2C07846BF1F}.Pre|Any CPU.Build.0 = Pre|Any CPU
		{CF147E43-853D-4CA5-AEB3-C2C07846BF1F}.Pro|Any CPU.ActiveCfg = Pro|Any CPU
		{CF147E43-853D-4CA5-AEB3-C2C07846BF1F}.Pro|Any CPU.Build.0 = Pro|Any CPU
		{CF147E43-853D-4CA5-AEB3-C2C07846BF1F}.Prod|Any CPU.ActiveCfg = Pro|Any CPU
		{CF147E43-853D-4CA5-AEB3-C2C07846BF1F}.Prod|Any CPU.Build.0 = Pro|Any CPU
		{CF147E43-853D-4CA5-AEB3-C2C07846BF1F}.Release|Any CPU.ActiveCfg = Release|Any CPU
		{CF147E43-853D-4CA5-AEB3-C2C07846BF1F}.Release|Any CPU.Build.0 = Release|Any CPU
		{CF147E43-853D-4CA5-AEB3-C2C07846BF1F}.Sandbox|Any CPU.ActiveCfg = Sandbox|Any CPU
		{CF147E43-853D-4CA5-AEB3-C2C07846BF1F}.Sandbox|Any CPU.Build.0 = Sandbox|Any CPU
		{CF147E43-853D-4CA5-AEB3-C2C07846BF1F}.Test|Any CPU.ActiveCfg = Test|Any CPU
		{CF147E43-853D-4CA5-AEB3-C2C07846BF1F}.Test|Any CPU.Build.0 = Test|Any CPU
		{CF147E43-853D-4CA5-AEB3-C2C07846BF1F}.Training|Any CPU.ActiveCfg = Training|Any CPU
		{CF147E43-853D-4CA5-AEB3-C2C07846BF1F}.Training|Any CPU.Build.0 = Training|Any CPU
		{CF147E43-853D-4CA5-AEB3-C2C07846BF1F}.Validation|Any CPU.ActiveCfg = Validation|Any CPU
		{CF147E43-853D-4CA5-AEB3-C2C07846BF1F}.Validation|Any CPU.Build.0 = Validation|Any CPU
		{BEC19898-1C80-49C6-97E7-F7E5DBEC9204}.Debug|Any CPU.ActiveCfg = Debug|Any CPU
		{BEC19898-1C80-49C6-97E7-F7E5DBEC9204}.Debug|Any CPU.Build.0 = Debug|Any CPU
		{BEC19898-1C80-49C6-97E7-F7E5DBEC9204}.Pre|Any CPU.ActiveCfg = Pre|Any CPU
		{BEC19898-1C80-49C6-97E7-F7E5DBEC9204}.Pre|Any CPU.Build.0 = Pre|Any CPU
		{BEC19898-1C80-49C6-97E7-F7E5DBEC9204}.Pro|Any CPU.ActiveCfg = Pro|Any CPU
		{BEC19898-1C80-49C6-97E7-F7E5DBEC9204}.Pro|Any CPU.Build.0 = Pro|Any CPU
		{BEC19898-1C80-49C6-97E7-F7E5DBEC9204}.Prod|Any CPU.ActiveCfg = Pro|Any CPU
		{BEC19898-1C80-49C6-97E7-F7E5DBEC9204}.Prod|Any CPU.Build.0 = Pro|Any CPU
		{BEC19898-1C80-49C6-97E7-F7E5DBEC9204}.Release|Any CPU.ActiveCfg = Release|Any CPU
		{BEC19898-1C80-49C6-97E7-F7E5DBEC9204}.Release|Any CPU.Build.0 = Release|Any CPU
		{BEC19898-1C80-49C6-97E7-F7E5DBEC9204}.Sandbox|Any CPU.ActiveCfg = Sandbox|Any CPU
		{BEC19898-1C80-49C6-97E7-F7E5DBEC9204}.Sandbox|Any CPU.Build.0 = Sandbox|Any CPU
		{BEC19898-1C80-49C6-97E7-F7E5DBEC9204}.Test|Any CPU.ActiveCfg = Test|Any CPU
		{BEC19898-1C80-49C6-97E7-F7E5DBEC9204}.Test|Any CPU.Build.0 = Test|Any CPU
		{BEC19898-1C80-49C6-97E7-F7E5DBEC9204}.Training|Any CPU.ActiveCfg = Training|Any CPU
		{BEC19898-1C80-49C6-97E7-F7E5DBEC9204}.Training|Any CPU.Build.0 = Training|Any CPU
		{BEC19898-1C80-49C6-97E7-F7E5DBEC9204}.Validation|Any CPU.ActiveCfg = Validation|Any CPU
		{BEC19898-1C80-49C6-97E7-F7E5DBEC9204}.Validation|Any CPU.Build.0 = Validation|Any CPU
		{FB44E159-F0F7-45B3-9084-CC989EA79A65}.Debug|Any CPU.ActiveCfg = Debug|Any CPU
		{FB44E159-F0F7-45B3-9084-CC989EA79A65}.Debug|Any CPU.Build.0 = Debug|Any CPU
		{FB44E159-F0F7-45B3-9084-CC989EA79A65}.Pre|Any CPU.ActiveCfg = Pre|Any CPU
		{FB44E159-F0F7-45B3-9084-CC989EA79A65}.Pre|Any CPU.Build.0 = Pre|Any CPU
		{FB44E159-F0F7-45B3-9084-CC989EA79A65}.Pro|Any CPU.ActiveCfg = Pro|Any CPU
		{FB44E159-F0F7-45B3-9084-CC989EA79A65}.Pro|Any CPU.Build.0 = Pro|Any CPU
		{FB44E159-F0F7-45B3-9084-CC989EA79A65}.Prod|Any CPU.ActiveCfg = Pro|Any CPU
		{FB44E159-F0F7-45B3-9084-CC989EA79A65}.Prod|Any CPU.Build.0 = Pro|Any CPU
		{FB44E159-F0F7-45B3-9084-CC989EA79A65}.Release|Any CPU.ActiveCfg = Release|Any CPU
		{FB44E159-F0F7-45B3-9084-CC989EA79A65}.Release|Any CPU.Build.0 = Release|Any CPU
		{FB44E159-F0F7-45B3-9084-CC989EA79A65}.Sandbox|Any CPU.ActiveCfg = Sandbox|Any CPU
		{FB44E159-F0F7-45B3-9084-CC989EA79A65}.Sandbox|Any CPU.Build.0 = Sandbox|Any CPU
		{FB44E159-F0F7-45B3-9084-CC989EA79A65}.Test|Any CPU.ActiveCfg = Test|Any CPU
		{FB44E159-F0F7-45B3-9084-CC989EA79A65}.Test|Any CPU.Build.0 = Test|Any CPU
		{FB44E159-F0F7-45B3-9084-CC989EA79A65}.Training|Any CPU.ActiveCfg = Training|Any CPU
		{FB44E159-F0F7-45B3-9084-CC989EA79A65}.Training|Any CPU.Build.0 = Training|Any CPU
		{FB44E159-F0F7-45B3-9084-CC989EA79A65}.Validation|Any CPU.ActiveCfg = Validation|Any CPU
		{FB44E159-F0F7-45B3-9084-CC989EA79A65}.Validation|Any CPU.Build.0 = Validation|Any CPU
		{42A877BA-16E5-4848-A40B-7D6810892CEE}.Debug|Any CPU.ActiveCfg = Debug|Any CPU
		{42A877BA-16E5-4848-A40B-7D6810892CEE}.Debug|Any CPU.Build.0 = Debug|Any CPU
		{42A877BA-16E5-4848-A40B-7D6810892CEE}.Pre|Any CPU.ActiveCfg = Pre|Any CPU
		{42A877BA-16E5-4848-A40B-7D6810892CEE}.Pre|Any CPU.Build.0 = Pre|Any CPU
		{42A877BA-16E5-4848-A40B-7D6810892CEE}.Pro|Any CPU.ActiveCfg = Pro|Any CPU
		{42A877BA-16E5-4848-A40B-7D6810892CEE}.Pro|Any CPU.Build.0 = Pro|Any CPU
		{42A877BA-16E5-4848-A40B-7D6810892CEE}.Prod|Any CPU.ActiveCfg = Pro|Any CPU
		{42A877BA-16E5-4848-A40B-7D6810892CEE}.Prod|Any CPU.Build.0 = Pro|Any CPU
		{42A877BA-16E5-4848-A40B-7D6810892CEE}.Release|Any CPU.ActiveCfg = Release|Any CPU
		{42A877BA-16E5-4848-A40B-7D6810892CEE}.Release|Any CPU.Build.0 = Release|Any CPU
		{42A877BA-16E5-4848-A40B-7D6810892CEE}.Sandbox|Any CPU.ActiveCfg = Release|Any CPU
		{42A877BA-16E5-4848-A40B-7D6810892CEE}.Sandbox|Any CPU.Build.0 = Release|Any CPU
		{42A877BA-16E5-4848-A40B-7D6810892CEE}.Test|Any CPU.ActiveCfg = Release|Any CPU
		{42A877BA-16E5-4848-A40B-7D6810892CEE}.Test|Any CPU.Build.0 = Release|Any CPU
		{42A877BA-16E5-4848-A40B-7D6810892CEE}.Training|Any CPU.ActiveCfg = Training|Any CPU
		{42A877BA-16E5-4848-A40B-7D6810892CEE}.Training|Any CPU.Build.0 = Training|Any CPU
		{42A877BA-16E5-4848-A40B-7D6810892CEE}.Validation|Any CPU.ActiveCfg = Validation|Any CPU
		{42A877BA-16E5-4848-A40B-7D6810892CEE}.Validation|Any CPU.Build.0 = Validation|Any CPU
		{998E7A8F-2481-4A8A-84E9-4ABC5EE3EDCC}.Debug|Any CPU.ActiveCfg = Debug|Any CPU
		{998E7A8F-2481-4A8A-84E9-4ABC5EE3EDCC}.Debug|Any CPU.Build.0 = Debug|Any CPU
		{998E7A8F-2481-4A8A-84E9-4ABC5EE3EDCC}.Pre|Any CPU.ActiveCfg = Pre|Any CPU
		{998E7A8F-2481-4A8A-84E9-4ABC5EE3EDCC}.Pre|Any CPU.Build.0 = Pre|Any CPU
		{998E7A8F-2481-4A8A-84E9-4ABC5EE3EDCC}.Pro|Any CPU.ActiveCfg = Pro|Any CPU
		{998E7A8F-2481-4A8A-84E9-4ABC5EE3EDCC}.Pro|Any CPU.Build.0 = Pro|Any CPU
		{998E7A8F-2481-4A8A-84E9-4ABC5EE3EDCC}.Prod|Any CPU.ActiveCfg = Pro|Any CPU
		{998E7A8F-2481-4A8A-84E9-4ABC5EE3EDCC}.Prod|Any CPU.Build.0 = Pro|Any CPU
		{998E7A8F-2481-4A8A-84E9-4ABC5EE3EDCC}.Release|Any CPU.ActiveCfg = Release|Any CPU
		{998E7A8F-2481-4A8A-84E9-4ABC5EE3EDCC}.Release|Any CPU.Build.0 = Release|Any CPU
		{998E7A8F-2481-4A8A-84E9-4ABC5EE3EDCC}.Sandbox|Any CPU.ActiveCfg = Sandbox|Any CPU
		{998E7A8F-2481-4A8A-84E9-4ABC5EE3EDCC}.Sandbox|Any CPU.Build.0 = Sandbox|Any CPU
		{998E7A8F-2481-4A8A-84E9-4ABC5EE3EDCC}.Test|Any CPU.ActiveCfg = Test|Any CPU
		{998E7A8F-2481-4A8A-84E9-4ABC5EE3EDCC}.Test|Any CPU.Build.0 = Test|Any CPU
		{998E7A8F-2481-4A8A-84E9-4ABC5EE3EDCC}.Training|Any CPU.ActiveCfg = Training|Any CPU
		{998E7A8F-2481-4A8A-84E9-4ABC5EE3EDCC}.Training|Any CPU.Build.0 = Training|Any CPU
		{998E7A8F-2481-4A8A-84E9-4ABC5EE3EDCC}.Validation|Any CPU.ActiveCfg = Validation|Any CPU
		{998E7A8F-2481-4A8A-84E9-4ABC5EE3EDCC}.Validation|Any CPU.Build.0 = Validation|Any CPU
		{820FEA1E-E161-4C41-9031-209170E68245}.Debug|Any CPU.ActiveCfg = Debug|Any CPU
		{820FEA1E-E161-4C41-9031-209170E68245}.Debug|Any CPU.Build.0 = Debug|Any CPU
		{820FEA1E-E161-4C41-9031-209170E68245}.Pre|Any CPU.ActiveCfg = Pre|Any CPU
		{820FEA1E-E161-4C41-9031-209170E68245}.Pre|Any CPU.Build.0 = Pre|Any CPU
		{820FEA1E-E161-4C41-9031-209170E68245}.Pro|Any CPU.ActiveCfg = Pro|Any CPU
		{820FEA1E-E161-4C41-9031-209170E68245}.Pro|Any CPU.Build.0 = Pro|Any CPU
		{820FEA1E-E161-4C41-9031-209170E68245}.Prod|Any CPU.ActiveCfg = Pro|Any CPU
		{820FEA1E-E161-4C41-9031-209170E68245}.Prod|Any CPU.Build.0 = Pro|Any CPU
		{820FEA1E-E161-4C41-9031-209170E68245}.Release|Any CPU.ActiveCfg = Release|Any CPU
		{820FEA1E-E161-4C41-9031-209170E68245}.Release|Any CPU.Build.0 = Release|Any CPU
		{820FEA1E-E161-4C41-9031-209170E68245}.Sandbox|Any CPU.ActiveCfg = Sandbox|Any CPU
		{820FEA1E-E161-4C41-9031-209170E68245}.Sandbox|Any CPU.Build.0 = Sandbox|Any CPU
		{820FEA1E-E161-4C41-9031-209170E68245}.Test|Any CPU.ActiveCfg = Test|Any CPU
		{820FEA1E-E161-4C41-9031-209170E68245}.Test|Any CPU.Build.0 = Test|Any CPU
		{820FEA1E-E161-4C41-9031-209170E68245}.Training|Any CPU.ActiveCfg = Training|Any CPU
		{820FEA1E-E161-4C41-9031-209170E68245}.Training|Any CPU.Build.0 = Training|Any CPU
		{820FEA1E-E161-4C41-9031-209170E68245}.Validation|Any CPU.ActiveCfg = Validation|Any CPU
		{820FEA1E-E161-4C41-9031-209170E68245}.Validation|Any CPU.Build.0 = Validation|Any CPU
		{0911F932-9CE5-4B13-A4CE-AB0A94C06B2E}.Debug|Any CPU.ActiveCfg = Debug|Any CPU
		{0911F932-9CE5-4B13-A4CE-AB0A94C06B2E}.Debug|Any CPU.Build.0 = Debug|Any CPU
		{0911F932-9CE5-4B13-A4CE-AB0A94C06B2E}.Pre|Any CPU.ActiveCfg = Pre|Any CPU
		{0911F932-9CE5-4B13-A4CE-AB0A94C06B2E}.Pre|Any CPU.Build.0 = Pre|Any CPU
		{0911F932-9CE5-4B13-A4CE-AB0A94C06B2E}.Pro|Any CPU.ActiveCfg = Pro|Any CPU
		{0911F932-9CE5-4B13-A4CE-AB0A94C06B2E}.Pro|Any CPU.Build.0 = Pro|Any CPU
		{0911F932-9CE5-4B13-A4CE-AB0A94C06B2E}.Prod|Any CPU.ActiveCfg = Pro|Any CPU
		{0911F932-9CE5-4B13-A4CE-AB0A94C06B2E}.Prod|Any CPU.Build.0 = Pro|Any CPU
		{0911F932-9CE5-4B13-A4CE-AB0A94C06B2E}.Release|Any CPU.ActiveCfg = Release|Any CPU
		{0911F932-9CE5-4B13-A4CE-AB0A94C06B2E}.Release|Any CPU.Build.0 = Release|Any CPU
		{0911F932-9CE5-4B13-A4CE-AB0A94C06B2E}.Sandbox|Any CPU.ActiveCfg = Sandbox|Any CPU
		{0911F932-9CE5-4B13-A4CE-AB0A94C06B2E}.Sandbox|Any CPU.Build.0 = Sandbox|Any CPU
		{0911F932-9CE5-4B13-A4CE-AB0A94C06B2E}.Test|Any CPU.ActiveCfg = Test|Any CPU
		{0911F932-9CE5-4B13-A4CE-AB0A94C06B2E}.Test|Any CPU.Build.0 = Test|Any CPU
		{0911F932-9CE5-4B13-A4CE-AB0A94C06B2E}.Training|Any CPU.ActiveCfg = Training|Any CPU
		{0911F932-9CE5-4B13-A4CE-AB0A94C06B2E}.Training|Any CPU.Build.0 = Training|Any CPU
		{0911F932-9CE5-4B13-A4CE-AB0A94C06B2E}.Validation|Any CPU.ActiveCfg = Validation|Any CPU
		{0911F932-9CE5-4B13-A4CE-AB0A94C06B2E}.Validation|Any CPU.Build.0 = Validation|Any CPU
		{D7EA4561-6491-4CCC-BAFD-557CBC5274A7}.Debug|Any CPU.ActiveCfg = Debug|Any CPU
		{D7EA4561-6491-4CCC-BAFD-557CBC5274A7}.Debug|Any CPU.Build.0 = Debug|Any CPU
		{D7EA4561-6491-4CCC-BAFD-557CBC5274A7}.Pre|Any CPU.ActiveCfg = Release|Any CPU
		{D7EA4561-6491-4CCC-BAFD-557CBC5274A7}.Pre|Any CPU.Build.0 = Release|Any CPU
		{D7EA4561-6491-4CCC-BAFD-557CBC5274A7}.Pro|Any CPU.ActiveCfg = Release|Any CPU
		{D7EA4561-6491-4CCC-BAFD-557CBC5274A7}.Pro|Any CPU.Build.0 = Release|Any CPU
		{D7EA4561-6491-4CCC-BAFD-557CBC5274A7}.Prod|Any CPU.ActiveCfg = Release|Any CPU
		{D7EA4561-6491-4CCC-BAFD-557CBC5274A7}.Prod|Any CPU.Build.0 = Release|Any CPU
		{D7EA4561-6491-4CCC-BAFD-557CBC5274A7}.Release|Any CPU.ActiveCfg = Release|Any CPU
		{D7EA4561-6491-4CCC-BAFD-557CBC5274A7}.Release|Any CPU.Build.0 = Release|Any CPU
		{D7EA4561-6491-4CCC-BAFD-557CBC5274A7}.Sandbox|Any CPU.ActiveCfg = Release|Any CPU
		{D7EA4561-6491-4CCC-BAFD-557CBC5274A7}.Sandbox|Any CPU.Build.0 = Release|Any CPU
		{D7EA4561-6491-4CCC-BAFD-557CBC5274A7}.Test|Any CPU.ActiveCfg = Release|Any CPU
		{D7EA4561-6491-4CCC-BAFD-557CBC5274A7}.Test|Any CPU.Build.0 = Release|Any CPU
		{D7EA4561-6491-4CCC-BAFD-557CBC5274A7}.Training|Any CPU.ActiveCfg = Release|Any CPU
		{D7EA4561-6491-4CCC-BAFD-557CBC5274A7}.Training|Any CPU.Build.0 = Release|Any CPU
		{D7EA4561-6491-4CCC-BAFD-557CBC5274A7}.Validation|Any CPU.ActiveCfg = Release|Any CPU
		{D7EA4561-6491-4CCC-BAFD-557CBC5274A7}.Validation|Any CPU.Build.0 = Release|Any CPU
		{E7CB39E9-DC0F-4E9C-8AA8-CCCF22A4B3E1}.Debug|Any CPU.ActiveCfg = Debug|Any CPU
		{E7CB39E9-DC0F-4E9C-8AA8-CCCF22A4B3E1}.Debug|Any CPU.Build.0 = Debug|Any CPU
		{E7CB39E9-DC0F-4E9C-8AA8-CCCF22A4B3E1}.Pre|Any CPU.ActiveCfg = Release|Any CPU
		{E7CB39E9-DC0F-4E9C-8AA8-CCCF22A4B3E1}.Pre|Any CPU.Build.0 = Release|Any CPU
		{E7CB39E9-DC0F-4E9C-8AA8-CCCF22A4B3E1}.Pro|Any CPU.ActiveCfg = Release|Any CPU
		{E7CB39E9-DC0F-4E9C-8AA8-CCCF22A4B3E1}.Pro|Any CPU.Build.0 = Release|Any CPU
		{E7CB39E9-DC0F-4E9C-8AA8-CCCF22A4B3E1}.Prod|Any CPU.ActiveCfg = Release|Any CPU
		{E7CB39E9-DC0F-4E9C-8AA8-CCCF22A4B3E1}.Prod|Any CPU.Build.0 = Release|Any CPU
		{E7CB39E9-DC0F-4E9C-8AA8-CCCF22A4B3E1}.Release|Any CPU.ActiveCfg = Release|Any CPU
		{E7CB39E9-DC0F-4E9C-8AA8-CCCF22A4B3E1}.Release|Any CPU.Build.0 = Release|Any CPU
		{E7CB39E9-DC0F-4E9C-8AA8-CCCF22A4B3E1}.Sandbox|Any CPU.ActiveCfg = Release|Any CPU
		{E7CB39E9-DC0F-4E9C-8AA8-CCCF22A4B3E1}.Sandbox|Any CPU.Build.0 = Release|Any CPU
		{E7CB39E9-DC0F-4E9C-8AA8-CCCF22A4B3E1}.Test|Any CPU.ActiveCfg = Release|Any CPU
		{E7CB39E9-DC0F-4E9C-8AA8-CCCF22A4B3E1}.Test|Any CPU.Build.0 = Release|Any CPU
		{E7CB39E9-DC0F-4E9C-8AA8-CCCF22A4B3E1}.Training|Any CPU.ActiveCfg = Release|Any CPU
		{E7CB39E9-DC0F-4E9C-8AA8-CCCF22A4B3E1}.Training|Any CPU.Build.0 = Release|Any CPU
		{E7CB39E9-DC0F-4E9C-8AA8-CCCF22A4B3E1}.Validation|Any CPU.ActiveCfg = Release|Any CPU
		{E7CB39E9-DC0F-4E9C-8AA8-CCCF22A4B3E1}.Validation|Any CPU.Build.0 = Release|Any CPU
		{9CF640BD-53EB-434D-8E33-7CD51188E0B2}.Debug|Any CPU.ActiveCfg = Debug|Any CPU
		{9CF640BD-53EB-434D-8E33-7CD51188E0B2}.Debug|Any CPU.Build.0 = Debug|Any CPU
		{9CF640BD-53EB-434D-8E33-7CD51188E0B2}.Pre|Any CPU.ActiveCfg = Release|Any CPU
		{9CF640BD-53EB-434D-8E33-7CD51188E0B2}.Pre|Any CPU.Build.0 = Release|Any CPU
		{9CF640BD-53EB-434D-8E33-7CD51188E0B2}.Pro|Any CPU.ActiveCfg = Release|Any CPU
		{9CF640BD-53EB-434D-8E33-7CD51188E0B2}.Pro|Any CPU.Build.0 = Release|Any CPU
		{9CF640BD-53EB-434D-8E33-7CD51188E0B2}.Prod|Any CPU.ActiveCfg = Release|Any CPU
		{9CF640BD-53EB-434D-8E33-7CD51188E0B2}.Prod|Any CPU.Build.0 = Release|Any CPU
		{9CF640BD-53EB-434D-8E33-7CD51188E0B2}.Release|Any CPU.ActiveCfg = Release|Any CPU
		{9CF640BD-53EB-434D-8E33-7CD51188E0B2}.Release|Any CPU.Build.0 = Release|Any CPU
		{9CF640BD-53EB-434D-8E33-7CD51188E0B2}.Sandbox|Any CPU.ActiveCfg = Release|Any CPU
		{9CF640BD-53EB-434D-8E33-7CD51188E0B2}.Sandbox|Any CPU.Build.0 = Release|Any CPU
		{9CF640BD-53EB-434D-8E33-7CD51188E0B2}.Test|Any CPU.ActiveCfg = Release|Any CPU
		{9CF640BD-53EB-434D-8E33-7CD51188E0B2}.Test|Any CPU.Build.0 = Release|Any CPU
		{9CF640BD-53EB-434D-8E33-7CD51188E0B2}.Training|Any CPU.ActiveCfg = Release|Any CPU
		{9CF640BD-53EB-434D-8E33-7CD51188E0B2}.Training|Any CPU.Build.0 = Release|Any CPU
		{9CF640BD-53EB-434D-8E33-7CD51188E0B2}.Validation|Any CPU.ActiveCfg = Release|Any CPU
		{9CF640BD-53EB-434D-8E33-7CD51188E0B2}.Validation|Any CPU.Build.0 = Release|Any CPU
		{B11F17D5-1ECC-4E1F-BD83-9C5234FDF0C7}.Debug|Any CPU.ActiveCfg = Debug|Any CPU
		{B11F17D5-1ECC-4E1F-BD83-9C5234FDF0C7}.Debug|Any CPU.Build.0 = Debug|Any CPU
		{B11F17D5-1ECC-4E1F-BD83-9C5234FDF0C7}.Pre|Any CPU.ActiveCfg = Release|Any CPU
		{B11F17D5-1ECC-4E1F-BD83-9C5234FDF0C7}.Pre|Any CPU.Build.0 = Release|Any CPU
		{B11F17D5-1ECC-4E1F-BD83-9C5234FDF0C7}.Pro|Any CPU.ActiveCfg = Release|Any CPU
		{B11F17D5-1ECC-4E1F-BD83-9C5234FDF0C7}.Pro|Any CPU.Build.0 = Release|Any CPU
		{B11F17D5-1ECC-4E1F-BD83-9C5234FDF0C7}.Prod|Any CPU.ActiveCfg = Release|Any CPU
		{B11F17D5-1ECC-4E1F-BD83-9C5234FDF0C7}.Prod|Any CPU.Build.0 = Release|Any CPU
		{B11F17D5-1ECC-4E1F-BD83-9C5234FDF0C7}.Release|Any CPU.ActiveCfg = Release|Any CPU
		{B11F17D5-1ECC-4E1F-BD83-9C5234FDF0C7}.Release|Any CPU.Build.0 = Release|Any CPU
		{B11F17D5-1ECC-4E1F-BD83-9C5234FDF0C7}.Sandbox|Any CPU.ActiveCfg = Release|Any CPU
		{B11F17D5-1ECC-4E1F-BD83-9C5234FDF0C7}.Sandbox|Any CPU.Build.0 = Release|Any CPU
		{B11F17D5-1ECC-4E1F-BD83-9C5234FDF0C7}.Test|Any CPU.ActiveCfg = Release|Any CPU
		{B11F17D5-1ECC-4E1F-BD83-9C5234FDF0C7}.Test|Any CPU.Build.0 = Release|Any CPU
		{B11F17D5-1ECC-4E1F-BD83-9C5234FDF0C7}.Training|Any CPU.ActiveCfg = Release|Any CPU
		{B11F17D5-1ECC-4E1F-BD83-9C5234FDF0C7}.Training|Any CPU.Build.0 = Release|Any CPU
		{B11F17D5-1ECC-4E1F-BD83-9C5234FDF0C7}.Validation|Any CPU.ActiveCfg = Release|Any CPU
		{B11F17D5-1ECC-4E1F-BD83-9C5234FDF0C7}.Validation|Any CPU.Build.0 = Release|Any CPU
		{18B4BA58-5B2A-4B1D-9DA9-F12F99BD642F}.Debug|Any CPU.ActiveCfg = Debug|Any CPU
		{18B4BA58-5B2A-4B1D-9DA9-F12F99BD642F}.Debug|Any CPU.Build.0 = Debug|Any CPU
		{18B4BA58-5B2A-4B1D-9DA9-F12F99BD642F}.Pre|Any CPU.ActiveCfg = Release|Any CPU
		{18B4BA58-5B2A-4B1D-9DA9-F12F99BD642F}.Pre|Any CPU.Build.0 = Release|Any CPU
		{18B4BA58-5B2A-4B1D-9DA9-F12F99BD642F}.Pro|Any CPU.ActiveCfg = Release|Any CPU
		{18B4BA58-5B2A-4B1D-9DA9-F12F99BD642F}.Pro|Any CPU.Build.0 = Release|Any CPU
		{18B4BA58-5B2A-4B1D-9DA9-F12F99BD642F}.Prod|Any CPU.ActiveCfg = Release|Any CPU
		{18B4BA58-5B2A-4B1D-9DA9-F12F99BD642F}.Prod|Any CPU.Build.0 = Release|Any CPU
		{18B4BA58-5B2A-4B1D-9DA9-F12F99BD642F}.Release|Any CPU.ActiveCfg = Release|Any CPU
		{18B4BA58-5B2A-4B1D-9DA9-F12F99BD642F}.Release|Any CPU.Build.0 = Release|Any CPU
		{18B4BA58-5B2A-4B1D-9DA9-F12F99BD642F}.Sandbox|Any CPU.ActiveCfg = Release|Any CPU
		{18B4BA58-5B2A-4B1D-9DA9-F12F99BD642F}.Sandbox|Any CPU.Build.0 = Release|Any CPU
		{18B4BA58-5B2A-4B1D-9DA9-F12F99BD642F}.Test|Any CPU.ActiveCfg = Release|Any CPU
		{18B4BA58-5B2A-4B1D-9DA9-F12F99BD642F}.Test|Any CPU.Build.0 = Release|Any CPU
		{18B4BA58-5B2A-4B1D-9DA9-F12F99BD642F}.Training|Any CPU.ActiveCfg = Release|Any CPU
		{18B4BA58-5B2A-4B1D-9DA9-F12F99BD642F}.Training|Any CPU.Build.0 = Release|Any CPU
		{18B4BA58-5B2A-4B1D-9DA9-F12F99BD642F}.Validation|Any CPU.ActiveCfg = Release|Any CPU
		{18B4BA58-5B2A-4B1D-9DA9-F12F99BD642F}.Validation|Any CPU.Build.0 = Release|Any CPU
		{503442A1-FB8F-4B09-A2D2-BFD4BDDC7C88}.Debug|Any CPU.ActiveCfg = Debug|Any CPU
		{503442A1-FB8F-4B09-A2D2-BFD4BDDC7C88}.Debug|Any CPU.Build.0 = Debug|Any CPU
		{503442A1-FB8F-4B09-A2D2-BFD4BDDC7C88}.Pre|Any CPU.ActiveCfg = Release|Any CPU
		{503442A1-FB8F-4B09-A2D2-BFD4BDDC7C88}.Pre|Any CPU.Build.0 = Release|Any CPU
		{503442A1-FB8F-4B09-A2D2-BFD4BDDC7C88}.Pro|Any CPU.ActiveCfg = Release|Any CPU
		{503442A1-FB8F-4B09-A2D2-BFD4BDDC7C88}.Pro|Any CPU.Build.0 = Release|Any CPU
		{503442A1-FB8F-4B09-A2D2-BFD4BDDC7C88}.Prod|Any CPU.ActiveCfg = Release|Any CPU
		{503442A1-FB8F-4B09-A2D2-BFD4BDDC7C88}.Prod|Any CPU.Build.0 = Release|Any CPU
		{503442A1-FB8F-4B09-A2D2-BFD4BDDC7C88}.Release|Any CPU.ActiveCfg = Release|Any CPU
		{503442A1-FB8F-4B09-A2D2-BFD4BDDC7C88}.Release|Any CPU.Build.0 = Release|Any CPU
		{503442A1-FB8F-4B09-A2D2-BFD4BDDC7C88}.Sandbox|Any CPU.ActiveCfg = Release|Any CPU
		{503442A1-FB8F-4B09-A2D2-BFD4BDDC7C88}.Sandbox|Any CPU.Build.0 = Release|Any CPU
		{503442A1-FB8F-4B09-A2D2-BFD4BDDC7C88}.Test|Any CPU.ActiveCfg = Release|Any CPU
		{503442A1-FB8F-4B09-A2D2-BFD4BDDC7C88}.Test|Any CPU.Build.0 = Release|Any CPU
		{503442A1-FB8F-4B09-A2D2-BFD4BDDC7C88}.Training|Any CPU.ActiveCfg = Release|Any CPU
		{503442A1-FB8F-4B09-A2D2-BFD4BDDC7C88}.Training|Any CPU.Build.0 = Release|Any CPU
		{503442A1-FB8F-4B09-A2D2-BFD4BDDC7C88}.Validation|Any CPU.ActiveCfg = Release|Any CPU
		{503442A1-FB8F-4B09-A2D2-BFD4BDDC7C88}.Validation|Any CPU.Build.0 = Release|Any CPU
		{887A8565-4A10-44C8-82EF-F2F2D1D2BFBF}.Debug|Any CPU.ActiveCfg = Debug|Any CPU
		{887A8565-4A10-44C8-82EF-F2F2D1D2BFBF}.Debug|Any CPU.Build.0 = Debug|Any CPU
		{887A8565-4A10-44C8-82EF-F2F2D1D2BFBF}.Pre|Any CPU.ActiveCfg = Release|Any CPU
		{887A8565-4A10-44C8-82EF-F2F2D1D2BFBF}.Pre|Any CPU.Build.0 = Release|Any CPU
		{887A8565-4A10-44C8-82EF-F2F2D1D2BFBF}.Pro|Any CPU.ActiveCfg = Release|Any CPU
		{887A8565-4A10-44C8-82EF-F2F2D1D2BFBF}.Pro|Any CPU.Build.0 = Release|Any CPU
		{887A8565-4A10-44C8-82EF-F2F2D1D2BFBF}.Prod|Any CPU.ActiveCfg = Release|Any CPU
		{887A8565-4A10-44C8-82EF-F2F2D1D2BFBF}.Prod|Any CPU.Build.0 = Release|Any CPU
		{887A8565-4A10-44C8-82EF-F2F2D1D2BFBF}.Release|Any CPU.ActiveCfg = Release|Any CPU
		{887A8565-4A10-44C8-82EF-F2F2D1D2BFBF}.Release|Any CPU.Build.0 = Release|Any CPU
		{887A8565-4A10-44C8-82EF-F2F2D1D2BFBF}.Sandbox|Any CPU.ActiveCfg = Release|Any CPU
		{887A8565-4A10-44C8-82EF-F2F2D1D2BFBF}.Sandbox|Any CPU.Build.0 = Release|Any CPU
		{887A8565-4A10-44C8-82EF-F2F2D1D2BFBF}.Test|Any CPU.ActiveCfg = Release|Any CPU
		{887A8565-4A10-44C8-82EF-F2F2D1D2BFBF}.Test|Any CPU.Build.0 = Release|Any CPU
		{887A8565-4A10-44C8-82EF-F2F2D1D2BFBF}.Training|Any CPU.ActiveCfg = Release|Any CPU
		{887A8565-4A10-44C8-82EF-F2F2D1D2BFBF}.Training|Any CPU.Build.0 = Release|Any CPU
		{887A8565-4A10-44C8-82EF-F2F2D1D2BFBF}.Validation|Any CPU.ActiveCfg = Release|Any CPU
		{887A8565-4A10-44C8-82EF-F2F2D1D2BFBF}.Validation|Any CPU.Build.0 = Release|Any CPU
		{23F507FF-EDAE-4CEA-AD7F-17D5B4FDD61A}.Debug|Any CPU.ActiveCfg = Debug|Any CPU
		{23F507FF-EDAE-4CEA-AD7F-17D5B4FDD61A}.Debug|Any CPU.Build.0 = Debug|Any CPU
		{23F507FF-EDAE-4CEA-AD7F-17D5B4FDD61A}.Pre|Any CPU.ActiveCfg = Release|Any CPU
		{23F507FF-EDAE-4CEA-AD7F-17D5B4FDD61A}.Pre|Any CPU.Build.0 = Release|Any CPU
		{23F507FF-EDAE-4CEA-AD7F-17D5B4FDD61A}.Pro|Any CPU.ActiveCfg = Release|Any CPU
		{23F507FF-EDAE-4CEA-AD7F-17D5B4FDD61A}.Pro|Any CPU.Build.0 = Release|Any CPU
		{23F507FF-EDAE-4CEA-AD7F-17D5B4FDD61A}.Prod|Any CPU.ActiveCfg = Release|Any CPU
		{23F507FF-EDAE-4CEA-AD7F-17D5B4FDD61A}.Prod|Any CPU.Build.0 = Release|Any CPU
		{23F507FF-EDAE-4CEA-AD7F-17D5B4FDD61A}.Release|Any CPU.ActiveCfg = Release|Any CPU
		{23F507FF-EDAE-4CEA-AD7F-17D5B4FDD61A}.Release|Any CPU.Build.0 = Release|Any CPU
		{23F507FF-EDAE-4CEA-AD7F-17D5B4FDD61A}.Sandbox|Any CPU.ActiveCfg = Release|Any CPU
		{23F507FF-EDAE-4CEA-AD7F-17D5B4FDD61A}.Sandbox|Any CPU.Build.0 = Release|Any CPU
		{23F507FF-EDAE-4CEA-AD7F-17D5B4FDD61A}.Test|Any CPU.ActiveCfg = Release|Any CPU
		{23F507FF-EDAE-4CEA-AD7F-17D5B4FDD61A}.Test|Any CPU.Build.0 = Release|Any CPU
		{23F507FF-EDAE-4CEA-AD7F-17D5B4FDD61A}.Training|Any CPU.ActiveCfg = Release|Any CPU
		{23F507FF-EDAE-4CEA-AD7F-17D5B4FDD61A}.Training|Any CPU.Build.0 = Release|Any CPU
		{23F507FF-EDAE-4CEA-AD7F-17D5B4FDD61A}.Validation|Any CPU.ActiveCfg = Release|Any CPU
		{23F507FF-EDAE-4CEA-AD7F-17D5B4FDD61A}.Validation|Any CPU.Build.0 = Release|Any CPU
		{A6DBE38A-CB2F-4556-80A0-E5EE23A8BB1C}.Debug|Any CPU.ActiveCfg = Debug|Any CPU
		{A6DBE38A-CB2F-4556-80A0-E5EE23A8BB1C}.Debug|Any CPU.Build.0 = Debug|Any CPU
		{A6DBE38A-CB2F-4556-80A0-E5EE23A8BB1C}.Pre|Any CPU.ActiveCfg = Release|Any CPU
		{A6DBE38A-CB2F-4556-80A0-E5EE23A8BB1C}.Pre|Any CPU.Build.0 = Release|Any CPU
		{A6DBE38A-CB2F-4556-80A0-E5EE23A8BB1C}.Pro|Any CPU.ActiveCfg = Release|Any CPU
		{A6DBE38A-CB2F-4556-80A0-E5EE23A8BB1C}.Pro|Any CPU.Build.0 = Release|Any CPU
		{A6DBE38A-CB2F-4556-80A0-E5EE23A8BB1C}.Prod|Any CPU.ActiveCfg = Release|Any CPU
		{A6DBE38A-CB2F-4556-80A0-E5EE23A8BB1C}.Prod|Any CPU.Build.0 = Release|Any CPU
		{A6DBE38A-CB2F-4556-80A0-E5EE23A8BB1C}.Release|Any CPU.ActiveCfg = Release|Any CPU
		{A6DBE38A-CB2F-4556-80A0-E5EE23A8BB1C}.Release|Any CPU.Build.0 = Release|Any CPU
		{A6DBE38A-CB2F-4556-80A0-E5EE23A8BB1C}.Sandbox|Any CPU.ActiveCfg = Release|Any CPU
		{A6DBE38A-CB2F-4556-80A0-E5EE23A8BB1C}.Sandbox|Any CPU.Build.0 = Release|Any CPU
		{A6DBE38A-CB2F-4556-80A0-E5EE23A8BB1C}.Test|Any CPU.ActiveCfg = Release|Any CPU
		{A6DBE38A-CB2F-4556-80A0-E5EE23A8BB1C}.Test|Any CPU.Build.0 = Release|Any CPU
		{A6DBE38A-CB2F-4556-80A0-E5EE23A8BB1C}.Training|Any CPU.ActiveCfg = Release|Any CPU
		{A6DBE38A-CB2F-4556-80A0-E5EE23A8BB1C}.Training|Any CPU.Build.0 = Release|Any CPU
		{A6DBE38A-CB2F-4556-80A0-E5EE23A8BB1C}.Validation|Any CPU.ActiveCfg = Release|Any CPU
		{A6DBE38A-CB2F-4556-80A0-E5EE23A8BB1C}.Validation|Any CPU.Build.0 = Release|Any CPU
		{84A5E7BC-ED69-4FC9-A2EE-9BB769F3F84F}.Debug|Any CPU.ActiveCfg = Debug|Any CPU
		{84A5E7BC-ED69-4FC9-A2EE-9BB769F3F84F}.Debug|Any CPU.Build.0 = Debug|Any CPU
		{84A5E7BC-ED69-4FC9-A2EE-9BB769F3F84F}.Pre|Any CPU.ActiveCfg = Release|Any CPU
		{84A5E7BC-ED69-4FC9-A2EE-9BB769F3F84F}.Pre|Any CPU.Build.0 = Release|Any CPU
		{84A5E7BC-ED69-4FC9-A2EE-9BB769F3F84F}.Pro|Any CPU.ActiveCfg = Release|Any CPU
		{84A5E7BC-ED69-4FC9-A2EE-9BB769F3F84F}.Pro|Any CPU.Build.0 = Release|Any CPU
		{84A5E7BC-ED69-4FC9-A2EE-9BB769F3F84F}.Prod|Any CPU.ActiveCfg = Release|Any CPU
		{84A5E7BC-ED69-4FC9-A2EE-9BB769F3F84F}.Prod|Any CPU.Build.0 = Release|Any CPU
		{84A5E7BC-ED69-4FC9-A2EE-9BB769F3F84F}.Release|Any CPU.ActiveCfg = Release|Any CPU
		{84A5E7BC-ED69-4FC9-A2EE-9BB769F3F84F}.Release|Any CPU.Build.0 = Release|Any CPU
		{84A5E7BC-ED69-4FC9-A2EE-9BB769F3F84F}.Sandbox|Any CPU.ActiveCfg = Release|Any CPU
		{84A5E7BC-ED69-4FC9-A2EE-9BB769F3F84F}.Sandbox|Any CPU.Build.0 = Release|Any CPU
		{84A5E7BC-ED69-4FC9-A2EE-9BB769F3F84F}.Test|Any CPU.ActiveCfg = Release|Any CPU
		{84A5E7BC-ED69-4FC9-A2EE-9BB769F3F84F}.Test|Any CPU.Build.0 = Release|Any CPU
		{84A5E7BC-ED69-4FC9-A2EE-9BB769F3F84F}.Training|Any CPU.ActiveCfg = Release|Any CPU
		{84A5E7BC-ED69-4FC9-A2EE-9BB769F3F84F}.Training|Any CPU.Build.0 = Release|Any CPU
		{84A5E7BC-ED69-4FC9-A2EE-9BB769F3F84F}.Validation|Any CPU.ActiveCfg = Release|Any CPU
		{84A5E7BC-ED69-4FC9-A2EE-9BB769F3F84F}.Validation|Any CPU.Build.0 = Release|Any CPU
		{7369D7A1-0665-44EA-A515-83816006D666}.Debug|Any CPU.ActiveCfg = Debug|Any CPU
		{7369D7A1-0665-44EA-A515-83816006D666}.Debug|Any CPU.Build.0 = Debug|Any CPU
		{7369D7A1-0665-44EA-A515-83816006D666}.Pre|Any CPU.ActiveCfg = Release|Any CPU
		{7369D7A1-0665-44EA-A515-83816006D666}.Pre|Any CPU.Build.0 = Release|Any CPU
		{7369D7A1-0665-44EA-A515-83816006D666}.Pro|Any CPU.ActiveCfg = Release|Any CPU
		{7369D7A1-0665-44EA-A515-83816006D666}.Pro|Any CPU.Build.0 = Release|Any CPU
		{7369D7A1-0665-44EA-A515-83816006D666}.Prod|Any CPU.ActiveCfg = Release|Any CPU
		{7369D7A1-0665-44EA-A515-83816006D666}.Prod|Any CPU.Build.0 = Release|Any CPU
		{7369D7A1-0665-44EA-A515-83816006D666}.Release|Any CPU.ActiveCfg = Release|Any CPU
		{7369D7A1-0665-44EA-A515-83816006D666}.Release|Any CPU.Build.0 = Release|Any CPU
		{7369D7A1-0665-44EA-A515-83816006D666}.Sandbox|Any CPU.ActiveCfg = Release|Any CPU
		{7369D7A1-0665-44EA-A515-83816006D666}.Sandbox|Any CPU.Build.0 = Release|Any CPU
		{7369D7A1-0665-44EA-A515-83816006D666}.Test|Any CPU.ActiveCfg = Release|Any CPU
		{7369D7A1-0665-44EA-A515-83816006D666}.Test|Any CPU.Build.0 = Release|Any CPU
		{7369D7A1-0665-44EA-A515-83816006D666}.Training|Any CPU.ActiveCfg = Release|Any CPU
		{7369D7A1-0665-44EA-A515-83816006D666}.Training|Any CPU.Build.0 = Release|Any CPU
		{7369D7A1-0665-44EA-A515-83816006D666}.Validation|Any CPU.ActiveCfg = Release|Any CPU
		{7369D7A1-0665-44EA-A515-83816006D666}.Validation|Any CPU.Build.0 = Release|Any CPU
		{6DF2D2BE-9139-43E8-9F68-AD4FDB630F56}.Debug|Any CPU.ActiveCfg = Debug|Any CPU
		{6DF2D2BE-9139-43E8-9F68-AD4FDB630F56}.Debug|Any CPU.Build.0 = Debug|Any CPU
		{6DF2D2BE-9139-43E8-9F68-AD4FDB630F56}.Pre|Any CPU.ActiveCfg = Release|Any CPU
		{6DF2D2BE-9139-43E8-9F68-AD4FDB630F56}.Pre|Any CPU.Build.0 = Release|Any CPU
		{6DF2D2BE-9139-43E8-9F68-AD4FDB630F56}.Pro|Any CPU.ActiveCfg = Release|Any CPU
		{6DF2D2BE-9139-43E8-9F68-AD4FDB630F56}.Pro|Any CPU.Build.0 = Release|Any CPU
		{6DF2D2BE-9139-43E8-9F68-AD4FDB630F56}.Prod|Any CPU.ActiveCfg = Release|Any CPU
		{6DF2D2BE-9139-43E8-9F68-AD4FDB630F56}.Prod|Any CPU.Build.0 = Release|Any CPU
		{6DF2D2BE-9139-43E8-9F68-AD4FDB630F56}.Release|Any CPU.ActiveCfg = Release|Any CPU
		{6DF2D2BE-9139-43E8-9F68-AD4FDB630F56}.Release|Any CPU.Build.0 = Release|Any CPU
		{6DF2D2BE-9139-43E8-9F68-AD4FDB630F56}.Sandbox|Any CPU.ActiveCfg = Release|Any CPU
		{6DF2D2BE-9139-43E8-9F68-AD4FDB630F56}.Sandbox|Any CPU.Build.0 = Release|Any CPU
		{6DF2D2BE-9139-43E8-9F68-AD4FDB630F56}.Test|Any CPU.ActiveCfg = Release|Any CPU
		{6DF2D2BE-9139-43E8-9F68-AD4FDB630F56}.Test|Any CPU.Build.0 = Release|Any CPU
		{6DF2D2BE-9139-43E8-9F68-AD4FDB630F56}.Training|Any CPU.ActiveCfg = Release|Any CPU
		{6DF2D2BE-9139-43E8-9F68-AD4FDB630F56}.Training|Any CPU.Build.0 = Release|Any CPU
		{6DF2D2BE-9139-43E8-9F68-AD4FDB630F56}.Validation|Any CPU.ActiveCfg = Release|Any CPU
		{6DF2D2BE-9139-43E8-9F68-AD4FDB630F56}.Validation|Any CPU.Build.0 = Release|Any CPU
		{C18CEF52-BEBB-423F-B985-7A6EB80AA004}.Debug|Any CPU.ActiveCfg = Debug|Any CPU
		{C18CEF52-BEBB-423F-B985-7A6EB80AA004}.Debug|Any CPU.Build.0 = Debug|Any CPU
		{C18CEF52-BEBB-423F-B985-7A6EB80AA004}.Pre|Any CPU.ActiveCfg = Release|Any CPU
		{C18CEF52-BEBB-423F-B985-7A6EB80AA004}.Pre|Any CPU.Build.0 = Release|Any CPU
		{C18CEF52-BEBB-423F-B985-7A6EB80AA004}.Pro|Any CPU.ActiveCfg = Release|Any CPU
		{C18CEF52-BEBB-423F-B985-7A6EB80AA004}.Pro|Any CPU.Build.0 = Release|Any CPU
		{C18CEF52-BEBB-423F-B985-7A6EB80AA004}.Prod|Any CPU.ActiveCfg = Release|Any CPU
		{C18CEF52-BEBB-423F-B985-7A6EB80AA004}.Prod|Any CPU.Build.0 = Release|Any CPU
		{C18CEF52-BEBB-423F-B985-7A6EB80AA004}.Release|Any CPU.ActiveCfg = Release|Any CPU
		{C18CEF52-BEBB-423F-B985-7A6EB80AA004}.Release|Any CPU.Build.0 = Release|Any CPU
		{C18CEF52-BEBB-423F-B985-7A6EB80AA004}.Sandbox|Any CPU.ActiveCfg = Release|Any CPU
		{C18CEF52-BEBB-423F-B985-7A6EB80AA004}.Sandbox|Any CPU.Build.0 = Release|Any CPU
		{C18CEF52-BEBB-423F-B985-7A6EB80AA004}.Test|Any CPU.ActiveCfg = Release|Any CPU
		{C18CEF52-BEBB-423F-B985-7A6EB80AA004}.Test|Any CPU.Build.0 = Release|Any CPU
		{C18CEF52-BEBB-423F-B985-7A6EB80AA004}.Training|Any CPU.ActiveCfg = Release|Any CPU
		{C18CEF52-BEBB-423F-B985-7A6EB80AA004}.Training|Any CPU.Build.0 = Release|Any CPU
		{C18CEF52-BEBB-423F-B985-7A6EB80AA004}.Validation|Any CPU.ActiveCfg = Release|Any CPU
		{C18CEF52-BEBB-423F-B985-7A6EB80AA004}.Validation|Any CPU.Build.0 = Release|Any CPU
		{728781D2-86F1-4BA5-8322-B954D582F76B}.Debug|Any CPU.ActiveCfg = Debug|Any CPU
		{728781D2-86F1-4BA5-8322-B954D582F76B}.Debug|Any CPU.Build.0 = Debug|Any CPU
		{728781D2-86F1-4BA5-8322-B954D582F76B}.Pre|Any CPU.ActiveCfg = Release|Any CPU
		{728781D2-86F1-4BA5-8322-B954D582F76B}.Pre|Any CPU.Build.0 = Release|Any CPU
		{728781D2-86F1-4BA5-8322-B954D582F76B}.Pro|Any CPU.ActiveCfg = Release|Any CPU
		{728781D2-86F1-4BA5-8322-B954D582F76B}.Pro|Any CPU.Build.0 = Release|Any CPU
		{728781D2-86F1-4BA5-8322-B954D582F76B}.Prod|Any CPU.ActiveCfg = Release|Any CPU
		{728781D2-86F1-4BA5-8322-B954D582F76B}.Prod|Any CPU.Build.0 = Release|Any CPU
		{728781D2-86F1-4BA5-8322-B954D582F76B}.Release|Any CPU.ActiveCfg = Release|Any CPU
		{728781D2-86F1-4BA5-8322-B954D582F76B}.Release|Any CPU.Build.0 = Release|Any CPU
		{728781D2-86F1-4BA5-8322-B954D582F76B}.Sandbox|Any CPU.ActiveCfg = Release|Any CPU
		{728781D2-86F1-4BA5-8322-B954D582F76B}.Sandbox|Any CPU.Build.0 = Release|Any CPU
		{728781D2-86F1-4BA5-8322-B954D582F76B}.Test|Any CPU.ActiveCfg = Release|Any CPU
		{728781D2-86F1-4BA5-8322-B954D582F76B}.Test|Any CPU.Build.0 = Release|Any CPU
		{728781D2-86F1-4BA5-8322-B954D582F76B}.Training|Any CPU.ActiveCfg = Release|Any CPU
		{728781D2-86F1-4BA5-8322-B954D582F76B}.Training|Any CPU.Build.0 = Release|Any CPU
		{728781D2-86F1-4BA5-8322-B954D582F76B}.Validation|Any CPU.ActiveCfg = Release|Any CPU
		{728781D2-86F1-4BA5-8322-B954D582F76B}.Validation|Any CPU.Build.0 = Release|Any CPU
		{D2C7E249-F2BF-45A6-8918-A919B13690B4}.Debug|Any CPU.ActiveCfg = Debug|Any CPU
		{D2C7E249-F2BF-45A6-8918-A919B13690B4}.Debug|Any CPU.Build.0 = Debug|Any CPU
		{D2C7E249-F2BF-45A6-8918-A919B13690B4}.Pre|Any CPU.ActiveCfg = Release|Any CPU
		{D2C7E249-F2BF-45A6-8918-A919B13690B4}.Pre|Any CPU.Build.0 = Release|Any CPU
		{D2C7E249-F2BF-45A6-8918-A919B13690B4}.Pro|Any CPU.ActiveCfg = Release|Any CPU
		{D2C7E249-F2BF-45A6-8918-A919B13690B4}.Pro|Any CPU.Build.0 = Release|Any CPU
		{D2C7E249-F2BF-45A6-8918-A919B13690B4}.Prod|Any CPU.ActiveCfg = Release|Any CPU
		{D2C7E249-F2BF-45A6-8918-A919B13690B4}.Prod|Any CPU.Build.0 = Release|Any CPU
		{D2C7E249-F2BF-45A6-8918-A919B13690B4}.Release|Any CPU.ActiveCfg = Release|Any CPU
		{D2C7E249-F2BF-45A6-8918-A919B13690B4}.Release|Any CPU.Build.0 = Release|Any CPU
		{D2C7E249-F2BF-45A6-8918-A919B13690B4}.Sandbox|Any CPU.ActiveCfg = Release|Any CPU
		{D2C7E249-F2BF-45A6-8918-A919B13690B4}.Sandbox|Any CPU.Build.0 = Release|Any CPU
		{D2C7E249-F2BF-45A6-8918-A919B13690B4}.Test|Any CPU.ActiveCfg = Release|Any CPU
		{D2C7E249-F2BF-45A6-8918-A919B13690B4}.Test|Any CPU.Build.0 = Release|Any CPU
		{D2C7E249-F2BF-45A6-8918-A919B13690B4}.Training|Any CPU.ActiveCfg = Release|Any CPU
		{D2C7E249-F2BF-45A6-8918-A919B13690B4}.Training|Any CPU.Build.0 = Release|Any CPU
		{D2C7E249-F2BF-45A6-8918-A919B13690B4}.Validation|Any CPU.ActiveCfg = Release|Any CPU
		{D2C7E249-F2BF-45A6-8918-A919B13690B4}.Validation|Any CPU.Build.0 = Release|Any CPU
		{CC4C79BA-2C21-4671-8741-8004F3452840}.Debug|Any CPU.ActiveCfg = Debug|Any CPU
		{CC4C79BA-2C21-4671-8741-8004F3452840}.Debug|Any CPU.Build.0 = Debug|Any CPU
		{CC4C79BA-2C21-4671-8741-8004F3452840}.Pre|Any CPU.ActiveCfg = Release|Any CPU
		{CC4C79BA-2C21-4671-8741-8004F3452840}.Pre|Any CPU.Build.0 = Release|Any CPU
		{CC4C79BA-2C21-4671-8741-8004F3452840}.Pro|Any CPU.ActiveCfg = Release|Any CPU
		{CC4C79BA-2C21-4671-8741-8004F3452840}.Pro|Any CPU.Build.0 = Release|Any CPU
		{CC4C79BA-2C21-4671-8741-8004F3452840}.Prod|Any CPU.ActiveCfg = Release|Any CPU
		{CC4C79BA-2C21-4671-8741-8004F3452840}.Prod|Any CPU.Build.0 = Release|Any CPU
		{CC4C79BA-2C21-4671-8741-8004F3452840}.Release|Any CPU.ActiveCfg = Release|Any CPU
		{CC4C79BA-2C21-4671-8741-8004F3452840}.Release|Any CPU.Build.0 = Release|Any CPU
		{CC4C79BA-2C21-4671-8741-8004F3452840}.Sandbox|Any CPU.ActiveCfg = Release|Any CPU
		{CC4C79BA-2C21-4671-8741-8004F3452840}.Sandbox|Any CPU.Build.0 = Release|Any CPU
		{CC4C79BA-2C21-4671-8741-8004F3452840}.Test|Any CPU.ActiveCfg = Release|Any CPU
		{CC4C79BA-2C21-4671-8741-8004F3452840}.Test|Any CPU.Build.0 = Release|Any CPU
		{CC4C79BA-2C21-4671-8741-8004F3452840}.Training|Any CPU.ActiveCfg = Release|Any CPU
		{CC4C79BA-2C21-4671-8741-8004F3452840}.Training|Any CPU.Build.0 = Release|Any CPU
		{CC4C79BA-2C21-4671-8741-8004F3452840}.Validation|Any CPU.ActiveCfg = Release|Any CPU
		{CC4C79BA-2C21-4671-8741-8004F3452840}.Validation|Any CPU.Build.0 = Release|Any CPU
		{8335CE02-42AF-43FF-A6E2-EC87115A292C}.Debug|Any CPU.ActiveCfg = Debug|Any CPU
		{8335CE02-42AF-43FF-A6E2-EC87115A292C}.Debug|Any CPU.Build.0 = Debug|Any CPU
		{8335CE02-42AF-43FF-A6E2-EC87115A292C}.Pre|Any CPU.ActiveCfg = Release|Any CPU
		{8335CE02-42AF-43FF-A6E2-EC87115A292C}.Pre|Any CPU.Build.0 = Release|Any CPU
		{8335CE02-42AF-43FF-A6E2-EC87115A292C}.Pro|Any CPU.ActiveCfg = Release|Any CPU
		{8335CE02-42AF-43FF-A6E2-EC87115A292C}.Pro|Any CPU.Build.0 = Release|Any CPU
		{8335CE02-42AF-43FF-A6E2-EC87115A292C}.Prod|Any CPU.ActiveCfg = Release|Any CPU
		{8335CE02-42AF-43FF-A6E2-EC87115A292C}.Prod|Any CPU.Build.0 = Release|Any CPU
		{8335CE02-42AF-43FF-A6E2-EC87115A292C}.Release|Any CPU.ActiveCfg = Release|Any CPU
		{8335CE02-42AF-43FF-A6E2-EC87115A292C}.Release|Any CPU.Build.0 = Release|Any CPU
		{8335CE02-42AF-43FF-A6E2-EC87115A292C}.Sandbox|Any CPU.ActiveCfg = Release|Any CPU
		{8335CE02-42AF-43FF-A6E2-EC87115A292C}.Sandbox|Any CPU.Build.0 = Release|Any CPU
		{8335CE02-42AF-43FF-A6E2-EC87115A292C}.Test|Any CPU.ActiveCfg = Release|Any CPU
		{8335CE02-42AF-43FF-A6E2-EC87115A292C}.Test|Any CPU.Build.0 = Release|Any CPU
		{8335CE02-42AF-43FF-A6E2-EC87115A292C}.Training|Any CPU.ActiveCfg = Release|Any CPU
		{8335CE02-42AF-43FF-A6E2-EC87115A292C}.Training|Any CPU.Build.0 = Release|Any CPU
		{8335CE02-42AF-43FF-A6E2-EC87115A292C}.Validation|Any CPU.ActiveCfg = Release|Any CPU
		{8335CE02-42AF-43FF-A6E2-EC87115A292C}.Validation|Any CPU.Build.0 = Release|Any CPU
		{65235E06-CAB5-413C-A776-63F029FEC4E7}.Debug|Any CPU.ActiveCfg = Debug|Any CPU
		{65235E06-CAB5-413C-A776-63F029FEC4E7}.Debug|Any CPU.Build.0 = Debug|Any CPU
		{65235E06-CAB5-413C-A776-63F029FEC4E7}.Pre|Any CPU.ActiveCfg = Release|Any CPU
		{65235E06-CAB5-413C-A776-63F029FEC4E7}.Pre|Any CPU.Build.0 = Release|Any CPU
		{65235E06-CAB5-413C-A776-63F029FEC4E7}.Pro|Any CPU.ActiveCfg = Release|Any CPU
		{65235E06-CAB5-413C-A776-63F029FEC4E7}.Pro|Any CPU.Build.0 = Release|Any CPU
		{65235E06-CAB5-413C-A776-63F029FEC4E7}.Prod|Any CPU.ActiveCfg = Release|Any CPU
		{65235E06-CAB5-413C-A776-63F029FEC4E7}.Prod|Any CPU.Build.0 = Release|Any CPU
		{65235E06-CAB5-413C-A776-63F029FEC4E7}.Release|Any CPU.ActiveCfg = Release|Any CPU
		{65235E06-CAB5-413C-A776-63F029FEC4E7}.Release|Any CPU.Build.0 = Release|Any CPU
		{65235E06-CAB5-413C-A776-63F029FEC4E7}.Sandbox|Any CPU.ActiveCfg = Release|Any CPU
		{65235E06-CAB5-413C-A776-63F029FEC4E7}.Sandbox|Any CPU.Build.0 = Release|Any CPU
		{65235E06-CAB5-413C-A776-63F029FEC4E7}.Test|Any CPU.ActiveCfg = Release|Any CPU
		{65235E06-CAB5-413C-A776-63F029FEC4E7}.Test|Any CPU.Build.0 = Release|Any CPU
		{65235E06-CAB5-413C-A776-63F029FEC4E7}.Training|Any CPU.ActiveCfg = Release|Any CPU
		{65235E06-CAB5-413C-A776-63F029FEC4E7}.Training|Any CPU.Build.0 = Release|Any CPU
		{65235E06-CAB5-413C-A776-63F029FEC4E7}.Validation|Any CPU.ActiveCfg = Release|Any CPU
		{65235E06-CAB5-413C-A776-63F029FEC4E7}.Validation|Any CPU.Build.0 = Release|Any CPU
		{ADDFD99C-02DA-42AF-8431-9C73EEF39623}.Debug|Any CPU.ActiveCfg = Debug|Any CPU
		{ADDFD99C-02DA-42AF-8431-9C73EEF39623}.Debug|Any CPU.Build.0 = Debug|Any CPU
		{ADDFD99C-02DA-42AF-8431-9C73EEF39623}.Pre|Any CPU.ActiveCfg = Release|Any CPU
		{ADDFD99C-02DA-42AF-8431-9C73EEF39623}.Pre|Any CPU.Build.0 = Release|Any CPU
		{ADDFD99C-02DA-42AF-8431-9C73EEF39623}.Pro|Any CPU.ActiveCfg = Release|Any CPU
		{ADDFD99C-02DA-42AF-8431-9C73EEF39623}.Pro|Any CPU.Build.0 = Release|Any CPU
		{ADDFD99C-02DA-42AF-8431-9C73EEF39623}.Prod|Any CPU.ActiveCfg = Release|Any CPU
		{ADDFD99C-02DA-42AF-8431-9C73EEF39623}.Prod|Any CPU.Build.0 = Release|Any CPU
		{ADDFD99C-02DA-42AF-8431-9C73EEF39623}.Release|Any CPU.ActiveCfg = Release|Any CPU
		{ADDFD99C-02DA-42AF-8431-9C73EEF39623}.Release|Any CPU.Build.0 = Release|Any CPU
		{ADDFD99C-02DA-42AF-8431-9C73EEF39623}.Sandbox|Any CPU.ActiveCfg = Release|Any CPU
		{ADDFD99C-02DA-42AF-8431-9C73EEF39623}.Sandbox|Any CPU.Build.0 = Release|Any CPU
		{ADDFD99C-02DA-42AF-8431-9C73EEF39623}.Test|Any CPU.ActiveCfg = Release|Any CPU
		{ADDFD99C-02DA-42AF-8431-9C73EEF39623}.Test|Any CPU.Build.0 = Release|Any CPU
		{ADDFD99C-02DA-42AF-8431-9C73EEF39623}.Training|Any CPU.ActiveCfg = Release|Any CPU
		{ADDFD99C-02DA-42AF-8431-9C73EEF39623}.Training|Any CPU.Build.0 = Release|Any CPU
		{ADDFD99C-02DA-42AF-8431-9C73EEF39623}.Validation|Any CPU.ActiveCfg = Release|Any CPU
		{ADDFD99C-02DA-42AF-8431-9C73EEF39623}.Validation|Any CPU.Build.0 = Release|Any CPU
		{45C26DFB-C0E9-48D4-A54E-94BFDA34CF33}.Debug|Any CPU.ActiveCfg = Debug|Any CPU
		{45C26DFB-C0E9-48D4-A54E-94BFDA34CF33}.Debug|Any CPU.Build.0 = Debug|Any CPU
		{45C26DFB-C0E9-48D4-A54E-94BFDA34CF33}.Pre|Any CPU.ActiveCfg = Release|Any CPU
		{45C26DFB-C0E9-48D4-A54E-94BFDA34CF33}.Pre|Any CPU.Build.0 = Release|Any CPU
		{45C26DFB-C0E9-48D4-A54E-94BFDA34CF33}.Pro|Any CPU.ActiveCfg = Release|Any CPU
		{45C26DFB-C0E9-48D4-A54E-94BFDA34CF33}.Pro|Any CPU.Build.0 = Release|Any CPU
		{45C26DFB-C0E9-48D4-A54E-94BFDA34CF33}.Prod|Any CPU.ActiveCfg = Release|Any CPU
		{45C26DFB-C0E9-48D4-A54E-94BFDA34CF33}.Prod|Any CPU.Build.0 = Release|Any CPU
		{45C26DFB-C0E9-48D4-A54E-94BFDA34CF33}.Release|Any CPU.ActiveCfg = Release|Any CPU
		{45C26DFB-C0E9-48D4-A54E-94BFDA34CF33}.Release|Any CPU.Build.0 = Release|Any CPU
		{45C26DFB-C0E9-48D4-A54E-94BFDA34CF33}.Sandbox|Any CPU.ActiveCfg = Release|Any CPU
		{45C26DFB-C0E9-48D4-A54E-94BFDA34CF33}.Sandbox|Any CPU.Build.0 = Release|Any CPU
		{45C26DFB-C0E9-48D4-A54E-94BFDA34CF33}.Test|Any CPU.ActiveCfg = Release|Any CPU
		{45C26DFB-C0E9-48D4-A54E-94BFDA34CF33}.Test|Any CPU.Build.0 = Release|Any CPU
		{45C26DFB-C0E9-48D4-A54E-94BFDA34CF33}.Training|Any CPU.ActiveCfg = Release|Any CPU
		{45C26DFB-C0E9-48D4-A54E-94BFDA34CF33}.Training|Any CPU.Build.0 = Release|Any CPU
		{45C26DFB-C0E9-48D4-A54E-94BFDA34CF33}.Validation|Any CPU.ActiveCfg = Release|Any CPU
		{45C26DFB-C0E9-48D4-A54E-94BFDA34CF33}.Validation|Any CPU.Build.0 = Release|Any CPU
		{481A8303-DE78-4170-9FB8-7F31492033DC}.Debug|Any CPU.ActiveCfg = Debug|Any CPU
		{481A8303-DE78-4170-9FB8-7F31492033DC}.Debug|Any CPU.Build.0 = Debug|Any CPU
		{481A8303-DE78-4170-9FB8-7F31492033DC}.Pre|Any CPU.ActiveCfg = Release|Any CPU
		{481A8303-DE78-4170-9FB8-7F31492033DC}.Pre|Any CPU.Build.0 = Release|Any CPU
		{481A8303-DE78-4170-9FB8-7F31492033DC}.Pro|Any CPU.ActiveCfg = Release|Any CPU
		{481A8303-DE78-4170-9FB8-7F31492033DC}.Pro|Any CPU.Build.0 = Release|Any CPU
		{481A8303-DE78-4170-9FB8-7F31492033DC}.Prod|Any CPU.ActiveCfg = Release|Any CPU
		{481A8303-DE78-4170-9FB8-7F31492033DC}.Prod|Any CPU.Build.0 = Release|Any CPU
		{481A8303-DE78-4170-9FB8-7F31492033DC}.Release|Any CPU.ActiveCfg = Release|Any CPU
		{481A8303-DE78-4170-9FB8-7F31492033DC}.Release|Any CPU.Build.0 = Release|Any CPU
		{481A8303-DE78-4170-9FB8-7F31492033DC}.Sandbox|Any CPU.ActiveCfg = Release|Any CPU
		{481A8303-DE78-4170-9FB8-7F31492033DC}.Sandbox|Any CPU.Build.0 = Release|Any CPU
		{481A8303-DE78-4170-9FB8-7F31492033DC}.Test|Any CPU.ActiveCfg = Release|Any CPU
		{481A8303-DE78-4170-9FB8-7F31492033DC}.Test|Any CPU.Build.0 = Release|Any CPU
		{481A8303-DE78-4170-9FB8-7F31492033DC}.Training|Any CPU.ActiveCfg = Release|Any CPU
		{481A8303-DE78-4170-9FB8-7F31492033DC}.Training|Any CPU.Build.0 = Release|Any CPU
		{481A8303-DE78-4170-9FB8-7F31492033DC}.Validation|Any CPU.ActiveCfg = Release|Any CPU
		{481A8303-DE78-4170-9FB8-7F31492033DC}.Validation|Any CPU.Build.0 = Release|Any CPU
		{6D7B371E-83B2-4D03-BA30-B7843A956973}.Debug|Any CPU.ActiveCfg = Debug|Any CPU
		{6D7B371E-83B2-4D03-BA30-B7843A956973}.Debug|Any CPU.Build.0 = Debug|Any CPU
		{6D7B371E-83B2-4D03-BA30-B7843A956973}.Pre|Any CPU.ActiveCfg = Release|Any CPU
		{6D7B371E-83B2-4D03-BA30-B7843A956973}.Pre|Any CPU.Build.0 = Release|Any CPU
		{6D7B371E-83B2-4D03-BA30-B7843A956973}.Pro|Any CPU.ActiveCfg = Release|Any CPU
		{6D7B371E-83B2-4D03-BA30-B7843A956973}.Pro|Any CPU.Build.0 = Release|Any CPU
		{6D7B371E-83B2-4D03-BA30-B7843A956973}.Prod|Any CPU.ActiveCfg = Release|Any CPU
		{6D7B371E-83B2-4D03-BA30-B7843A956973}.Prod|Any CPU.Build.0 = Release|Any CPU
		{6D7B371E-83B2-4D03-BA30-B7843A956973}.Release|Any CPU.ActiveCfg = Release|Any CPU
		{6D7B371E-83B2-4D03-BA30-B7843A956973}.Release|Any CPU.Build.0 = Release|Any CPU
		{6D7B371E-83B2-4D03-BA30-B7843A956973}.Sandbox|Any CPU.ActiveCfg = Release|Any CPU
		{6D7B371E-83B2-4D03-BA30-B7843A956973}.Sandbox|Any CPU.Build.0 = Release|Any CPU
		{6D7B371E-83B2-4D03-BA30-B7843A956973}.Test|Any CPU.ActiveCfg = Release|Any CPU
		{6D7B371E-83B2-4D03-BA30-B7843A956973}.Test|Any CPU.Build.0 = Release|Any CPU
		{6D7B371E-83B2-4D03-BA30-B7843A956973}.Training|Any CPU.ActiveCfg = Release|Any CPU
		{6D7B371E-83B2-4D03-BA30-B7843A956973}.Training|Any CPU.Build.0 = Release|Any CPU
		{6D7B371E-83B2-4D03-BA30-B7843A956973}.Validation|Any CPU.ActiveCfg = Release|Any CPU
		{6D7B371E-83B2-4D03-BA30-B7843A956973}.Validation|Any CPU.Build.0 = Release|Any CPU
		{0869F23E-7E08-4BC9-8032-C1FD95765ECB}.Debug|Any CPU.ActiveCfg = Debug|Any CPU
		{0869F23E-7E08-4BC9-8032-C1FD95765ECB}.Debug|Any CPU.Build.0 = Debug|Any CPU
		{0869F23E-7E08-4BC9-8032-C1FD95765ECB}.Pre|Any CPU.ActiveCfg = Release|Any CPU
		{0869F23E-7E08-4BC9-8032-C1FD95765ECB}.Pre|Any CPU.Build.0 = Release|Any CPU
		{0869F23E-7E08-4BC9-8032-C1FD95765ECB}.Pro|Any CPU.ActiveCfg = Release|Any CPU
		{0869F23E-7E08-4BC9-8032-C1FD95765ECB}.Pro|Any CPU.Build.0 = Release|Any CPU
		{0869F23E-7E08-4BC9-8032-C1FD95765ECB}.Prod|Any CPU.ActiveCfg = Release|Any CPU
		{0869F23E-7E08-4BC9-8032-C1FD95765ECB}.Prod|Any CPU.Build.0 = Release|Any CPU
		{0869F23E-7E08-4BC9-8032-C1FD95765ECB}.Release|Any CPU.ActiveCfg = Release|Any CPU
		{0869F23E-7E08-4BC9-8032-C1FD95765ECB}.Release|Any CPU.Build.0 = Release|Any CPU
		{0869F23E-7E08-4BC9-8032-C1FD95765ECB}.Sandbox|Any CPU.ActiveCfg = Release|Any CPU
		{0869F23E-7E08-4BC9-8032-C1FD95765ECB}.Sandbox|Any CPU.Build.0 = Release|Any CPU
		{0869F23E-7E08-4BC9-8032-C1FD95765ECB}.Test|Any CPU.ActiveCfg = Release|Any CPU
		{0869F23E-7E08-4BC9-8032-C1FD95765ECB}.Test|Any CPU.Build.0 = Release|Any CPU
		{0869F23E-7E08-4BC9-8032-C1FD95765ECB}.Training|Any CPU.ActiveCfg = Release|Any CPU
		{0869F23E-7E08-4BC9-8032-C1FD95765ECB}.Training|Any CPU.Build.0 = Release|Any CPU
		{0869F23E-7E08-4BC9-8032-C1FD95765ECB}.Validation|Any CPU.ActiveCfg = Release|Any CPU
		{0869F23E-7E08-4BC9-8032-C1FD95765ECB}.Validation|Any CPU.Build.0 = Release|Any CPU
		{8F23C8BE-A813-4B09-A8A6-45D6DEE3E9DA}.Debug|Any CPU.ActiveCfg = Debug|Any CPU
		{8F23C8BE-A813-4B09-A8A6-45D6DEE3E9DA}.Debug|Any CPU.Build.0 = Debug|Any CPU
		{8F23C8BE-A813-4B09-A8A6-45D6DEE3E9DA}.Pre|Any CPU.ActiveCfg = Release|Any CPU
		{8F23C8BE-A813-4B09-A8A6-45D6DEE3E9DA}.Pre|Any CPU.Build.0 = Release|Any CPU
		{8F23C8BE-A813-4B09-A8A6-45D6DEE3E9DA}.Pro|Any CPU.ActiveCfg = Release|Any CPU
		{8F23C8BE-A813-4B09-A8A6-45D6DEE3E9DA}.Pro|Any CPU.Build.0 = Release|Any CPU
		{8F23C8BE-A813-4B09-A8A6-45D6DEE3E9DA}.Prod|Any CPU.ActiveCfg = Release|Any CPU
		{8F23C8BE-A813-4B09-A8A6-45D6DEE3E9DA}.Prod|Any CPU.Build.0 = Release|Any CPU
		{8F23C8BE-A813-4B09-A8A6-45D6DEE3E9DA}.Release|Any CPU.ActiveCfg = Release|Any CPU
		{8F23C8BE-A813-4B09-A8A6-45D6DEE3E9DA}.Release|Any CPU.Build.0 = Release|Any CPU
		{8F23C8BE-A813-4B09-A8A6-45D6DEE3E9DA}.Sandbox|Any CPU.ActiveCfg = Release|Any CPU
		{8F23C8BE-A813-4B09-A8A6-45D6DEE3E9DA}.Sandbox|Any CPU.Build.0 = Release|Any CPU
		{8F23C8BE-A813-4B09-A8A6-45D6DEE3E9DA}.Test|Any CPU.ActiveCfg = Release|Any CPU
		{8F23C8BE-A813-4B09-A8A6-45D6DEE3E9DA}.Test|Any CPU.Build.0 = Release|Any CPU
		{8F23C8BE-A813-4B09-A8A6-45D6DEE3E9DA}.Training|Any CPU.ActiveCfg = Release|Any CPU
		{8F23C8BE-A813-4B09-A8A6-45D6DEE3E9DA}.Training|Any CPU.Build.0 = Release|Any CPU
		{8F23C8BE-A813-4B09-A8A6-45D6DEE3E9DA}.Validation|Any CPU.ActiveCfg = Release|Any CPU
		{8F23C8BE-A813-4B09-A8A6-45D6DEE3E9DA}.Validation|Any CPU.Build.0 = Release|Any CPU
		{AF775A66-DC7C-4542-A5E9-1998495D8958}.Debug|Any CPU.ActiveCfg = Debug|Any CPU
		{AF775A66-DC7C-4542-A5E9-1998495D8958}.Debug|Any CPU.Build.0 = Debug|Any CPU
		{AF775A66-DC7C-4542-A5E9-1998495D8958}.Pre|Any CPU.ActiveCfg = Release|Any CPU
		{AF775A66-DC7C-4542-A5E9-1998495D8958}.Pre|Any CPU.Build.0 = Release|Any CPU
		{AF775A66-DC7C-4542-A5E9-1998495D8958}.Pro|Any CPU.ActiveCfg = Release|Any CPU
		{AF775A66-DC7C-4542-A5E9-1998495D8958}.Pro|Any CPU.Build.0 = Release|Any CPU
		{AF775A66-DC7C-4542-A5E9-1998495D8958}.Prod|Any CPU.ActiveCfg = Release|Any CPU
		{AF775A66-DC7C-4542-A5E9-1998495D8958}.Prod|Any CPU.Build.0 = Release|Any CPU
		{AF775A66-DC7C-4542-A5E9-1998495D8958}.Release|Any CPU.ActiveCfg = Release|Any CPU
		{AF775A66-DC7C-4542-A5E9-1998495D8958}.Release|Any CPU.Build.0 = Release|Any CPU
		{AF775A66-DC7C-4542-A5E9-1998495D8958}.Sandbox|Any CPU.ActiveCfg = Release|Any CPU
		{AF775A66-DC7C-4542-A5E9-1998495D8958}.Sandbox|Any CPU.Build.0 = Release|Any CPU
		{AF775A66-DC7C-4542-A5E9-1998495D8958}.Test|Any CPU.ActiveCfg = Release|Any CPU
		{AF775A66-DC7C-4542-A5E9-1998495D8958}.Test|Any CPU.Build.0 = Release|Any CPU
		{AF775A66-DC7C-4542-A5E9-1998495D8958}.Training|Any CPU.ActiveCfg = Release|Any CPU
		{AF775A66-DC7C-4542-A5E9-1998495D8958}.Training|Any CPU.Build.0 = Release|Any CPU
		{AF775A66-DC7C-4542-A5E9-1998495D8958}.Validation|Any CPU.ActiveCfg = Release|Any CPU
		{AF775A66-DC7C-4542-A5E9-1998495D8958}.Validation|Any CPU.Build.0 = Release|Any CPU
	EndGlobalSection
	GlobalSection(SolutionProperties) = preSolution
		HideSolutionNode = FALSE
	EndGlobalSection
	GlobalSection(NestedProjects) = preSolution
		{42A877BA-16E5-4848-A40B-7D6810892CEE} = {8E964307-EE59-449E-A5B8-2E249B04FD6D}
		{84A5E7BC-ED69-4FC9-A2EE-9BB769F3F84F} = {1F479B65-90D9-4E38-9AD5-92112A446911}
		{D2C7E249-F2BF-45A6-8918-A919B13690B4} = {DD113AC9-57BD-47DB-BC39-EF6AAD165372}
		{65235E06-CAB5-413C-A776-63F029FEC4E7} = {DD113AC9-57BD-47DB-BC39-EF6AAD165372}
		{A6BEA4EA-4E67-46A9-A738-48218864959D} = {7C80C78F-3E4B-4D67-AAC6-59563012ACA1}
		{9CB651E8-26EE-4D87-9F18-13AAD7C88FEA} = {EDB8430F-23E5-4DBC-996B-E41B07651C82}
		{08F33605-C6AB-44FB-807B-5498EF81AB7E} = {B36A7BF5-4FDF-456B-B468-E30170EBA463}
		{B26BFE8B-7EE6-4F9E-9FDC-8BEEA14D01FE} = {B36A7BF5-4FDF-456B-B468-E30170EBA463}
		{51E9B5EE-D43A-4ACE-A166-C9536E876538} = {B36A7BF5-4FDF-456B-B468-E30170EBA463}
		{8A550FA9-08AB-4E47-B8AC-7A0382900E13} = {B36A7BF5-4FDF-456B-B468-E30170EBA463}
		{CB76B1B5-042F-40FC-9C75-3E6A4EE00EE4} = {08F33605-C6AB-44FB-807B-5498EF81AB7E}
	EndGlobalSection
EndGlobal
