
Microsoft Visual Studio Solution File, Format Version 12.00
# Visual Studio 14
VisualStudioVersion = 14.0.25420.1
MinimumVisualStudioVersion = 10.0.40219.1
Project("{FAE04EC0-301F-11D3-BF4B-00C04F79EFBC}") = "NotificationServer.NancyHost.Asp", "Nancy\NancyHost.Asp\NotificationServer.NancyHost.Asp.csproj", "{887A8565-4A10-44C8-82EF-F2F2D1D2BFBF}"
EndProject
Project("{FAE04EC0-301F-11D3-BF4B-00C04F79EFBC}") = "NotificationServer.Nancy", "Nancy\Bootstrapper\Nancy\NotificationServer.Nancy.csproj", "{18B4BA58-5B2A-4B1D-9DA9-F12F99BD642F}"
EndProject
Project("{FAE04EC0-301F-11D3-BF4B-00C04F79EFBC}") = "NotificationServer.Config", "..\..\1-Core\Common\Config\NotificationServer.Config.csproj", "{8335CE02-42AF-43FF-A6E2-EC87115A292C}"
EndProject
Project("{FAE04EC0-301F-11D3-BF4B-00C04F79EFBC}") = "NotificationServer.Core", "..\..\1-Core\Common\Core\NotificationServer.Core.csproj", "{051C79A8-7FEE-4007-9886-BE00708B9165}"
EndProject
Project("{FAE04EC0-301F-11D3-BF4B-00C04F79EFBC}") = "NotificationServer.Contract", "..\..\1-Core\Common\Contract\NotificationServer.Contract.csproj", "{CF147E43-853D-4CA5-AEB3-C2C07846BF1F}"
EndProject
Project("{FAE04EC0-301F-11D3-BF4B-00C04F79EFBC}") = "NotificationServer.Service", "..\..\1-Core\Common\Service\NotificationServer.Service.csproj", "{E7CB39E9-DC0F-4E9C-8AA8-CCCF22A4B3E1}"
EndProject
Project("{FAE04EC0-301F-11D3-BF4B-00C04F79EFBC}") = "NotificationServer.Service.Hangfire", "..\..\1-Core\Providers\ServiceProviders\Service.Hangfire\NotificationServer.Service.Hangfire.csproj", "{B11F17D5-1ECC-4E1F-BD83-9C5234FDF0C7}"
EndProject
Project("{FAE04EC0-301F-11D3-BF4B-00C04F79EFBC}") = "NotificationServer.Service.JWT", "..\..\1-Core\Providers\ServiceProviders\Service.JWT\NotificationServer.Service.JWT.csproj", "{C18CEF52-BEBB-423F-B985-7A6EB80AA004}"
EndProject
Project("{FAE04EC0-301F-11D3-BF4B-00C04F79EFBC}") = "NotificationServer.Service.SqlServer", "..\..\1-Core\Providers\SqlServer\NotificationServer.Service.SqlServer.csproj", "{9CF640BD-53EB-434D-8E33-7CD51188E0B2}"
EndProject
Project("{FAE04EC0-301F-11D3-BF4B-00C04F79EFBC}") = "NotificationServer.Templating.Razor", "..\..\1-Core\Providers\Templating\Razor\NotificationServer.Templating.Razor.csproj", "{503442A1-FB8F-4B09-A2D2-BFD4BDDC7C88}"
EndProject
Project("{2150E333-8FDC-42A3-9474-1A3956D46DE8}") = "1-Core", "1-Core", "{0F37F657-C6B6-482D-9140-E3C07592E673}"
EndProject
Project("{2150E333-8FDC-42A3-9474-1A3956D46DE8}") = "3-Hosts", "3-Hosts", "{88F1183B-D849-4513-9E15-1CA18065920F}"
EndProject
Project("{2150E333-8FDC-42A3-9474-1A3956D46DE8}") = "Clients", "Clients", "{D903F158-76B8-43B3-B521-C404CB4E09F9}"
EndProject
Project("{FAE04EC0-301F-11D3-BF4B-00C04F79EFBC}") = "NotificationServer.Client.Providers.Rest", "Client\dev\Client.Providers.Rest\NotificationServer.Client.Providers.Rest.csproj", "{A6DBE38A-CB2F-4556-80A0-E5EE23A8BB1C}"
EndProject
Project("{2150E333-8FDC-42A3-9474-1A3956D46DE8}") = "4-Clients", "4-Clients", "{2C18184F-0A87-490B-93ED-BFE0665D1C7B}"
EndProject
Project("{FAE04EC0-301F-11D3-BF4B-00C04F79EFBC}") = "NotificationServer.Client", "..\..\4-Clients\Client\NotificationServer.Client.csproj", "{42A877BA-16E5-4848-A40B-7D6810892CEE}"
EndProject
Global
	GlobalSection(SolutionConfigurationPlatforms) = preSolution
		Debug|Any CPU = Debug|Any CPU
		Pre|Any CPU = Pre|Any CPU
		Pro|Any CPU = Pro|Any CPU
		Release|Any CPU = Release|Any CPU
		Sandbox|Any CPU = Sandbox|Any CPU
		Test|Any CPU = Test|Any CPU
		Training|Any CPU = Training|Any CPU
		Validation|Any CPU = Validation|Any CPU
	EndGlobalSection
	GlobalSection(ProjectConfigurationPlatforms) = postSolution
		{887A8565-4A10-44C8-82EF-F2F2D1D2BFBF}.Debug|Any CPU.ActiveCfg = Debug|Any CPU
		{887A8565-4A10-44C8-82EF-F2F2D1D2BFBF}.Debug|Any CPU.Build.0 = Debug|Any CPU
		{887A8565-4A10-44C8-82EF-F2F2D1D2BFBF}.Pre|Any CPU.ActiveCfg = Release|Any CPU
		{887A8565-4A10-44C8-82EF-F2F2D1D2BFBF}.Pre|Any CPU.Build.0 = Release|Any CPU
		{887A8565-4A10-44C8-82EF-F2F2D1D2BFBF}.Pro|Any CPU.ActiveCfg = Release|Any CPU
		{887A8565-4A10-44C8-82EF-F2F2D1D2BFBF}.Pro|Any CPU.Build.0 = Release|Any CPU
		{887A8565-4A10-44C8-82EF-F2F2D1D2BFBF}.Release|Any CPU.ActiveCfg = Release|Any CPU
		{887A8565-4A10-44C8-82EF-F2F2D1D2BFBF}.Release|Any CPU.Build.0 = Release|Any CPU
		{887A8565-4A10-44C8-82EF-F2F2D1D2BFBF}.Sandbox|Any CPU.ActiveCfg = Release|Any CPU
		{887A8565-4A10-44C8-82EF-F2F2D1D2BFBF}.Sandbox|Any CPU.Build.0 = Release|Any CPU
		{887A8565-4A10-44C8-82EF-F2F2D1D2BFBF}.Test|Any CPU.ActiveCfg = Release|Any CPU
		{887A8565-4A10-44C8-82EF-F2F2D1D2BFBF}.Test|Any CPU.Build.0 = Release|Any CPU
		{887A8565-4A10-44C8-82EF-F2F2D1D2BFBF}.Training|Any CPU.ActiveCfg = Release|Any CPU
		{887A8565-4A10-44C8-82EF-F2F2D1D2BFBF}.Training|Any CPU.Build.0 = Release|Any CPU
		{887A8565-4A10-44C8-82EF-F2F2D1D2BFBF}.Validation|Any CPU.ActiveCfg = Release|Any CPU
		{887A8565-4A10-44C8-82EF-F2F2D1D2BFBF}.Validation|Any CPU.Build.0 = Release|Any CPU
		{18B4BA58-5B2A-4B1D-9DA9-F12F99BD642F}.Debug|Any CPU.ActiveCfg = Debug|Any CPU
		{18B4BA58-5B2A-4B1D-9DA9-F12F99BD642F}.Debug|Any CPU.Build.0 = Debug|Any CPU
		{18B4BA58-5B2A-4B1D-9DA9-F12F99BD642F}.Pre|Any CPU.ActiveCfg = Release|Any CPU
		{18B4BA58-5B2A-4B1D-9DA9-F12F99BD642F}.Pre|Any CPU.Build.0 = Release|Any CPU
		{18B4BA58-5B2A-4B1D-9DA9-F12F99BD642F}.Pro|Any CPU.ActiveCfg = Release|Any CPU
		{18B4BA58-5B2A-4B1D-9DA9-F12F99BD642F}.Pro|Any CPU.Build.0 = Release|Any CPU
		{18B4BA58-5B2A-4B1D-9DA9-F12F99BD642F}.Release|Any CPU.ActiveCfg = Release|Any CPU
		{18B4BA58-5B2A-4B1D-9DA9-F12F99BD642F}.Release|Any CPU.Build.0 = Release|Any CPU
		{18B4BA58-5B2A-4B1D-9DA9-F12F99BD642F}.Sandbox|Any CPU.ActiveCfg = Release|Any CPU
		{18B4BA58-5B2A-4B1D-9DA9-F12F99BD642F}.Sandbox|Any CPU.Build.0 = Release|Any CPU
		{18B4BA58-5B2A-4B1D-9DA9-F12F99BD642F}.Test|Any CPU.ActiveCfg = Release|Any CPU
		{18B4BA58-5B2A-4B1D-9DA9-F12F99BD642F}.Test|Any CPU.Build.0 = Release|Any CPU
		{18B4BA58-5B2A-4B1D-9DA9-F12F99BD642F}.Training|Any CPU.ActiveCfg = Release|Any CPU
		{18B4BA58-5B2A-4B1D-9DA9-F12F99BD642F}.Training|Any CPU.Build.0 = Release|Any CPU
		{18B4BA58-5B2A-4B1D-9DA9-F12F99BD642F}.Validation|Any CPU.ActiveCfg = Release|Any CPU
		{18B4BA58-5B2A-4B1D-9DA9-F12F99BD642F}.Validation|Any CPU.Build.0 = Release|Any CPU
		{8335CE02-42AF-43FF-A6E2-EC87115A292C}.Debug|Any CPU.ActiveCfg = Debug|Any CPU
		{8335CE02-42AF-43FF-A6E2-EC87115A292C}.Debug|Any CPU.Build.0 = Debug|Any CPU
		{8335CE02-42AF-43FF-A6E2-EC87115A292C}.Pre|Any CPU.ActiveCfg = Release|Any CPU
		{8335CE02-42AF-43FF-A6E2-EC87115A292C}.Pre|Any CPU.Build.0 = Release|Any CPU
		{8335CE02-42AF-43FF-A6E2-EC87115A292C}.Pro|Any CPU.ActiveCfg = Release|Any CPU
		{8335CE02-42AF-43FF-A6E2-EC87115A292C}.Pro|Any CPU.Build.0 = Release|Any CPU
		{8335CE02-42AF-43FF-A6E2-EC87115A292C}.Release|Any CPU.ActiveCfg = Release|Any CPU
		{8335CE02-42AF-43FF-A6E2-EC87115A292C}.Release|Any CPU.Build.0 = Release|Any CPU
		{8335CE02-42AF-43FF-A6E2-EC87115A292C}.Sandbox|Any CPU.ActiveCfg = Release|Any CPU
		{8335CE02-42AF-43FF-A6E2-EC87115A292C}.Sandbox|Any CPU.Build.0 = Release|Any CPU
		{8335CE02-42AF-43FF-A6E2-EC87115A292C}.Test|Any CPU.ActiveCfg = Release|Any CPU
		{8335CE02-42AF-43FF-A6E2-EC87115A292C}.Test|Any CPU.Build.0 = Release|Any CPU
		{8335CE02-42AF-43FF-A6E2-EC87115A292C}.Training|Any CPU.ActiveCfg = Release|Any CPU
		{8335CE02-42AF-43FF-A6E2-EC87115A292C}.Training|Any CPU.Build.0 = Release|Any CPU
		{8335CE02-42AF-43FF-A6E2-EC87115A292C}.Validation|Any CPU.ActiveCfg = Release|Any CPU
		{8335CE02-42AF-43FF-A6E2-EC87115A292C}.Validation|Any CPU.Build.0 = Release|Any CPU
		{051C79A8-7FEE-4007-9886-BE00708B9165}.Debug|Any CPU.ActiveCfg = Debug|Any CPU
		{051C79A8-7FEE-4007-9886-BE00708B9165}.Debug|Any CPU.Build.0 = Debug|Any CPU
		{051C79A8-7FEE-4007-9886-BE00708B9165}.Pre|Any CPU.ActiveCfg = Pre|Any CPU
		{051C79A8-7FEE-4007-9886-BE00708B9165}.Pre|Any CPU.Build.0 = Pre|Any CPU
		{051C79A8-7FEE-4007-9886-BE00708B9165}.Pro|Any CPU.ActiveCfg = Pro|Any CPU
		{051C79A8-7FEE-4007-9886-BE00708B9165}.Pro|Any CPU.Build.0 = Pro|Any CPU
		{051C79A8-7FEE-4007-9886-BE00708B9165}.Release|Any CPU.ActiveCfg = Release|Any CPU
		{051C79A8-7FEE-4007-9886-BE00708B9165}.Release|Any CPU.Build.0 = Release|Any CPU
		{051C79A8-7FEE-4007-9886-BE00708B9165}.Sandbox|Any CPU.ActiveCfg = Sandbox|Any CPU
		{051C79A8-7FEE-4007-9886-BE00708B9165}.Sandbox|Any CPU.Build.0 = Sandbox|Any CPU
		{051C79A8-7FEE-4007-9886-BE00708B9165}.Test|Any CPU.ActiveCfg = Test|Any CPU
		{051C79A8-7FEE-4007-9886-BE00708B9165}.Test|Any CPU.Build.0 = Test|Any CPU
		{051C79A8-7FEE-4007-9886-BE00708B9165}.Training|Any CPU.ActiveCfg = Training|Any CPU
		{051C79A8-7FEE-4007-9886-BE00708B9165}.Training|Any CPU.Build.0 = Training|Any CPU
		{051C79A8-7FEE-4007-9886-BE00708B9165}.Validation|Any CPU.ActiveCfg = Validation|Any CPU
		{051C79A8-7FEE-4007-9886-BE00708B9165}.Validation|Any CPU.Build.0 = Validation|Any CPU
		{CF147E43-853D-4CA5-AEB3-C2C07846BF1F}.Debug|Any CPU.ActiveCfg = Debug|Any CPU
		{CF147E43-853D-4CA5-AEB3-C2C07846BF1F}.Debug|Any CPU.Build.0 = Debug|Any CPU
		{CF147E43-853D-4CA5-AEB3-C2C07846BF1F}.Pre|Any CPU.ActiveCfg = Pre|Any CPU
		{CF147E43-853D-4CA5-AEB3-C2C07846BF1F}.Pre|Any CPU.Build.0 = Pre|Any CPU
		{CF147E43-853D-4CA5-AEB3-C2C07846BF1F}.Pro|Any CPU.ActiveCfg = Pro|Any CPU
		{CF147E43-853D-4CA5-AEB3-C2C07846BF1F}.Pro|Any CPU.Build.0 = Pro|Any CPU
		{CF147E43-853D-4CA5-AEB3-C2C07846BF1F}.Release|Any CPU.ActiveCfg = Release|Any CPU
		{CF147E43-853D-4CA5-AEB3-C2C07846BF1F}.Release|Any CPU.Build.0 = Release|Any CPU
		{CF147E43-853D-4CA5-AEB3-C2C07846BF1F}.Sandbox|Any CPU.ActiveCfg = Sandbox|Any CPU
		{CF147E43-853D-4CA5-AEB3-C2C07846BF1F}.Sandbox|Any CPU.Build.0 = Sandbox|Any CPU
		{CF147E43-853D-4CA5-AEB3-C2C07846BF1F}.Test|Any CPU.ActiveCfg = Test|Any CPU
		{CF147E43-853D-4CA5-AEB3-C2C07846BF1F}.Test|Any CPU.Build.0 = Test|Any CPU
		{CF147E43-853D-4CA5-AEB3-C2C07846BF1F}.Training|Any CPU.ActiveCfg = Training|Any CPU
		{CF147E43-853D-4CA5-AEB3-C2C07846BF1F}.Training|Any CPU.Build.0 = Training|Any CPU
		{CF147E43-853D-4CA5-AEB3-C2C07846BF1F}.Validation|Any CPU.ActiveCfg = Validation|Any CPU
		{CF147E43-853D-4CA5-AEB3-C2C07846BF1F}.Validation|Any CPU.Build.0 = Validation|Any CPU
		{E7CB39E9-DC0F-4E9C-8AA8-CCCF22A4B3E1}.Debug|Any CPU.ActiveCfg = Debug|Any CPU
		{E7CB39E9-DC0F-4E9C-8AA8-CCCF22A4B3E1}.Debug|Any CPU.Build.0 = Debug|Any CPU
		{E7CB39E9-DC0F-4E9C-8AA8-CCCF22A4B3E1}.Pre|Any CPU.ActiveCfg = Release|Any CPU
		{E7CB39E9-DC0F-4E9C-8AA8-CCCF22A4B3E1}.Pre|Any CPU.Build.0 = Release|Any CPU
		{E7CB39E9-DC0F-4E9C-8AA8-CCCF22A4B3E1}.Pro|Any CPU.ActiveCfg = Release|Any CPU
		{E7CB39E9-DC0F-4E9C-8AA8-CCCF22A4B3E1}.Pro|Any CPU.Build.0 = Release|Any CPU
		{E7CB39E9-DC0F-4E9C-8AA8-CCCF22A4B3E1}.Release|Any CPU.ActiveCfg = Release|Any CPU
		{E7CB39E9-DC0F-4E9C-8AA8-CCCF22A4B3E1}.Release|Any CPU.Build.0 = Release|Any CPU
		{E7CB39E9-DC0F-4E9C-8AA8-CCCF22A4B3E1}.Sandbox|Any CPU.ActiveCfg = Release|Any CPU
		{E7CB39E9-DC0F-4E9C-8AA8-CCCF22A4B3E1}.Sandbox|Any CPU.Build.0 = Release|Any CPU
		{E7CB39E9-DC0F-4E9C-8AA8-CCCF22A4B3E1}.Test|Any CPU.ActiveCfg = Release|Any CPU
		{E7CB39E9-DC0F-4E9C-8AA8-CCCF22A4B3E1}.Test|Any CPU.Build.0 = Release|Any CPU
		{E7CB39E9-DC0F-4E9C-8AA8-CCCF22A4B3E1}.Training|Any CPU.ActiveCfg = Release|Any CPU
		{E7CB39E9-DC0F-4E9C-8AA8-CCCF22A4B3E1}.Training|Any CPU.Build.0 = Release|Any CPU
		{E7CB39E9-DC0F-4E9C-8AA8-CCCF22A4B3E1}.Validation|Any CPU.ActiveCfg = Release|Any CPU
		{E7CB39E9-DC0F-4E9C-8AA8-CCCF22A4B3E1}.Validation|Any CPU.Build.0 = Release|Any CPU
		{B11F17D5-1ECC-4E1F-BD83-9C5234FDF0C7}.Debug|Any CPU.ActiveCfg = Debug|Any CPU
		{B11F17D5-1ECC-4E1F-BD83-9C5234FDF0C7}.Debug|Any CPU.Build.0 = Debug|Any CPU
		{B11F17D5-1ECC-4E1F-BD83-9C5234FDF0C7}.Pre|Any CPU.ActiveCfg = Release|Any CPU
		{B11F17D5-1ECC-4E1F-BD83-9C5234FDF0C7}.Pre|Any CPU.Build.0 = Release|Any CPU
		{B11F17D5-1ECC-4E1F-BD83-9C5234FDF0C7}.Pro|Any CPU.ActiveCfg = Release|Any CPU
		{B11F17D5-1ECC-4E1F-BD83-9C5234FDF0C7}.Pro|Any CPU.Build.0 = Release|Any CPU
		{B11F17D5-1ECC-4E1F-BD83-9C5234FDF0C7}.Release|Any CPU.ActiveCfg = Release|Any CPU
		{B11F17D5-1ECC-4E1F-BD83-9C5234FDF0C7}.Release|Any CPU.Build.0 = Release|Any CPU
		{B11F17D5-1ECC-4E1F-BD83-9C5234FDF0C7}.Sandbox|Any CPU.ActiveCfg = Release|Any CPU
		{B11F17D5-1ECC-4E1F-BD83-9C5234FDF0C7}.Sandbox|Any CPU.Build.0 = Release|Any CPU
		{B11F17D5-1ECC-4E1F-BD83-9C5234FDF0C7}.Test|Any CPU.ActiveCfg = Release|Any CPU
		{B11F17D5-1ECC-4E1F-BD83-9C5234FDF0C7}.Test|Any CPU.Build.0 = Release|Any CPU
		{B11F17D5-1ECC-4E1F-BD83-9C5234FDF0C7}.Training|Any CPU.ActiveCfg = Release|Any CPU
		{B11F17D5-1ECC-4E1F-BD83-9C5234FDF0C7}.Training|Any CPU.Build.0 = Release|Any CPU
		{B11F17D5-1ECC-4E1F-BD83-9C5234FDF0C7}.Validation|Any CPU.ActiveCfg = Release|Any CPU
		{B11F17D5-1ECC-4E1F-BD83-9C5234FDF0C7}.Validation|Any CPU.Build.0 = Release|Any CPU
		{C18CEF52-BEBB-423F-B985-7A6EB80AA004}.Debug|Any CPU.ActiveCfg = Debug|Any CPU
		{C18CEF52-BEBB-423F-B985-7A6EB80AA004}.Debug|Any CPU.Build.0 = Debug|Any CPU
		{C18CEF52-BEBB-423F-B985-7A6EB80AA004}.Pre|Any CPU.ActiveCfg = Release|Any CPU
		{C18CEF52-BEBB-423F-B985-7A6EB80AA004}.Pre|Any CPU.Build.0 = Release|Any CPU
		{C18CEF52-BEBB-423F-B985-7A6EB80AA004}.Pro|Any CPU.ActiveCfg = Release|Any CPU
		{C18CEF52-BEBB-423F-B985-7A6EB80AA004}.Pro|Any CPU.Build.0 = Release|Any CPU
		{C18CEF52-BEBB-423F-B985-7A6EB80AA004}.Release|Any CPU.ActiveCfg = Release|Any CPU
		{C18CEF52-BEBB-423F-B985-7A6EB80AA004}.Release|Any CPU.Build.0 = Release|Any CPU
		{C18CEF52-BEBB-423F-B985-7A6EB80AA004}.Sandbox|Any CPU.ActiveCfg = Release|Any CPU
		{C18CEF52-BEBB-423F-B985-7A6EB80AA004}.Sandbox|Any CPU.Build.0 = Release|Any CPU
		{C18CEF52-BEBB-423F-B985-7A6EB80AA004}.Test|Any CPU.ActiveCfg = Release|Any CPU
		{C18CEF52-BEBB-423F-B985-7A6EB80AA004}.Test|Any CPU.Build.0 = Release|Any CPU
		{C18CEF52-BEBB-423F-B985-7A6EB80AA004}.Training|Any CPU.ActiveCfg = Release|Any CPU
		{C18CEF52-BEBB-423F-B985-7A6EB80AA004}.Training|Any CPU.Build.0 = Release|Any CPU
		{C18CEF52-BEBB-423F-B985-7A6EB80AA004}.Validation|Any CPU.ActiveCfg = Release|Any CPU
		{C18CEF52-BEBB-423F-B985-7A6EB80AA004}.Validation|Any CPU.Build.0 = Release|Any CPU
		{9CF640BD-53EB-434D-8E33-7CD51188E0B2}.Debug|Any CPU.ActiveCfg = Debug|Any CPU
		{9CF640BD-53EB-434D-8E33-7CD51188E0B2}.Debug|Any CPU.Build.0 = Debug|Any CPU
		{9CF640BD-53EB-434D-8E33-7CD51188E0B2}.Pre|Any CPU.ActiveCfg = Release|Any CPU
		{9CF640BD-53EB-434D-8E33-7CD51188E0B2}.Pre|Any CPU.Build.0 = Release|Any CPU
		{9CF640BD-53EB-434D-8E33-7CD51188E0B2}.Pro|Any CPU.ActiveCfg = Release|Any CPU
		{9CF640BD-53EB-434D-8E33-7CD51188E0B2}.Pro|Any CPU.Build.0 = Release|Any CPU
		{9CF640BD-53EB-434D-8E33-7CD51188E0B2}.Release|Any CPU.ActiveCfg = Release|Any CPU
		{9CF640BD-53EB-434D-8E33-7CD51188E0B2}.Release|Any CPU.Build.0 = Release|Any CPU
		{9CF640BD-53EB-434D-8E33-7CD51188E0B2}.Sandbox|Any CPU.ActiveCfg = Release|Any CPU
		{9CF640BD-53EB-434D-8E33-7CD51188E0B2}.Sandbox|Any CPU.Build.0 = Release|Any CPU
		{9CF640BD-53EB-434D-8E33-7CD51188E0B2}.Test|Any CPU.ActiveCfg = Release|Any CPU
		{9CF640BD-53EB-434D-8E33-7CD51188E0B2}.Test|Any CPU.Build.0 = Release|Any CPU
		{9CF640BD-53EB-434D-8E33-7CD51188E0B2}.Training|Any CPU.ActiveCfg = Release|Any CPU
		{9CF640BD-53EB-434D-8E33-7CD51188E0B2}.Training|Any CPU.Build.0 = Release|Any CPU
		{9CF640BD-53EB-434D-8E33-7CD51188E0B2}.Validation|Any CPU.ActiveCfg = Release|Any CPU
		{9CF640BD-53EB-434D-8E33-7CD51188E0B2}.Validation|Any CPU.Build.0 = Release|Any CPU
		{503442A1-FB8F-4B09-A2D2-BFD4BDDC7C88}.Debug|Any CPU.ActiveCfg = Debug|Any CPU
		{503442A1-FB8F-4B09-A2D2-BFD4BDDC7C88}.Debug|Any CPU.Build.0 = Debug|Any CPU
		{503442A1-FB8F-4B09-A2D2-BFD4BDDC7C88}.Pre|Any CPU.ActiveCfg = Release|Any CPU
		{503442A1-FB8F-4B09-A2D2-BFD4BDDC7C88}.Pre|Any CPU.Build.0 = Release|Any CPU
		{503442A1-FB8F-4B09-A2D2-BFD4BDDC7C88}.Pro|Any CPU.ActiveCfg = Release|Any CPU
		{503442A1-FB8F-4B09-A2D2-BFD4BDDC7C88}.Pro|Any CPU.Build.0 = Release|Any CPU
		{503442A1-FB8F-4B09-A2D2-BFD4BDDC7C88}.Release|Any CPU.ActiveCfg = Release|Any CPU
		{503442A1-FB8F-4B09-A2D2-BFD4BDDC7C88}.Release|Any CPU.Build.0 = Release|Any CPU
		{503442A1-FB8F-4B09-A2D2-BFD4BDDC7C88}.Sandbox|Any CPU.ActiveCfg = Release|Any CPU
		{503442A1-FB8F-4B09-A2D2-BFD4BDDC7C88}.Sandbox|Any CPU.Build.0 = Release|Any CPU
		{503442A1-FB8F-4B09-A2D2-BFD4BDDC7C88}.Test|Any CPU.ActiveCfg = Release|Any CPU
		{503442A1-FB8F-4B09-A2D2-BFD4BDDC7C88}.Test|Any CPU.Build.0 = Release|Any CPU
		{503442A1-FB8F-4B09-A2D2-BFD4BDDC7C88}.Training|Any CPU.ActiveCfg = Release|Any CPU
		{503442A1-FB8F-4B09-A2D2-BFD4BDDC7C88}.Training|Any CPU.Build.0 = Release|Any CPU
		{503442A1-FB8F-4B09-A2D2-BFD4BDDC7C88}.Validation|Any CPU.ActiveCfg = Release|Any CPU
		{503442A1-FB8F-4B09-A2D2-BFD4BDDC7C88}.Validation|Any CPU.Build.0 = Release|Any CPU
		{A6DBE38A-CB2F-4556-80A0-E5EE23A8BB1C}.Debug|Any CPU.ActiveCfg = Debug|Any CPU
		{A6DBE38A-CB2F-4556-80A0-E5EE23A8BB1C}.Debug|Any CPU.Build.0 = Debug|Any CPU
		{A6DBE38A-CB2F-4556-80A0-E5EE23A8BB1C}.Pre|Any CPU.ActiveCfg = Release|Any CPU
		{A6DBE38A-CB2F-4556-80A0-E5EE23A8BB1C}.Pre|Any CPU.Build.0 = Release|Any CPU
		{A6DBE38A-CB2F-4556-80A0-E5EE23A8BB1C}.Pro|Any CPU.ActiveCfg = Release|Any CPU
		{A6DBE38A-CB2F-4556-80A0-E5EE23A8BB1C}.Pro|Any CPU.Build.0 = Release|Any CPU
		{A6DBE38A-CB2F-4556-80A0-E5EE23A8BB1C}.Release|Any CPU.ActiveCfg = Release|Any CPU
		{A6DBE38A-CB2F-4556-80A0-E5EE23A8BB1C}.Release|Any CPU.Build.0 = Release|Any CPU
		{A6DBE38A-CB2F-4556-80A0-E5EE23A8BB1C}.Sandbox|Any CPU.ActiveCfg = Release|Any CPU
		{A6DBE38A-CB2F-4556-80A0-E5EE23A8BB1C}.Sandbox|Any CPU.Build.0 = Release|Any CPU
		{A6DBE38A-CB2F-4556-80A0-E5EE23A8BB1C}.Test|Any CPU.ActiveCfg = Release|Any CPU
		{A6DBE38A-CB2F-4556-80A0-E5EE23A8BB1C}.Test|Any CPU.Build.0 = Release|Any CPU
		{A6DBE38A-CB2F-4556-80A0-E5EE23A8BB1C}.Training|Any CPU.ActiveCfg = Release|Any CPU
		{A6DBE38A-CB2F-4556-80A0-E5EE23A8BB1C}.Training|Any CPU.Build.0 = Release|Any CPU
		{A6DBE38A-CB2F-4556-80A0-E5EE23A8BB1C}.Validation|Any CPU.ActiveCfg = Release|Any CPU
		{A6DBE38A-CB2F-4556-80A0-E5EE23A8BB1C}.Validation|Any CPU.Build.0 = Release|Any CPU
		{42A877BA-16E5-4848-A40B-7D6810892CEE}.Debug|Any CPU.ActiveCfg = Debug|Any CPU
		{42A877BA-16E5-4848-A40B-7D6810892CEE}.Debug|Any CPU.Build.0 = Debug|Any CPU
		{42A877BA-16E5-4848-A40B-7D6810892CEE}.Pre|Any CPU.ActiveCfg = Pre|Any CPU
		{42A877BA-16E5-4848-A40B-7D6810892CEE}.Pre|Any CPU.Build.0 = Pre|Any CPU
		{42A877BA-16E5-4848-A40B-7D6810892CEE}.Pro|Any CPU.ActiveCfg = Pro|Any CPU
		{42A877BA-16E5-4848-A40B-7D6810892CEE}.Pro|Any CPU.Build.0 = Pro|Any CPU
		{42A877BA-16E5-4848-A40B-7D6810892CEE}.Release|Any CPU.ActiveCfg = Release|Any CPU
		{42A877BA-16E5-4848-A40B-7D6810892CEE}.Release|Any CPU.Build.0 = Release|Any CPU
		{42A877BA-16E5-4848-A40B-7D6810892CEE}.Sandbox|Any CPU.ActiveCfg = Sandbox|Any CPU
		{42A877BA-16E5-4848-A40B-7D6810892CEE}.Sandbox|Any CPU.Build.0 = Sandbox|Any CPU
		{42A877BA-16E5-4848-A40B-7D6810892CEE}.Test|Any CPU.ActiveCfg = Test|Any CPU
		{42A877BA-16E5-4848-A40B-7D6810892CEE}.Test|Any CPU.Build.0 = Test|Any CPU
		{42A877BA-16E5-4848-A40B-7D6810892CEE}.Training|Any CPU.ActiveCfg = Training|Any CPU
		{42A877BA-16E5-4848-A40B-7D6810892CEE}.Training|Any CPU.Build.0 = Training|Any CPU
		{42A877BA-16E5-4848-A40B-7D6810892CEE}.Validation|Any CPU.ActiveCfg = Validation|Any CPU
		{42A877BA-16E5-4848-A40B-7D6810892CEE}.Validation|Any CPU.Build.0 = Validation|Any CPU
	EndGlobalSection
	GlobalSection(SolutionProperties) = preSolution
		HideSolutionNode = FALSE
	EndGlobalSection
	GlobalSection(NestedProjects) = preSolution
		{18B4BA58-5B2A-4B1D-9DA9-F12F99BD642F} = {88F1183B-D849-4513-9E15-1CA18065920F}
		{8335CE02-42AF-43FF-A6E2-EC87115A292C} = {0F37F657-C6B6-482D-9140-E3C07592E673}
		{051C79A8-7FEE-4007-9886-BE00708B9165} = {0F37F657-C6B6-482D-9140-E3C07592E673}
		{CF147E43-853D-4CA5-AEB3-C2C07846BF1F} = {0F37F657-C6B6-482D-9140-E3C07592E673}
		{E7CB39E9-DC0F-4E9C-8AA8-CCCF22A4B3E1} = {0F37F657-C6B6-482D-9140-E3C07592E673}
		{B11F17D5-1ECC-4E1F-BD83-9C5234FDF0C7} = {0F37F657-C6B6-482D-9140-E3C07592E673}
		{C18CEF52-BEBB-423F-B985-7A6EB80AA004} = {0F37F657-C6B6-482D-9140-E3C07592E673}
		{9CF640BD-53EB-434D-8E33-7CD51188E0B2} = {0F37F657-C6B6-482D-9140-E3C07592E673}
		{503442A1-FB8F-4B09-A2D2-BFD4BDDC7C88} = {0F37F657-C6B6-482D-9140-E3C07592E673}
		{A6DBE38A-CB2F-4556-80A0-E5EE23A8BB1C} = {D903F158-76B8-43B3-B521-C404CB4E09F9}
		{42A877BA-16E5-4848-A40B-7D6810892CEE} = {2C18184F-0A87-490B-93ED-BFE0665D1C7B}
	EndGlobalSection
	GlobalSection(TeamFoundationVersionControl) = preSolution
		SccNumberOfProjects = 13
		SccEnterpriseProvider = {4CA58AB2-18FA-4F8D-95D4-32DDF27D184C}
		SccTeamFoundationServer = http://fctfs1:8080/tfs/colab
		SccLocalPath0 = .
		SccProjectUniqueName1 = Nancy\\NancyHost.Asp\\NotificationServer.NancyHost.Asp.csproj
		SccProjectName1 = Nancy/NancyHost.Asp
		SccLocalPath1 = Nancy\\NancyHost.Asp
		SccProjectUniqueName2 = Nancy\\Bootstrapper\\Nancy\\NotificationServer.Nancy.csproj
		SccProjectTopLevelParentUniqueName2 = Facture.NotificationServer.Host.Api.sln
		SccProjectName2 = Nancy/Bootstrapper/Nancy
		SccLocalPath2 = Nancy\\Bootstrapper\\Nancy
		SccProjectUniqueName3 = ..\\..\\1-Core\\Common\\Config\\NotificationServer.Config.csproj
		SccProjectTopLevelParentUniqueName3 = Facture.NotificationServer.Host.Api.sln
		SccProjectName3 = ../../1-Core/Common/Config
		SccLocalPath3 = ..\\..\\1-Core\\Common\\Config
		SccProjectUniqueName4 = ..\\..\\1-Core\\Common\\Core\\NotificationServer.Core.csproj
		SccProjectTopLevelParentUniqueName4 = Facture.NotificationServer.Host.Api.sln
		SccProjectName4 = ../../1-Core/Common/Core
		SccLocalPath4 = ..\\..\\1-Core\\Common\\Core
		SccProjectUniqueName5 = ..\\..\\1-Core\\Common\\Contract\\NotificationServer.Contract.csproj
		SccProjectTopLevelParentUniqueName5 = Facture.NotificationServer.Host.Api.sln
		SccProjectName5 = ../../1-Core/Common/Contract
		SccLocalPath5 = ..\\..\\1-Core\\Common\\Contract
		SccProjectUniqueName6 = ..\\..\\1-Core\\Common\\Service\\NotificationServer.Service.csproj
		SccProjectTopLevelParentUniqueName6 = Facture.NotificationServer.Host.Api.sln
		SccProjectName6 = ../../1-Core/Common/Service
		SccLocalPath6 = ..\\..\\1-Core\\Common\\Service
		SccProjectUniqueName7 = ..\\..\\1-Core\\Providers\\ServiceProviders\\Service.Hangfire\\NotificationServer.Service.Hangfire.csproj
		SccProjectTopLevelParentUniqueName7 = Facture.NotificationServer.Host.Api.sln
		SccProjectName7 = ../../1-Core/Providers/ServiceProviders/Service.Hangfire
		SccLocalPath7 = ..\\..\\1-Core\\Providers\\ServiceProviders\\Service.Hangfire
		SccProjectUniqueName8 = ..\\..\\1-Core\\Providers\\ServiceProviders\\Service.JWT\\NotificationServer.Service.JWT.csproj
		SccProjectTopLevelParentUniqueName8 = Facture.NotificationServer.Host.Api.sln
		SccProjectName8 = ../../1-Core/Providers/ServiceProviders/Service.JWT
		SccLocalPath8 = ..\\..\\1-Core\\Providers\\ServiceProviders\\Service.JWT
		SccProjectUniqueName9 = ..\\..\\1-Core\\Providers\\SqlServer\\NotificationServer.Service.SqlServer.csproj
		SccProjectTopLevelParentUniqueName9 = Facture.NotificationServer.Host.Api.sln
		SccProjectName9 = ../../1-Core/Providers/SqlServer
		SccLocalPath9 = ..\\..\\1-Core\\Providers\\SqlServer
		SccProjectUniqueName10 = ..\\..\\1-Core\\Providers\\Templating\\Razor\\NotificationServer.Templating.Razor.csproj
		SccProjectTopLevelParentUniqueName10 = Facture.NotificationServer.Host.Api.sln
		SccProjectName10 = ../../1-Core/Providers/Templating/Razor
		SccLocalPath10 = ..\\..\\1-Core\\Providers\\Templating\\Razor
		SccProjectUniqueName11 = Client\\dev\\Client.Providers.Rest\\NotificationServer.Client.Providers.Rest.csproj
		SccProjectTopLevelParentUniqueName11 = Facture.NotificationServer.Host.Api.sln
		SccProjectName11 = Client/dev/Client.Providers.Rest
		SccLocalPath11 = Client\\dev\\Client.Providers.Rest
		SccProjectUniqueName12 = ..\\..\\4-Clients\\Client\\NotificationServer.Client.csproj
		SccProjectTopLevelParentUniqueName12 = Facture.NotificationServer.Host.Api.sln
		SccProjectName12 = ../../4-Clients/Client
		SccLocalPath12 = ..\\..\\4-Clients\\Client
	EndGlobalSection
EndGlobal
