
Microsoft Visual Studio Solution File, Format Version 12.00
# Visual Studio 14
VisualStudioVersion = 14.0.25420.1
MinimumVisualStudioVersion = 10.0.40219.1
Project("{FAE04EC0-301F-11D3-BF4B-00C04F79EFBC}") = "NotificationServer.Config", "Common\Config\NotificationServer.Config.csproj", "{8335CE02-42AF-43FF-A6E2-EC87115A292C}"
EndProject
Project("{2150E333-8FDC-42A3-9474-1A3956D46DE8}") = "Common", "Common", "{51B49A32-3744-438A-A753-E99EB0A6C001}"
EndProject
Project("{FAE04EC0-301F-11D3-BF4B-00C04F79EFBC}") = "NotificationServer.Contract", "Common\Contract\NotificationServer.Contract.csproj", "{CF147E43-853D-4CA5-AEB3-C2C07846BF1F}"
EndProject
Project("{FAE04EC0-301F-11D3-BF4B-00C04F79EFBC}") = "NotificationServer.Core", "Common\Core\NotificationServer.Core.csproj", "{051C79A8-7FEE-4007-9886-BE00708B9165}"
EndProject
Project("{FAE04EC0-301F-11D3-BF4B-00C04F79EFBC}") = "NotificationServer.Service", "Common\Service\NotificationServer.Service.csproj", "{E7CB39E9-DC0F-4E9C-8AA8-CCCF22A4B3E1}"
EndProject
Project("{2150E333-8FDC-42A3-9474-1A3956D46DE8}") = "Interceptors", "Interceptors", "{6BBF5103-2A9B-4C54-9660-B94AA4E212A4}"
EndProject
Project("{FAE04EC0-301F-11D3-BF4B-00C04F79EFBC}") = "NotificationServer.Interceptors.CoreInterceptors", "Interceptors\Interceptors.CoreInterceptors\NotificationServer.Interceptors.CoreInterceptors.csproj", "{CC4C79BA-2C21-4671-8741-8004F3452840}"
EndProject
Project("{2150E333-8FDC-42A3-9474-1A3956D46DE8}") = "Providers", "Providers", "{72A34B8F-5C4A-419C-A550-73EB955E063D}"
EndProject
Project("{2150E333-8FDC-42A3-9474-1A3956D46DE8}") = "ServiceProviders", "ServiceProviders", "{FBACB740-B173-45E6-8171-05813B75F283}"
EndProject
Project("{2150E333-8FDC-42A3-9474-1A3956D46DE8}") = "Storage", "Storage", "{14EEF6CD-36CF-4515-A970-7E8C8AE16022}"
EndProject
Project("{2150E333-8FDC-42A3-9474-1A3956D46DE8}") = "Templating", "Templating", "{C9DF2BA8-E946-486C-85F2-9504C3AF105F}"
EndProject
Project("{FAE04EC0-301F-11D3-BF4B-00C04F79EFBC}") = "GenerateTokensTest", "Providers\ServiceProviders\GenerateTokensTest\GenerateTokensTest.csproj", "{49C4A708-273B-4245-8DE3-CCA06B9DB4F1}"
EndProject
Project("{FAE04EC0-301F-11D3-BF4B-00C04F79EFBC}") = "NotificationServer.Service.Hangfire", "Providers\ServiceProviders\Service.Hangfire\NotificationServer.Service.Hangfire.csproj", "{B11F17D5-1ECC-4E1F-BD83-9C5234FDF0C7}"
EndProject
Project("{FAE04EC0-301F-11D3-BF4B-00C04F79EFBC}") = "NotificationServer.Service.JWT", "Providers\ServiceProviders\Service.JWT\NotificationServer.Service.JWT.csproj", "{C18CEF52-BEBB-423F-B985-7A6EB80AA004}"
EndProject
Project("{FAE04EC0-301F-11D3-BF4B-00C04F79EFBC}") = "NotificationServer.Service.SqlServer", "Providers\SqlServer\NotificationServer.Service.SqlServer.csproj", "{9CF640BD-53EB-434D-8E33-7CD51188E0B2}"
EndProject
Project("{FAE04EC0-301F-11D3-BF4B-00C04F79EFBC}") = "NotificationServer.Templating.Razor", "Providers\Templating\Razor\NotificationServer.Templating.Razor.csproj", "{503442A1-FB8F-4B09-A2D2-BFD4BDDC7C88}"
EndProject
Project("{2150E333-8FDC-42A3-9474-1A3956D46DE8}") = "_Package", "_Package", "{D4B5F172-608D-4011-8DC7-670F2FAB90B9}"
EndProject
Project("{FAE04EC0-301F-11D3-BF4B-00C04F79EFBC}") = "Notification.Core.Packager", "_Package\Notification.Core.Packager.csproj", "{661BE9A3-7B50-47EB-A9F7-0ADD598505DE}"
EndProject
Global
	GlobalSection(SolutionConfigurationPlatforms) = preSolution
		Debug|Any CPU = Debug|Any CPU
		Pre|Any CPU = Pre|Any CPU
		Pro|Any CPU = Pro|Any CPU
		Release|Any CPU = Release|Any CPU
		Sandbox|Any CPU = Sandbox|Any CPU
		Test|Any CPU = Test|Any CPU
		Training|Any CPU = Training|Any CPU
		Validation|Any CPU = Validation|Any CPU
	EndGlobalSection
	GlobalSection(ProjectConfigurationPlatforms) = postSolution
		{8335CE02-42AF-43FF-A6E2-EC87115A292C}.Debug|Any CPU.ActiveCfg = Debug|Any CPU
		{8335CE02-42AF-43FF-A6E2-EC87115A292C}.Debug|Any CPU.Build.0 = Debug|Any CPU
		{8335CE02-42AF-43FF-A6E2-EC87115A292C}.Pre|Any CPU.ActiveCfg = Release|Any CPU
		{8335CE02-42AF-43FF-A6E2-EC87115A292C}.Pre|Any CPU.Build.0 = Release|Any CPU
		{8335CE02-42AF-43FF-A6E2-EC87115A292C}.Pro|Any CPU.ActiveCfg = Release|Any CPU
		{8335CE02-42AF-43FF-A6E2-EC87115A292C}.Pro|Any CPU.Build.0 = Release|Any CPU
		{8335CE02-42AF-43FF-A6E2-EC87115A292C}.Release|Any CPU.ActiveCfg = Release|Any CPU
		{8335CE02-42AF-43FF-A6E2-EC87115A292C}.Release|Any CPU.Build.0 = Release|Any CPU
		{8335CE02-42AF-43FF-A6E2-EC87115A292C}.Sandbox|Any CPU.ActiveCfg = Release|Any CPU
		{8335CE02-42AF-43FF-A6E2-EC87115A292C}.Sandbox|Any CPU.Build.0 = Release|Any CPU
		{8335CE02-42AF-43FF-A6E2-EC87115A292C}.Test|Any CPU.ActiveCfg = Release|Any CPU
		{8335CE02-42AF-43FF-A6E2-EC87115A292C}.Test|Any CPU.Build.0 = Release|Any CPU
		{8335CE02-42AF-43FF-A6E2-EC87115A292C}.Training|Any CPU.ActiveCfg = Release|Any CPU
		{8335CE02-42AF-43FF-A6E2-EC87115A292C}.Training|Any CPU.Build.0 = Release|Any CPU
		{8335CE02-42AF-43FF-A6E2-EC87115A292C}.Validation|Any CPU.ActiveCfg = Release|Any CPU
		{8335CE02-42AF-43FF-A6E2-EC87115A292C}.Validation|Any CPU.Build.0 = Release|Any CPU
		{CF147E43-853D-4CA5-AEB3-C2C07846BF1F}.Debug|Any CPU.ActiveCfg = Debug|Any CPU
		{CF147E43-853D-4CA5-AEB3-C2C07846BF1F}.Debug|Any CPU.Build.0 = Debug|Any CPU
		{CF147E43-853D-4CA5-AEB3-C2C07846BF1F}.Pre|Any CPU.ActiveCfg = Pre|Any CPU
		{CF147E43-853D-4CA5-AEB3-C2C07846BF1F}.Pre|Any CPU.Build.0 = Pre|Any CPU
		{CF147E43-853D-4CA5-AEB3-C2C07846BF1F}.Pro|Any CPU.ActiveCfg = Pro|Any CPU
		{CF147E43-853D-4CA5-AEB3-C2C07846BF1F}.Pro|Any CPU.Build.0 = Pro|Any CPU
		{CF147E43-853D-4CA5-AEB3-C2C07846BF1F}.Release|Any CPU.ActiveCfg = Release|Any CPU
		{CF147E43-853D-4CA5-AEB3-C2C07846BF1F}.Release|Any CPU.Build.0 = Release|Any CPU
		{CF147E43-853D-4CA5-AEB3-C2C07846BF1F}.Sandbox|Any CPU.ActiveCfg = Sandbox|Any CPU
		{CF147E43-853D-4CA5-AEB3-C2C07846BF1F}.Sandbox|Any CPU.Build.0 = Sandbox|Any CPU
		{CF147E43-853D-4CA5-AEB3-C2C07846BF1F}.Test|Any CPU.ActiveCfg = Test|Any CPU
		{CF147E43-853D-4CA5-AEB3-C2C07846BF1F}.Test|Any CPU.Build.0 = Test|Any CPU
		{CF147E43-853D-4CA5-AEB3-C2C07846BF1F}.Training|Any CPU.ActiveCfg = Training|Any CPU
		{CF147E43-853D-4CA5-AEB3-C2C07846BF1F}.Training|Any CPU.Build.0 = Training|Any CPU
		{CF147E43-853D-4CA5-AEB3-C2C07846BF1F}.Validation|Any CPU.ActiveCfg = Validation|Any CPU
		{CF147E43-853D-4CA5-AEB3-C2C07846BF1F}.Validation|Any CPU.Build.0 = Validation|Any CPU
		{051C79A8-7FEE-4007-9886-BE00708B9165}.Debug|Any CPU.ActiveCfg = Debug|Any CPU
		{051C79A8-7FEE-4007-9886-BE00708B9165}.Debug|Any CPU.Build.0 = Debug|Any CPU
		{051C79A8-7FEE-4007-9886-BE00708B9165}.Pre|Any CPU.ActiveCfg = Pre|Any CPU
		{051C79A8-7FEE-4007-9886-BE00708B9165}.Pre|Any CPU.Build.0 = Pre|Any CPU
		{051C79A8-7FEE-4007-9886-BE00708B9165}.Pro|Any CPU.ActiveCfg = Pro|Any CPU
		{051C79A8-7FEE-4007-9886-BE00708B9165}.Pro|Any CPU.Build.0 = Pro|Any CPU
		{051C79A8-7FEE-4007-9886-BE00708B9165}.Release|Any CPU.ActiveCfg = Release|Any CPU
		{051C79A8-7FEE-4007-9886-BE00708B9165}.Release|Any CPU.Build.0 = Release|Any CPU
		{051C79A8-7FEE-4007-9886-BE00708B9165}.Sandbox|Any CPU.ActiveCfg = Sandbox|Any CPU
		{051C79A8-7FEE-4007-9886-BE00708B9165}.Sandbox|Any CPU.Build.0 = Sandbox|Any CPU
		{051C79A8-7FEE-4007-9886-BE00708B9165}.Test|Any CPU.ActiveCfg = Test|Any CPU
		{051C79A8-7FEE-4007-9886-BE00708B9165}.Test|Any CPU.Build.0 = Test|Any CPU
		{051C79A8-7FEE-4007-9886-BE00708B9165}.Training|Any CPU.ActiveCfg = Training|Any CPU
		{051C79A8-7FEE-4007-9886-BE00708B9165}.Training|Any CPU.Build.0 = Training|Any CPU
		{051C79A8-7FEE-4007-9886-BE00708B9165}.Validation|Any CPU.ActiveCfg = Validation|Any CPU
		{051C79A8-7FEE-4007-9886-BE00708B9165}.Validation|Any CPU.Build.0 = Validation|Any CPU
		{E7CB39E9-DC0F-4E9C-8AA8-CCCF22A4B3E1}.Debug|Any CPU.ActiveCfg = Debug|Any CPU
		{E7CB39E9-DC0F-4E9C-8AA8-CCCF22A4B3E1}.Debug|Any CPU.Build.0 = Debug|Any CPU
		{E7CB39E9-DC0F-4E9C-8AA8-CCCF22A4B3E1}.Pre|Any CPU.ActiveCfg = Release|Any CPU
		{E7CB39E9-DC0F-4E9C-8AA8-CCCF22A4B3E1}.Pre|Any CPU.Build.0 = Release|Any CPU
		{E7CB39E9-DC0F-4E9C-8AA8-CCCF22A4B3E1}.Pro|Any CPU.ActiveCfg = Release|Any CPU
		{E7CB39E9-DC0F-4E9C-8AA8-CCCF22A4B3E1}.Pro|Any CPU.Build.0 = Release|Any CPU
		{E7CB39E9-DC0F-4E9C-8AA8-CCCF22A4B3E1}.Release|Any CPU.ActiveCfg = Release|Any CPU
		{E7CB39E9-DC0F-4E9C-8AA8-CCCF22A4B3E1}.Release|Any CPU.Build.0 = Release|Any CPU
		{E7CB39E9-DC0F-4E9C-8AA8-CCCF22A4B3E1}.Sandbox|Any CPU.ActiveCfg = Release|Any CPU
		{E7CB39E9-DC0F-4E9C-8AA8-CCCF22A4B3E1}.Sandbox|Any CPU.Build.0 = Release|Any CPU
		{E7CB39E9-DC0F-4E9C-8AA8-CCCF22A4B3E1}.Test|Any CPU.ActiveCfg = Release|Any CPU
		{E7CB39E9-DC0F-4E9C-8AA8-CCCF22A4B3E1}.Test|Any CPU.Build.0 = Release|Any CPU
		{E7CB39E9-DC0F-4E9C-8AA8-CCCF22A4B3E1}.Training|Any CPU.ActiveCfg = Release|Any CPU
		{E7CB39E9-DC0F-4E9C-8AA8-CCCF22A4B3E1}.Training|Any CPU.Build.0 = Release|Any CPU
		{E7CB39E9-DC0F-4E9C-8AA8-CCCF22A4B3E1}.Validation|Any CPU.ActiveCfg = Release|Any CPU
		{E7CB39E9-DC0F-4E9C-8AA8-CCCF22A4B3E1}.Validation|Any CPU.Build.0 = Release|Any CPU
		{CC4C79BA-2C21-4671-8741-8004F3452840}.Debug|Any CPU.ActiveCfg = Debug|Any CPU
		{CC4C79BA-2C21-4671-8741-8004F3452840}.Debug|Any CPU.Build.0 = Debug|Any CPU
		{CC4C79BA-2C21-4671-8741-8004F3452840}.Pre|Any CPU.ActiveCfg = Release|Any CPU
		{CC4C79BA-2C21-4671-8741-8004F3452840}.Pre|Any CPU.Build.0 = Release|Any CPU
		{CC4C79BA-2C21-4671-8741-8004F3452840}.Pro|Any CPU.ActiveCfg = Release|Any CPU
		{CC4C79BA-2C21-4671-8741-8004F3452840}.Pro|Any CPU.Build.0 = Release|Any CPU
		{CC4C79BA-2C21-4671-8741-8004F3452840}.Release|Any CPU.ActiveCfg = Release|Any CPU
		{CC4C79BA-2C21-4671-8741-8004F3452840}.Release|Any CPU.Build.0 = Release|Any CPU
		{CC4C79BA-2C21-4671-8741-8004F3452840}.Sandbox|Any CPU.ActiveCfg = Release|Any CPU
		{CC4C79BA-2C21-4671-8741-8004F3452840}.Sandbox|Any CPU.Build.0 = Release|Any CPU
		{CC4C79BA-2C21-4671-8741-8004F3452840}.Test|Any CPU.ActiveCfg = Release|Any CPU
		{CC4C79BA-2C21-4671-8741-8004F3452840}.Test|Any CPU.Build.0 = Release|Any CPU
		{CC4C79BA-2C21-4671-8741-8004F3452840}.Training|Any CPU.ActiveCfg = Release|Any CPU
		{CC4C79BA-2C21-4671-8741-8004F3452840}.Training|Any CPU.Build.0 = Release|Any CPU
		{CC4C79BA-2C21-4671-8741-8004F3452840}.Validation|Any CPU.ActiveCfg = Release|Any CPU
		{CC4C79BA-2C21-4671-8741-8004F3452840}.Validation|Any CPU.Build.0 = Release|Any CPU
		{49C4A708-273B-4245-8DE3-CCA06B9DB4F1}.Debug|Any CPU.ActiveCfg = Debug|Any CPU
		{49C4A708-273B-4245-8DE3-CCA06B9DB4F1}.Debug|Any CPU.Build.0 = Debug|Any CPU
		{49C4A708-273B-4245-8DE3-CCA06B9DB4F1}.Pre|Any CPU.ActiveCfg = Release|Any CPU
		{49C4A708-273B-4245-8DE3-CCA06B9DB4F1}.Pre|Any CPU.Build.0 = Release|Any CPU
		{49C4A708-273B-4245-8DE3-CCA06B9DB4F1}.Pro|Any CPU.ActiveCfg = Release|Any CPU
		{49C4A708-273B-4245-8DE3-CCA06B9DB4F1}.Pro|Any CPU.Build.0 = Release|Any CPU
		{49C4A708-273B-4245-8DE3-CCA06B9DB4F1}.Release|Any CPU.ActiveCfg = Release|Any CPU
		{49C4A708-273B-4245-8DE3-CCA06B9DB4F1}.Release|Any CPU.Build.0 = Release|Any CPU
		{49C4A708-273B-4245-8DE3-CCA06B9DB4F1}.Sandbox|Any CPU.ActiveCfg = Release|Any CPU
		{49C4A708-273B-4245-8DE3-CCA06B9DB4F1}.Sandbox|Any CPU.Build.0 = Release|Any CPU
		{49C4A708-273B-4245-8DE3-CCA06B9DB4F1}.Test|Any CPU.ActiveCfg = Release|Any CPU
		{49C4A708-273B-4245-8DE3-CCA06B9DB4F1}.Test|Any CPU.Build.0 = Release|Any CPU
		{49C4A708-273B-4245-8DE3-CCA06B9DB4F1}.Training|Any CPU.ActiveCfg = Release|Any CPU
		{49C4A708-273B-4245-8DE3-CCA06B9DB4F1}.Training|Any CPU.Build.0 = Release|Any CPU
		{49C4A708-273B-4245-8DE3-CCA06B9DB4F1}.Validation|Any CPU.ActiveCfg = Release|Any CPU
		{49C4A708-273B-4245-8DE3-CCA06B9DB4F1}.Validation|Any CPU.Build.0 = Release|Any CPU
		{B11F17D5-1ECC-4E1F-BD83-9C5234FDF0C7}.Debug|Any CPU.ActiveCfg = Debug|Any CPU
		{B11F17D5-1ECC-4E1F-BD83-9C5234FDF0C7}.Debug|Any CPU.Build.0 = Debug|Any CPU
		{B11F17D5-1ECC-4E1F-BD83-9C5234FDF0C7}.Pre|Any CPU.ActiveCfg = Release|Any CPU
		{B11F17D5-1ECC-4E1F-BD83-9C5234FDF0C7}.Pre|Any CPU.Build.0 = Release|Any CPU
		{B11F17D5-1ECC-4E1F-BD83-9C5234FDF0C7}.Pro|Any CPU.ActiveCfg = Release|Any CPU
		{B11F17D5-1ECC-4E1F-BD83-9C5234FDF0C7}.Pro|Any CPU.Build.0 = Release|Any CPU
		{B11F17D5-1ECC-4E1F-BD83-9C5234FDF0C7}.Release|Any CPU.ActiveCfg = Release|Any CPU
		{B11F17D5-1ECC-4E1F-BD83-9C5234FDF0C7}.Release|Any CPU.Build.0 = Release|Any CPU
		{B11F17D5-1ECC-4E1F-BD83-9C5234FDF0C7}.Sandbox|Any CPU.ActiveCfg = Release|Any CPU
		{B11F17D5-1ECC-4E1F-BD83-9C5234FDF0C7}.Sandbox|Any CPU.Build.0 = Release|Any CPU
		{B11F17D5-1ECC-4E1F-BD83-9C5234FDF0C7}.Test|Any CPU.ActiveCfg = Release|Any CPU
		{B11F17D5-1ECC-4E1F-BD83-9C5234FDF0C7}.Test|Any CPU.Build.0 = Release|Any CPU
		{B11F17D5-1ECC-4E1F-BD83-9C5234FDF0C7}.Training|Any CPU.ActiveCfg = Release|Any CPU
		{B11F17D5-1ECC-4E1F-BD83-9C5234FDF0C7}.Training|Any CPU.Build.0 = Release|Any CPU
		{B11F17D5-1ECC-4E1F-BD83-9C5234FDF0C7}.Validation|Any CPU.ActiveCfg = Release|Any CPU
		{B11F17D5-1ECC-4E1F-BD83-9C5234FDF0C7}.Validation|Any CPU.Build.0 = Release|Any CPU
		{C18CEF52-BEBB-423F-B985-7A6EB80AA004}.Debug|Any CPU.ActiveCfg = Debug|Any CPU
		{C18CEF52-BEBB-423F-B985-7A6EB80AA004}.Debug|Any CPU.Build.0 = Debug|Any CPU
		{C18CEF52-BEBB-423F-B985-7A6EB80AA004}.Pre|Any CPU.ActiveCfg = Release|Any CPU
		{C18CEF52-BEBB-423F-B985-7A6EB80AA004}.Pre|Any CPU.Build.0 = Release|Any CPU
		{C18CEF52-BEBB-423F-B985-7A6EB80AA004}.Pro|Any CPU.ActiveCfg = Release|Any CPU
		{C18CEF52-BEBB-423F-B985-7A6EB80AA004}.Pro|Any CPU.Build.0 = Release|Any CPU
		{C18CEF52-BEBB-423F-B985-7A6EB80AA004}.Release|Any CPU.ActiveCfg = Release|Any CPU
		{C18CEF52-BEBB-423F-B985-7A6EB80AA004}.Release|Any CPU.Build.0 = Release|Any CPU
		{C18CEF52-BEBB-423F-B985-7A6EB80AA004}.Sandbox|Any CPU.ActiveCfg = Release|Any CPU
		{C18CEF52-BEBB-423F-B985-7A6EB80AA004}.Sandbox|Any CPU.Build.0 = Release|Any CPU
		{C18CEF52-BEBB-423F-B985-7A6EB80AA004}.Test|Any CPU.ActiveCfg = Release|Any CPU
		{C18CEF52-BEBB-423F-B985-7A6EB80AA004}.Test|Any CPU.Build.0 = Release|Any CPU
		{C18CEF52-BEBB-423F-B985-7A6EB80AA004}.Training|Any CPU.ActiveCfg = Release|Any CPU
		{C18CEF52-BEBB-423F-B985-7A6EB80AA004}.Training|Any CPU.Build.0 = Release|Any CPU
		{C18CEF52-BEBB-423F-B985-7A6EB80AA004}.Validation|Any CPU.ActiveCfg = Release|Any CPU
		{C18CEF52-BEBB-423F-B985-7A6EB80AA004}.Validation|Any CPU.Build.0 = Release|Any CPU
		{9CF640BD-53EB-434D-8E33-7CD51188E0B2}.Debug|Any CPU.ActiveCfg = Debug|Any CPU
		{9CF640BD-53EB-434D-8E33-7CD51188E0B2}.Debug|Any CPU.Build.0 = Debug|Any CPU
		{9CF640BD-53EB-434D-8E33-7CD51188E0B2}.Pre|Any CPU.ActiveCfg = Release|Any CPU
		{9CF640BD-53EB-434D-8E33-7CD51188E0B2}.Pre|Any CPU.Build.0 = Release|Any CPU
		{9CF640BD-53EB-434D-8E33-7CD51188E0B2}.Pro|Any CPU.ActiveCfg = Release|Any CPU
		{9CF640BD-53EB-434D-8E33-7CD51188E0B2}.Pro|Any CPU.Build.0 = Release|Any CPU
		{9CF640BD-53EB-434D-8E33-7CD51188E0B2}.Release|Any CPU.ActiveCfg = Release|Any CPU
		{9CF640BD-53EB-434D-8E33-7CD51188E0B2}.Release|Any CPU.Build.0 = Release|Any CPU
		{9CF640BD-53EB-434D-8E33-7CD51188E0B2}.Sandbox|Any CPU.ActiveCfg = Release|Any CPU
		{9CF640BD-53EB-434D-8E33-7CD51188E0B2}.Sandbox|Any CPU.Build.0 = Release|Any CPU
		{9CF640BD-53EB-434D-8E33-7CD51188E0B2}.Test|Any CPU.ActiveCfg = Release|Any CPU
		{9CF640BD-53EB-434D-8E33-7CD51188E0B2}.Test|Any CPU.Build.0 = Release|Any CPU
		{9CF640BD-53EB-434D-8E33-7CD51188E0B2}.Training|Any CPU.ActiveCfg = Release|Any CPU
		{9CF640BD-53EB-434D-8E33-7CD51188E0B2}.Training|Any CPU.Build.0 = Release|Any CPU
		{9CF640BD-53EB-434D-8E33-7CD51188E0B2}.Validation|Any CPU.ActiveCfg = Release|Any CPU
		{9CF640BD-53EB-434D-8E33-7CD51188E0B2}.Validation|Any CPU.Build.0 = Release|Any CPU
		{503442A1-FB8F-4B09-A2D2-BFD4BDDC7C88}.Debug|Any CPU.ActiveCfg = Debug|Any CPU
		{503442A1-FB8F-4B09-A2D2-BFD4BDDC7C88}.Debug|Any CPU.Build.0 = Debug|Any CPU
		{503442A1-FB8F-4B09-A2D2-BFD4BDDC7C88}.Pre|Any CPU.ActiveCfg = Release|Any CPU
		{503442A1-FB8F-4B09-A2D2-BFD4BDDC7C88}.Pre|Any CPU.Build.0 = Release|Any CPU
		{503442A1-FB8F-4B09-A2D2-BFD4BDDC7C88}.Pro|Any CPU.ActiveCfg = Release|Any CPU
		{503442A1-FB8F-4B09-A2D2-BFD4BDDC7C88}.Pro|Any CPU.Build.0 = Release|Any CPU
		{503442A1-FB8F-4B09-A2D2-BFD4BDDC7C88}.Release|Any CPU.ActiveCfg = Release|Any CPU
		{503442A1-FB8F-4B09-A2D2-BFD4BDDC7C88}.Release|Any CPU.Build.0 = Release|Any CPU
		{503442A1-FB8F-4B09-A2D2-BFD4BDDC7C88}.Sandbox|Any CPU.ActiveCfg = Release|Any CPU
		{503442A1-FB8F-4B09-A2D2-BFD4BDDC7C88}.Sandbox|Any CPU.Build.0 = Release|Any CPU
		{503442A1-FB8F-4B09-A2D2-BFD4BDDC7C88}.Test|Any CPU.ActiveCfg = Release|Any CPU
		{503442A1-FB8F-4B09-A2D2-BFD4BDDC7C88}.Test|Any CPU.Build.0 = Release|Any CPU
		{503442A1-FB8F-4B09-A2D2-BFD4BDDC7C88}.Training|Any CPU.ActiveCfg = Release|Any CPU
		{503442A1-FB8F-4B09-A2D2-BFD4BDDC7C88}.Training|Any CPU.Build.0 = Release|Any CPU
		{503442A1-FB8F-4B09-A2D2-BFD4BDDC7C88}.Validation|Any CPU.ActiveCfg = Release|Any CPU
		{503442A1-FB8F-4B09-A2D2-BFD4BDDC7C88}.Validation|Any CPU.Build.0 = Release|Any CPU
		{661BE9A3-7B50-47EB-A9F7-0ADD598505DE}.Debug|Any CPU.ActiveCfg = Debug|Any CPU
		{661BE9A3-7B50-47EB-A9F7-0ADD598505DE}.Debug|Any CPU.Build.0 = Debug|Any CPU
		{661BE9A3-7B50-47EB-A9F7-0ADD598505DE}.Pre|Any CPU.ActiveCfg = Release|Any CPU
		{661BE9A3-7B50-47EB-A9F7-0ADD598505DE}.Pre|Any CPU.Build.0 = Release|Any CPU
		{661BE9A3-7B50-47EB-A9F7-0ADD598505DE}.Pro|Any CPU.ActiveCfg = Release|Any CPU
		{661BE9A3-7B50-47EB-A9F7-0ADD598505DE}.Pro|Any CPU.Build.0 = Release|Any CPU
		{661BE9A3-7B50-47EB-A9F7-0ADD598505DE}.Release|Any CPU.ActiveCfg = Release|Any CPU
		{661BE9A3-7B50-47EB-A9F7-0ADD598505DE}.Release|Any CPU.Build.0 = Release|Any CPU
		{661BE9A3-7B50-47EB-A9F7-0ADD598505DE}.Sandbox|Any CPU.ActiveCfg = Release|Any CPU
		{661BE9A3-7B50-47EB-A9F7-0ADD598505DE}.Sandbox|Any CPU.Build.0 = Release|Any CPU
		{661BE9A3-7B50-47EB-A9F7-0ADD598505DE}.Test|Any CPU.ActiveCfg = Release|Any CPU
		{661BE9A3-7B50-47EB-A9F7-0ADD598505DE}.Test|Any CPU.Build.0 = Release|Any CPU
		{661BE9A3-7B50-47EB-A9F7-0ADD598505DE}.Training|Any CPU.ActiveCfg = Release|Any CPU
		{661BE9A3-7B50-47EB-A9F7-0ADD598505DE}.Training|Any CPU.Build.0 = Release|Any CPU
		{661BE9A3-7B50-47EB-A9F7-0ADD598505DE}.Validation|Any CPU.ActiveCfg = Release|Any CPU
		{661BE9A3-7B50-47EB-A9F7-0ADD598505DE}.Validation|Any CPU.Build.0 = Release|Any CPU
	EndGlobalSection
	GlobalSection(SolutionProperties) = preSolution
		HideSolutionNode = FALSE
	EndGlobalSection
	GlobalSection(NestedProjects) = preSolution
		{8335CE02-42AF-43FF-A6E2-EC87115A292C} = {51B49A32-3744-438A-A753-E99EB0A6C001}
		{CF147E43-853D-4CA5-AEB3-C2C07846BF1F} = {51B49A32-3744-438A-A753-E99EB0A6C001}
		{051C79A8-7FEE-4007-9886-BE00708B9165} = {51B49A32-3744-438A-A753-E99EB0A6C001}
		{E7CB39E9-DC0F-4E9C-8AA8-CCCF22A4B3E1} = {51B49A32-3744-438A-A753-E99EB0A6C001}
		{CC4C79BA-2C21-4671-8741-8004F3452840} = {6BBF5103-2A9B-4C54-9660-B94AA4E212A4}
		{FBACB740-B173-45E6-8171-05813B75F283} = {72A34B8F-5C4A-419C-A550-73EB955E063D}
		{14EEF6CD-36CF-4515-A970-7E8C8AE16022} = {72A34B8F-5C4A-419C-A550-73EB955E063D}
		{C9DF2BA8-E946-486C-85F2-9504C3AF105F} = {72A34B8F-5C4A-419C-A550-73EB955E063D}
		{49C4A708-273B-4245-8DE3-CCA06B9DB4F1} = {FBACB740-B173-45E6-8171-05813B75F283}
		{B11F17D5-1ECC-4E1F-BD83-9C5234FDF0C7} = {FBACB740-B173-45E6-8171-05813B75F283}
		{C18CEF52-BEBB-423F-B985-7A6EB80AA004} = {FBACB740-B173-45E6-8171-05813B75F283}
		{9CF640BD-53EB-434D-8E33-7CD51188E0B2} = {14EEF6CD-36CF-4515-A970-7E8C8AE16022}
		{503442A1-FB8F-4B09-A2D2-BFD4BDDC7C88} = {C9DF2BA8-E946-486C-85F2-9504C3AF105F}
		{661BE9A3-7B50-47EB-A9F7-0ADD598505DE} = {D4B5F172-608D-4011-8DC7-670F2FAB90B9}
	EndGlobalSection
	GlobalSection(TeamFoundationVersionControl) = preSolution
		SccNumberOfProjects = 11
		SccEnterpriseProvider = {4CA58AB2-18FA-4F8D-95D4-32DDF27D184C}
		SccTeamFoundationServer = http://fctfs1:8080/tfs/colab
		SccProjectUniqueName0 = Common\\Config\\NotificationServer.Config.csproj
		SccProjectTopLevelParentUniqueName0 = Facture.NotificationServer.Core.sln
		SccProjectName0 = Common/Config
		SccAuxPath0 = http://fctfs1:8080/tfs/colab
		SccLocalPath0 = Common\\Config
		SccProvider0 = {4CA58AB2-18FA-4F8D-95D4-32DDF27D184C}
		SccProjectUniqueName1 = Common\\Contract\\NotificationServer.Contract.csproj
		SccProjectTopLevelParentUniqueName1 = Facture.NotificationServer.Core.sln
		SccProjectName1 = Common/Contract
		SccAuxPath1 = http://fctfs1:8080/tfs/colab
		SccLocalPath1 = Common\\Contract
		SccProvider1 = {4CA58AB2-18FA-4F8D-95D4-32DDF27D184C}
		SccProjectUniqueName2 = Common\\Core\\NotificationServer.Core.csproj
		SccProjectTopLevelParentUniqueName2 = Facture.NotificationServer.Core.sln
		SccProjectName2 = Common/Core
		SccAuxPath2 = http://fctfs1:8080/tfs/colab
		SccLocalPath2 = Common\\Core
		SccProvider2 = {4CA58AB2-18FA-4F8D-95D4-32DDF27D184C}
		SccProjectUniqueName3 = Common\\Service\\NotificationServer.Service.csproj
		SccProjectTopLevelParentUniqueName3 = Facture.NotificationServer.Core.sln
		SccProjectName3 = Common/Service
		SccAuxPath3 = http://fctfs1:8080/tfs/colab
		SccLocalPath3 = Common\\Service
		SccProvider3 = {4CA58AB2-18FA-4F8D-95D4-32DDF27D184C}
		SccProjectUniqueName4 = Interceptors\\Interceptors.CoreInterceptors\\NotificationServer.Interceptors.CoreInterceptors.csproj
		SccProjectTopLevelParentUniqueName4 = Facture.NotificationServer.Core.sln
		SccProjectName4 = Interceptors/Interceptors.CoreInterceptors
		SccAuxPath4 = http://fctfs1:8080/tfs/colab
		SccLocalPath4 = Interceptors\\Interceptors.CoreInterceptors
		SccProvider4 = {4CA58AB2-18FA-4F8D-95D4-32DDF27D184C}
		SccProjectUniqueName5 = Providers\\ServiceProviders\\GenerateTokensTest\\GenerateTokensTest.csproj
		SccProjectTopLevelParentUniqueName5 = Facture.NotificationServer.Core.sln
		SccProjectName5 = Providers/ServiceProviders/GenerateTokensTest
		SccAuxPath5 = http://fctfs1:8080/tfs/colab
		SccLocalPath5 = Providers\\ServiceProviders\\GenerateTokensTest
		SccProvider5 = {4CA58AB2-18FA-4F8D-95D4-32DDF27D184C}
		SccProjectUniqueName6 = Providers\\ServiceProviders\\Service.Hangfire\\NotificationServer.Service.Hangfire.csproj
		SccProjectTopLevelParentUniqueName6 = Facture.NotificationServer.Core.sln
		SccProjectName6 = Providers/ServiceProviders/Service.Hangfire
		SccAuxPath6 = http://fctfs1:8080/tfs/colab
		SccLocalPath6 = Providers\\ServiceProviders\\Service.Hangfire
		SccProvider6 = {4CA58AB2-18FA-4F8D-95D4-32DDF27D184C}
		SccProjectUniqueName7 = Providers\\ServiceProviders\\Service.JWT\\NotificationServer.Service.JWT.csproj
		SccProjectTopLevelParentUniqueName7 = Facture.NotificationServer.Core.sln
		SccProjectName7 = Providers/ServiceProviders/Service.JWT
		SccAuxPath7 = http://fctfs1:8080/tfs/colab
		SccLocalPath7 = Providers\\ServiceProviders\\Service.JWT
		SccProvider7 = {4CA58AB2-18FA-4F8D-95D4-32DDF27D184C}
		SccProjectUniqueName8 = Providers\\SqlServer\\NotificationServer.Service.SqlServer.csproj
		SccProjectTopLevelParentUniqueName8 = Facture.NotificationServer.Core.sln
		SccProjectName8 = Providers/SqlServer
		SccAuxPath8 = http://fctfs1:8080/tfs/colab
		SccLocalPath8 = Providers\\SqlServer
		SccProvider8 = {4CA58AB2-18FA-4F8D-95D4-32DDF27D184C}
		SccProjectUniqueName9 = Providers\\Templating\\Razor\\NotificationServer.Templating.Razor.csproj
		SccProjectTopLevelParentUniqueName9 = Facture.NotificationServer.Core.sln
		SccProjectName9 = Providers/Templating/Razor
		SccAuxPath9 = http://fctfs1:8080/tfs/colab
		SccLocalPath9 = Providers\\Templating\\Razor
		SccProvider9 = {4CA58AB2-18FA-4F8D-95D4-32DDF27D184C}
		SccProjectUniqueName10 = _Package\\Notification.Core.Packager.csproj
		SccProjectTopLevelParentUniqueName10 = Facture.NotificationServer.Core.sln
		SccProjectName10 = _Package
		SccAuxPath10 = http://fctfs1:8080/tfs/colab
		SccLocalPath10 = _Package
		SccProvider10 = {4CA58AB2-18FA-4F8D-95D4-32DDF27D184C}
	EndGlobalSection
EndGlobal
