
Microsoft Visual Studio Solution File, Format Version 12.00
# Visual Studio 14
VisualStudioVersion = 14.0.25420.1
MinimumVisualStudioVersion = 10.0.40219.1
Project("{2150E333-8FDC-42A3-9474-1A3956D46DE8}") = "Amazon", "Amazon", "{9840ECA3-AE13-40B3-8CF3-B1647269B258}"
EndProject
Project("{FAE04EC0-301F-11D3-BF4B-00C04F79EFBC}") = "NotificationServer.Senders.Amazon", "Amazon\Senders.Amazon\NotificationServer.Senders.Amazon.csproj", "{728781D2-86F1-4BA5-8322-B954D582F76B}"
EndProject
Project("{2150E333-8FDC-42A3-9474-1A3956D46DE8}") = "Dian", "Dian", "{1937F992-CF17-4037-982A-4BF3EC3FE99B}"
EndProject
Project("{FAE04EC0-301F-11D3-BF4B-00C04F79EFBC}") = "NotificationServer.Senders.Dian", "Dian\dev\Senders.Dian\NotificationServer.Senders.Dian.csproj", "{D2C7E249-F2BF-45A6-8918-A919B13690B4}"
EndProject
Project("{FAE04EC0-301F-11D3-BF4B-00C04F79EFBC}") = "NotificationServer.Senders.DianTests", "Dian\test\Senders.DianTests\NotificationServer.Senders.DianTests.csproj", "{65235E06-CAB5-413C-A776-63F029FEC4E7}"
EndProject
Project("{FAE04EC0-301F-11D3-BF4B-00C04F79EFBC}") = "NotificationServer.Senders.DnnCoreMessaging", "DnnCoreMessaging\NotificationServer.Senders.DnnCoreMessaging.csproj", "{6DF2D2BE-9139-43E8-9F68-AD4FDB630F56}"
EndProject
Project("{FAE04EC0-301F-11D3-BF4B-00C04F79EFBC}") = "NotificationServer.Senders.Mail", "Mail\NotificationServer.Senders.Mail.csproj", "{D7EA4561-6491-4CCC-BAFD-557CBC5274A7}"
EndProject
Project("{FAE04EC0-301F-11D3-BF4B-00C04F79EFBC}") = "NotificationServer.Senders.Rest", "Rest\NotificationServer.Senders.Rest.csproj", "{23F507FF-EDAE-4CEA-AD7F-17D5B4FDD61A}"
EndProject
Project("{FAE04EC0-301F-11D3-BF4B-00C04F79EFBC}") = "NotificationServer.Senders.SendGrid", "SendGrid\NotificationServer.Senders.SendGrid.csproj", "{FB44E159-F0F7-45B3-9084-CC989EA79A65}"
EndProject
Project("{FAE04EC0-301F-11D3-BF4B-00C04F79EFBC}") = "NotificationServer.Senders.Twitter", "Twitter\NotificationServer.Senders.Twitter.csproj", "{7369D7A1-0665-44EA-A515-83816006D666}"
EndProject
Project("{2150E333-8FDC-42A3-9474-1A3956D46DE8}") = "Common", "Common", "{9DF9DEFB-FBFD-4A6F-BD97-BAF565EB0C87}"
EndProject
Project("{FAE04EC0-301F-11D3-BF4B-00C04F79EFBC}") = "NotificationServer.Core", "..\1-Core\Common\Core\NotificationServer.Core.csproj", "{051C79A8-7FEE-4007-9886-BE00708B9165}"
EndProject
Project("{FAE04EC0-301F-11D3-BF4B-00C04F79EFBC}") = "NotificationServer.Contract", "..\1-Core\Common\Contract\NotificationServer.Contract.csproj", "{CF147E43-853D-4CA5-AEB3-C2C07846BF1F}"
EndProject
Project("{FAE04EC0-301F-11D3-BF4B-00C04F79EFBC}") = "NotificationServer.Client.Providers.Rest", "..\3-Hosts\Api\Client\dev\Client.Providers.Rest\NotificationServer.Client.Providers.Rest.csproj", "{A6DBE38A-CB2F-4556-80A0-E5EE23A8BB1C}"
EndProject
Project("{FAE04EC0-301F-11D3-BF4B-00C04F79EFBC}") = "NotificationServer.Client", "..\4-Clients\Client\NotificationServer.Client.csproj", "{42A877BA-16E5-4848-A40B-7D6810892CEE}"
EndProject
Project("{2150E333-8FDC-42A3-9474-1A3956D46DE8}") = "_Package", "_Package", "{93D5D73C-22FD-4392-A834-87801E3785D4}"
EndProject
Project("{FAE04EC0-301F-11D3-BF4B-00C04F79EFBC}") = "NotificationServer.Senders.Packager", "_Package\NotificationServer.Senders.Packager.csproj", "{661BE9A3-7B50-47EB-A9F7-0ADD598505DE}"
EndProject
Project("{FAE04EC0-301F-11D3-BF4B-00C04F79EFBC}") = "NotificationServer.Senders.SPRC", "SPRC\NotificationServer.Senders.SPRC.csproj", "{ADDFD99C-02DA-42AF-8431-9C73EEF39623}"
EndProject
Global
	GlobalSection(SolutionConfigurationPlatforms) = preSolution
		Debug|Any CPU = Debug|Any CPU
		Pre|Any CPU = Pre|Any CPU
		Pro|Any CPU = Pro|Any CPU
		Release|Any CPU = Release|Any CPU
		Sandbox|Any CPU = Sandbox|Any CPU
		Test|Any CPU = Test|Any CPU
		Training|Any CPU = Training|Any CPU
		Validation|Any CPU = Validation|Any CPU
	EndGlobalSection
	GlobalSection(ProjectConfigurationPlatforms) = postSolution
		{728781D2-86F1-4BA5-8322-B954D582F76B}.Debug|Any CPU.ActiveCfg = Debug|Any CPU
		{728781D2-86F1-4BA5-8322-B954D582F76B}.Debug|Any CPU.Build.0 = Debug|Any CPU
		{728781D2-86F1-4BA5-8322-B954D582F76B}.Pre|Any CPU.ActiveCfg = Release|Any CPU
		{728781D2-86F1-4BA5-8322-B954D582F76B}.Pre|Any CPU.Build.0 = Release|Any CPU
		{728781D2-86F1-4BA5-8322-B954D582F76B}.Pro|Any CPU.ActiveCfg = Release|Any CPU
		{728781D2-86F1-4BA5-8322-B954D582F76B}.Pro|Any CPU.Build.0 = Release|Any CPU
		{728781D2-86F1-4BA5-8322-B954D582F76B}.Release|Any CPU.ActiveCfg = Release|Any CPU
		{728781D2-86F1-4BA5-8322-B954D582F76B}.Release|Any CPU.Build.0 = Release|Any CPU
		{728781D2-86F1-4BA5-8322-B954D582F76B}.Sandbox|Any CPU.ActiveCfg = Release|Any CPU
		{728781D2-86F1-4BA5-8322-B954D582F76B}.Sandbox|Any CPU.Build.0 = Release|Any CPU
		{728781D2-86F1-4BA5-8322-B954D582F76B}.Test|Any CPU.ActiveCfg = Release|Any CPU
		{728781D2-86F1-4BA5-8322-B954D582F76B}.Test|Any CPU.Build.0 = Release|Any CPU
		{728781D2-86F1-4BA5-8322-B954D582F76B}.Training|Any CPU.ActiveCfg = Release|Any CPU
		{728781D2-86F1-4BA5-8322-B954D582F76B}.Training|Any CPU.Build.0 = Release|Any CPU
		{728781D2-86F1-4BA5-8322-B954D582F76B}.Validation|Any CPU.ActiveCfg = Release|Any CPU
		{728781D2-86F1-4BA5-8322-B954D582F76B}.Validation|Any CPU.Build.0 = Release|Any CPU
		{D2C7E249-F2BF-45A6-8918-A919B13690B4}.Debug|Any CPU.ActiveCfg = Debug|Any CPU
		{D2C7E249-F2BF-45A6-8918-A919B13690B4}.Debug|Any CPU.Build.0 = Debug|Any CPU
		{D2C7E249-F2BF-45A6-8918-A919B13690B4}.Pre|Any CPU.ActiveCfg = Release|Any CPU
		{D2C7E249-F2BF-45A6-8918-A919B13690B4}.Pre|Any CPU.Build.0 = Release|Any CPU
		{D2C7E249-F2BF-45A6-8918-A919B13690B4}.Pro|Any CPU.ActiveCfg = Release|Any CPU
		{D2C7E249-F2BF-45A6-8918-A919B13690B4}.Pro|Any CPU.Build.0 = Release|Any CPU
		{D2C7E249-F2BF-45A6-8918-A919B13690B4}.Release|Any CPU.ActiveCfg = Release|Any CPU
		{D2C7E249-F2BF-45A6-8918-A919B13690B4}.Release|Any CPU.Build.0 = Release|Any CPU
		{D2C7E249-F2BF-45A6-8918-A919B13690B4}.Sandbox|Any CPU.ActiveCfg = Release|Any CPU
		{D2C7E249-F2BF-45A6-8918-A919B13690B4}.Sandbox|Any CPU.Build.0 = Release|Any CPU
		{D2C7E249-F2BF-45A6-8918-A919B13690B4}.Test|Any CPU.ActiveCfg = Release|Any CPU
		{D2C7E249-F2BF-45A6-8918-A919B13690B4}.Test|Any CPU.Build.0 = Release|Any CPU
		{D2C7E249-F2BF-45A6-8918-A919B13690B4}.Training|Any CPU.ActiveCfg = Release|Any CPU
		{D2C7E249-F2BF-45A6-8918-A919B13690B4}.Training|Any CPU.Build.0 = Release|Any CPU
		{D2C7E249-F2BF-45A6-8918-A919B13690B4}.Validation|Any CPU.ActiveCfg = Release|Any CPU
		{D2C7E249-F2BF-45A6-8918-A919B13690B4}.Validation|Any CPU.Build.0 = Release|Any CPU
		{65235E06-CAB5-413C-A776-63F029FEC4E7}.Debug|Any CPU.ActiveCfg = Debug|Any CPU
		{65235E06-CAB5-413C-A776-63F029FEC4E7}.Debug|Any CPU.Build.0 = Debug|Any CPU
		{65235E06-CAB5-413C-A776-63F029FEC4E7}.Pre|Any CPU.ActiveCfg = Release|Any CPU
		{65235E06-CAB5-413C-A776-63F029FEC4E7}.Pre|Any CPU.Build.0 = Release|Any CPU
		{65235E06-CAB5-413C-A776-63F029FEC4E7}.Pro|Any CPU.ActiveCfg = Release|Any CPU
		{65235E06-CAB5-413C-A776-63F029FEC4E7}.Pro|Any CPU.Build.0 = Release|Any CPU
		{65235E06-CAB5-413C-A776-63F029FEC4E7}.Release|Any CPU.ActiveCfg = Release|Any CPU
		{65235E06-CAB5-413C-A776-63F029FEC4E7}.Release|Any CPU.Build.0 = Release|Any CPU
		{65235E06-CAB5-413C-A776-63F029FEC4E7}.Sandbox|Any CPU.ActiveCfg = Release|Any CPU
		{65235E06-CAB5-413C-A776-63F029FEC4E7}.Sandbox|Any CPU.Build.0 = Release|Any CPU
		{65235E06-CAB5-413C-A776-63F029FEC4E7}.Test|Any CPU.ActiveCfg = Release|Any CPU
		{65235E06-CAB5-413C-A776-63F029FEC4E7}.Test|Any CPU.Build.0 = Release|Any CPU
		{65235E06-CAB5-413C-A776-63F029FEC4E7}.Training|Any CPU.ActiveCfg = Release|Any CPU
		{65235E06-CAB5-413C-A776-63F029FEC4E7}.Training|Any CPU.Build.0 = Release|Any CPU
		{65235E06-CAB5-413C-A776-63F029FEC4E7}.Validation|Any CPU.ActiveCfg = Release|Any CPU
		{65235E06-CAB5-413C-A776-63F029FEC4E7}.Validation|Any CPU.Build.0 = Release|Any CPU
		{6DF2D2BE-9139-43E8-9F68-AD4FDB630F56}.Debug|Any CPU.ActiveCfg = Debug|Any CPU
		{6DF2D2BE-9139-43E8-9F68-AD4FDB630F56}.Debug|Any CPU.Build.0 = Debug|Any CPU
		{6DF2D2BE-9139-43E8-9F68-AD4FDB630F56}.Pre|Any CPU.ActiveCfg = Release|Any CPU
		{6DF2D2BE-9139-43E8-9F68-AD4FDB630F56}.Pre|Any CPU.Build.0 = Release|Any CPU
		{6DF2D2BE-9139-43E8-9F68-AD4FDB630F56}.Pro|Any CPU.ActiveCfg = Release|Any CPU
		{6DF2D2BE-9139-43E8-9F68-AD4FDB630F56}.Pro|Any CPU.Build.0 = Release|Any CPU
		{6DF2D2BE-9139-43E8-9F68-AD4FDB630F56}.Release|Any CPU.ActiveCfg = Release|Any CPU
		{6DF2D2BE-9139-43E8-9F68-AD4FDB630F56}.Release|Any CPU.Build.0 = Release|Any CPU
		{6DF2D2BE-9139-43E8-9F68-AD4FDB630F56}.Sandbox|Any CPU.ActiveCfg = Release|Any CPU
		{6DF2D2BE-9139-43E8-9F68-AD4FDB630F56}.Sandbox|Any CPU.Build.0 = Release|Any CPU
		{6DF2D2BE-9139-43E8-9F68-AD4FDB630F56}.Test|Any CPU.ActiveCfg = Release|Any CPU
		{6DF2D2BE-9139-43E8-9F68-AD4FDB630F56}.Test|Any CPU.Build.0 = Release|Any CPU
		{6DF2D2BE-9139-43E8-9F68-AD4FDB630F56}.Training|Any CPU.ActiveCfg = Release|Any CPU
		{6DF2D2BE-9139-43E8-9F68-AD4FDB630F56}.Training|Any CPU.Build.0 = Release|Any CPU
		{6DF2D2BE-9139-43E8-9F68-AD4FDB630F56}.Validation|Any CPU.ActiveCfg = Release|Any CPU
		{6DF2D2BE-9139-43E8-9F68-AD4FDB630F56}.Validation|Any CPU.Build.0 = Release|Any CPU
		{D7EA4561-6491-4CCC-BAFD-557CBC5274A7}.Debug|Any CPU.ActiveCfg = Debug|Any CPU
		{D7EA4561-6491-4CCC-BAFD-557CBC5274A7}.Debug|Any CPU.Build.0 = Debug|Any CPU
		{D7EA4561-6491-4CCC-BAFD-557CBC5274A7}.Pre|Any CPU.ActiveCfg = Release|Any CPU
		{D7EA4561-6491-4CCC-BAFD-557CBC5274A7}.Pre|Any CPU.Build.0 = Release|Any CPU
		{D7EA4561-6491-4CCC-BAFD-557CBC5274A7}.Pro|Any CPU.ActiveCfg = Release|Any CPU
		{D7EA4561-6491-4CCC-BAFD-557CBC5274A7}.Pro|Any CPU.Build.0 = Release|Any CPU
		{D7EA4561-6491-4CCC-BAFD-557CBC5274A7}.Release|Any CPU.ActiveCfg = Release|Any CPU
		{D7EA4561-6491-4CCC-BAFD-557CBC5274A7}.Release|Any CPU.Build.0 = Release|Any CPU
		{D7EA4561-6491-4CCC-BAFD-557CBC5274A7}.Sandbox|Any CPU.ActiveCfg = Release|Any CPU
		{D7EA4561-6491-4CCC-BAFD-557CBC5274A7}.Sandbox|Any CPU.Build.0 = Release|Any CPU
		{D7EA4561-6491-4CCC-BAFD-557CBC5274A7}.Test|Any CPU.ActiveCfg = Release|Any CPU
		{D7EA4561-6491-4CCC-BAFD-557CBC5274A7}.Test|Any CPU.Build.0 = Release|Any CPU
		{D7EA4561-6491-4CCC-BAFD-557CBC5274A7}.Training|Any CPU.ActiveCfg = Release|Any CPU
		{D7EA4561-6491-4CCC-BAFD-557CBC5274A7}.Training|Any CPU.Build.0 = Release|Any CPU
		{D7EA4561-6491-4CCC-BAFD-557CBC5274A7}.Validation|Any CPU.ActiveCfg = Release|Any CPU
		{D7EA4561-6491-4CCC-BAFD-557CBC5274A7}.Validation|Any CPU.Build.0 = Release|Any CPU
		{23F507FF-EDAE-4CEA-AD7F-17D5B4FDD61A}.Debug|Any CPU.ActiveCfg = Debug|Any CPU
		{23F507FF-EDAE-4CEA-AD7F-17D5B4FDD61A}.Debug|Any CPU.Build.0 = Debug|Any CPU
		{23F507FF-EDAE-4CEA-AD7F-17D5B4FDD61A}.Pre|Any CPU.ActiveCfg = Release|Any CPU
		{23F507FF-EDAE-4CEA-AD7F-17D5B4FDD61A}.Pre|Any CPU.Build.0 = Release|Any CPU
		{23F507FF-EDAE-4CEA-AD7F-17D5B4FDD61A}.Pro|Any CPU.ActiveCfg = Release|Any CPU
		{23F507FF-EDAE-4CEA-AD7F-17D5B4FDD61A}.Pro|Any CPU.Build.0 = Release|Any CPU
		{23F507FF-EDAE-4CEA-AD7F-17D5B4FDD61A}.Release|Any CPU.ActiveCfg = Release|Any CPU
		{23F507FF-EDAE-4CEA-AD7F-17D5B4FDD61A}.Release|Any CPU.Build.0 = Release|Any CPU
		{23F507FF-EDAE-4CEA-AD7F-17D5B4FDD61A}.Sandbox|Any CPU.ActiveCfg = Release|Any CPU
		{23F507FF-EDAE-4CEA-AD7F-17D5B4FDD61A}.Sandbox|Any CPU.Build.0 = Release|Any CPU
		{23F507FF-EDAE-4CEA-AD7F-17D5B4FDD61A}.Test|Any CPU.ActiveCfg = Release|Any CPU
		{23F507FF-EDAE-4CEA-AD7F-17D5B4FDD61A}.Test|Any CPU.Build.0 = Release|Any CPU
		{23F507FF-EDAE-4CEA-AD7F-17D5B4FDD61A}.Training|Any CPU.ActiveCfg = Release|Any CPU
		{23F507FF-EDAE-4CEA-AD7F-17D5B4FDD61A}.Training|Any CPU.Build.0 = Release|Any CPU
		{23F507FF-EDAE-4CEA-AD7F-17D5B4FDD61A}.Validation|Any CPU.ActiveCfg = Release|Any CPU
		{23F507FF-EDAE-4CEA-AD7F-17D5B4FDD61A}.Validation|Any CPU.Build.0 = Release|Any CPU
		{FB44E159-F0F7-45B3-9084-CC989EA79A65}.Debug|Any CPU.ActiveCfg = Debug|Any CPU
		{FB44E159-F0F7-45B3-9084-CC989EA79A65}.Debug|Any CPU.Build.0 = Debug|Any CPU
		{FB44E159-F0F7-45B3-9084-CC989EA79A65}.Pre|Any CPU.ActiveCfg = Pre|Any CPU
		{FB44E159-F0F7-45B3-9084-CC989EA79A65}.Pre|Any CPU.Build.0 = Pre|Any CPU
		{FB44E159-F0F7-45B3-9084-CC989EA79A65}.Pro|Any CPU.ActiveCfg = Pro|Any CPU
		{FB44E159-F0F7-45B3-9084-CC989EA79A65}.Pro|Any CPU.Build.0 = Pro|Any CPU
		{FB44E159-F0F7-45B3-9084-CC989EA79A65}.Release|Any CPU.ActiveCfg = Release|Any CPU
		{FB44E159-F0F7-45B3-9084-CC989EA79A65}.Release|Any CPU.Build.0 = Release|Any CPU
		{FB44E159-F0F7-45B3-9084-CC989EA79A65}.Sandbox|Any CPU.ActiveCfg = Sandbox|Any CPU
		{FB44E159-F0F7-45B3-9084-CC989EA79A65}.Sandbox|Any CPU.Build.0 = Sandbox|Any CPU
		{FB44E159-F0F7-45B3-9084-CC989EA79A65}.Test|Any CPU.ActiveCfg = Test|Any CPU
		{FB44E159-F0F7-45B3-9084-CC989EA79A65}.Test|Any CPU.Build.0 = Test|Any CPU
		{FB44E159-F0F7-45B3-9084-CC989EA79A65}.Training|Any CPU.ActiveCfg = Training|Any CPU
		{FB44E159-F0F7-45B3-9084-CC989EA79A65}.Training|Any CPU.Build.0 = Training|Any CPU
		{FB44E159-F0F7-45B3-9084-CC989EA79A65}.Validation|Any CPU.ActiveCfg = Validation|Any CPU
		{FB44E159-F0F7-45B3-9084-CC989EA79A65}.Validation|Any CPU.Build.0 = Validation|Any CPU
		{7369D7A1-0665-44EA-A515-83816006D666}.Debug|Any CPU.ActiveCfg = Debug|Any CPU
		{7369D7A1-0665-44EA-A515-83816006D666}.Debug|Any CPU.Build.0 = Debug|Any CPU
		{7369D7A1-0665-44EA-A515-83816006D666}.Pre|Any CPU.ActiveCfg = Release|Any CPU
		{7369D7A1-0665-44EA-A515-83816006D666}.Pre|Any CPU.Build.0 = Release|Any CPU
		{7369D7A1-0665-44EA-A515-83816006D666}.Pro|Any CPU.ActiveCfg = Release|Any CPU
		{7369D7A1-0665-44EA-A515-83816006D666}.Pro|Any CPU.Build.0 = Release|Any CPU
		{7369D7A1-0665-44EA-A515-83816006D666}.Release|Any CPU.ActiveCfg = Release|Any CPU
		{7369D7A1-0665-44EA-A515-83816006D666}.Release|Any CPU.Build.0 = Release|Any CPU
		{7369D7A1-0665-44EA-A515-83816006D666}.Sandbox|Any CPU.ActiveCfg = Release|Any CPU
		{7369D7A1-0665-44EA-A515-83816006D666}.Sandbox|Any CPU.Build.0 = Release|Any CPU
		{7369D7A1-0665-44EA-A515-83816006D666}.Test|Any CPU.ActiveCfg = Release|Any CPU
		{7369D7A1-0665-44EA-A515-83816006D666}.Test|Any CPU.Build.0 = Release|Any CPU
		{7369D7A1-0665-44EA-A515-83816006D666}.Training|Any CPU.ActiveCfg = Release|Any CPU
		{7369D7A1-0665-44EA-A515-83816006D666}.Training|Any CPU.Build.0 = Release|Any CPU
		{7369D7A1-0665-44EA-A515-83816006D666}.Validation|Any CPU.ActiveCfg = Release|Any CPU
		{7369D7A1-0665-44EA-A515-83816006D666}.Validation|Any CPU.Build.0 = Release|Any CPU
		{051C79A8-7FEE-4007-9886-BE00708B9165}.Debug|Any CPU.ActiveCfg = Debug|Any CPU
		{051C79A8-7FEE-4007-9886-BE00708B9165}.Debug|Any CPU.Build.0 = Debug|Any CPU
		{051C79A8-7FEE-4007-9886-BE00708B9165}.Pre|Any CPU.ActiveCfg = Pre|Any CPU
		{051C79A8-7FEE-4007-9886-BE00708B9165}.Pre|Any CPU.Build.0 = Pre|Any CPU
		{051C79A8-7FEE-4007-9886-BE00708B9165}.Pro|Any CPU.ActiveCfg = Pro|Any CPU
		{051C79A8-7FEE-4007-9886-BE00708B9165}.Pro|Any CPU.Build.0 = Pro|Any CPU
		{051C79A8-7FEE-4007-9886-BE00708B9165}.Release|Any CPU.ActiveCfg = Release|Any CPU
		{051C79A8-7FEE-4007-9886-BE00708B9165}.Release|Any CPU.Build.0 = Release|Any CPU
		{051C79A8-7FEE-4007-9886-BE00708B9165}.Sandbox|Any CPU.ActiveCfg = Sandbox|Any CPU
		{051C79A8-7FEE-4007-9886-BE00708B9165}.Sandbox|Any CPU.Build.0 = Sandbox|Any CPU
		{051C79A8-7FEE-4007-9886-BE00708B9165}.Test|Any CPU.ActiveCfg = Test|Any CPU
		{051C79A8-7FEE-4007-9886-BE00708B9165}.Test|Any CPU.Build.0 = Test|Any CPU
		{051C79A8-7FEE-4007-9886-BE00708B9165}.Training|Any CPU.ActiveCfg = Training|Any CPU
		{051C79A8-7FEE-4007-9886-BE00708B9165}.Training|Any CPU.Build.0 = Training|Any CPU
		{051C79A8-7FEE-4007-9886-BE00708B9165}.Validation|Any CPU.ActiveCfg = Validation|Any CPU
		{051C79A8-7FEE-4007-9886-BE00708B9165}.Validation|Any CPU.Build.0 = Validation|Any CPU
		{CF147E43-853D-4CA5-AEB3-C2C07846BF1F}.Debug|Any CPU.ActiveCfg = Debug|Any CPU
		{CF147E43-853D-4CA5-AEB3-C2C07846BF1F}.Debug|Any CPU.Build.0 = Debug|Any CPU
		{CF147E43-853D-4CA5-AEB3-C2C07846BF1F}.Pre|Any CPU.ActiveCfg = Pre|Any CPU
		{CF147E43-853D-4CA5-AEB3-C2C07846BF1F}.Pre|Any CPU.Build.0 = Pre|Any CPU
		{CF147E43-853D-4CA5-AEB3-C2C07846BF1F}.Pro|Any CPU.ActiveCfg = Pro|Any CPU
		{CF147E43-853D-4CA5-AEB3-C2C07846BF1F}.Pro|Any CPU.Build.0 = Pro|Any CPU
		{CF147E43-853D-4CA5-AEB3-C2C07846BF1F}.Release|Any CPU.ActiveCfg = Release|Any CPU
		{CF147E43-853D-4CA5-AEB3-C2C07846BF1F}.Release|Any CPU.Build.0 = Release|Any CPU
		{CF147E43-853D-4CA5-AEB3-C2C07846BF1F}.Sandbox|Any CPU.ActiveCfg = Sandbox|Any CPU
		{CF147E43-853D-4CA5-AEB3-C2C07846BF1F}.Sandbox|Any CPU.Build.0 = Sandbox|Any CPU
		{CF147E43-853D-4CA5-AEB3-C2C07846BF1F}.Test|Any CPU.ActiveCfg = Test|Any CPU
		{CF147E43-853D-4CA5-AEB3-C2C07846BF1F}.Test|Any CPU.Build.0 = Test|Any CPU
		{CF147E43-853D-4CA5-AEB3-C2C07846BF1F}.Training|Any CPU.ActiveCfg = Training|Any CPU
		{CF147E43-853D-4CA5-AEB3-C2C07846BF1F}.Training|Any CPU.Build.0 = Training|Any CPU
		{CF147E43-853D-4CA5-AEB3-C2C07846BF1F}.Validation|Any CPU.ActiveCfg = Validation|Any CPU
		{CF147E43-853D-4CA5-AEB3-C2C07846BF1F}.Validation|Any CPU.Build.0 = Validation|Any CPU
		{A6DBE38A-CB2F-4556-80A0-E5EE23A8BB1C}.Debug|Any CPU.ActiveCfg = Debug|Any CPU
		{A6DBE38A-CB2F-4556-80A0-E5EE23A8BB1C}.Debug|Any CPU.Build.0 = Debug|Any CPU
		{A6DBE38A-CB2F-4556-80A0-E5EE23A8BB1C}.Pre|Any CPU.ActiveCfg = Release|Any CPU
		{A6DBE38A-CB2F-4556-80A0-E5EE23A8BB1C}.Pre|Any CPU.Build.0 = Release|Any CPU
		{A6DBE38A-CB2F-4556-80A0-E5EE23A8BB1C}.Pro|Any CPU.ActiveCfg = Release|Any CPU
		{A6DBE38A-CB2F-4556-80A0-E5EE23A8BB1C}.Pro|Any CPU.Build.0 = Release|Any CPU
		{A6DBE38A-CB2F-4556-80A0-E5EE23A8BB1C}.Release|Any CPU.ActiveCfg = Release|Any CPU
		{A6DBE38A-CB2F-4556-80A0-E5EE23A8BB1C}.Release|Any CPU.Build.0 = Release|Any CPU
		{A6DBE38A-CB2F-4556-80A0-E5EE23A8BB1C}.Sandbox|Any CPU.ActiveCfg = Release|Any CPU
		{A6DBE38A-CB2F-4556-80A0-E5EE23A8BB1C}.Sandbox|Any CPU.Build.0 = Release|Any CPU
		{A6DBE38A-CB2F-4556-80A0-E5EE23A8BB1C}.Test|Any CPU.ActiveCfg = Release|Any CPU
		{A6DBE38A-CB2F-4556-80A0-E5EE23A8BB1C}.Test|Any CPU.Build.0 = Release|Any CPU
		{A6DBE38A-CB2F-4556-80A0-E5EE23A8BB1C}.Training|Any CPU.ActiveCfg = Release|Any CPU
		{A6DBE38A-CB2F-4556-80A0-E5EE23A8BB1C}.Training|Any CPU.Build.0 = Release|Any CPU
		{A6DBE38A-CB2F-4556-80A0-E5EE23A8BB1C}.Validation|Any CPU.ActiveCfg = Release|Any CPU
		{A6DBE38A-CB2F-4556-80A0-E5EE23A8BB1C}.Validation|Any CPU.Build.0 = Release|Any CPU
		{42A877BA-16E5-4848-A40B-7D6810892CEE}.Debug|Any CPU.ActiveCfg = Debug|Any CPU
		{42A877BA-16E5-4848-A40B-7D6810892CEE}.Debug|Any CPU.Build.0 = Debug|Any CPU
		{42A877BA-16E5-4848-A40B-7D6810892CEE}.Pre|Any CPU.ActiveCfg = Pre|Any CPU
		{42A877BA-16E5-4848-A40B-7D6810892CEE}.Pre|Any CPU.Build.0 = Pre|Any CPU
		{42A877BA-16E5-4848-A40B-7D6810892CEE}.Pro|Any CPU.ActiveCfg = Pro|Any CPU
		{42A877BA-16E5-4848-A40B-7D6810892CEE}.Pro|Any CPU.Build.0 = Pro|Any CPU
		{42A877BA-16E5-4848-A40B-7D6810892CEE}.Release|Any CPU.ActiveCfg = Release|Any CPU
		{42A877BA-16E5-4848-A40B-7D6810892CEE}.Release|Any CPU.Build.0 = Release|Any CPU
		{42A877BA-16E5-4848-A40B-7D6810892CEE}.Sandbox|Any CPU.ActiveCfg = Sandbox|Any CPU
		{42A877BA-16E5-4848-A40B-7D6810892CEE}.Sandbox|Any CPU.Build.0 = Sandbox|Any CPU
		{42A877BA-16E5-4848-A40B-7D6810892CEE}.Test|Any CPU.ActiveCfg = Test|Any CPU
		{42A877BA-16E5-4848-A40B-7D6810892CEE}.Test|Any CPU.Build.0 = Test|Any CPU
		{42A877BA-16E5-4848-A40B-7D6810892CEE}.Training|Any CPU.ActiveCfg = Training|Any CPU
		{42A877BA-16E5-4848-A40B-7D6810892CEE}.Training|Any CPU.Build.0 = Training|Any CPU
		{42A877BA-16E5-4848-A40B-7D6810892CEE}.Validation|Any CPU.ActiveCfg = Validation|Any CPU
		{42A877BA-16E5-4848-A40B-7D6810892CEE}.Validation|Any CPU.Build.0 = Validation|Any CPU
		{661BE9A3-7B50-47EB-A9F7-0ADD598505DE}.Debug|Any CPU.ActiveCfg = Debug|Any CPU
		{661BE9A3-7B50-47EB-A9F7-0ADD598505DE}.Debug|Any CPU.Build.0 = Debug|Any CPU
		{661BE9A3-7B50-47EB-A9F7-0ADD598505DE}.Pre|Any CPU.ActiveCfg = Release|Any CPU
		{661BE9A3-7B50-47EB-A9F7-0ADD598505DE}.Pre|Any CPU.Build.0 = Release|Any CPU
		{661BE9A3-7B50-47EB-A9F7-0ADD598505DE}.Pro|Any CPU.ActiveCfg = Release|Any CPU
		{661BE9A3-7B50-47EB-A9F7-0ADD598505DE}.Pro|Any CPU.Build.0 = Release|Any CPU
		{661BE9A3-7B50-47EB-A9F7-0ADD598505DE}.Release|Any CPU.ActiveCfg = Release|Any CPU
		{661BE9A3-7B50-47EB-A9F7-0ADD598505DE}.Release|Any CPU.Build.0 = Release|Any CPU
		{661BE9A3-7B50-47EB-A9F7-0ADD598505DE}.Sandbox|Any CPU.ActiveCfg = Release|Any CPU
		{661BE9A3-7B50-47EB-A9F7-0ADD598505DE}.Sandbox|Any CPU.Build.0 = Release|Any CPU
		{661BE9A3-7B50-47EB-A9F7-0ADD598505DE}.Test|Any CPU.ActiveCfg = Release|Any CPU
		{661BE9A3-7B50-47EB-A9F7-0ADD598505DE}.Test|Any CPU.Build.0 = Release|Any CPU
		{661BE9A3-7B50-47EB-A9F7-0ADD598505DE}.Training|Any CPU.ActiveCfg = Release|Any CPU
		{661BE9A3-7B50-47EB-A9F7-0ADD598505DE}.Training|Any CPU.Build.0 = Release|Any CPU
		{661BE9A3-7B50-47EB-A9F7-0ADD598505DE}.Validation|Any CPU.ActiveCfg = Release|Any CPU
		{661BE9A3-7B50-47EB-A9F7-0ADD598505DE}.Validation|Any CPU.Build.0 = Release|Any CPU
		{ADDFD99C-02DA-42AF-8431-9C73EEF39623}.Debug|Any CPU.ActiveCfg = Debug|Any CPU
		{ADDFD99C-02DA-42AF-8431-9C73EEF39623}.Debug|Any CPU.Build.0 = Debug|Any CPU
		{ADDFD99C-02DA-42AF-8431-9C73EEF39623}.Pre|Any CPU.ActiveCfg = Release|Any CPU
		{ADDFD99C-02DA-42AF-8431-9C73EEF39623}.Pre|Any CPU.Build.0 = Release|Any CPU
		{ADDFD99C-02DA-42AF-8431-9C73EEF39623}.Pro|Any CPU.ActiveCfg = Release|Any CPU
		{ADDFD99C-02DA-42AF-8431-9C73EEF39623}.Pro|Any CPU.Build.0 = Release|Any CPU
		{ADDFD99C-02DA-42AF-8431-9C73EEF39623}.Release|Any CPU.ActiveCfg = Release|Any CPU
		{ADDFD99C-02DA-42AF-8431-9C73EEF39623}.Release|Any CPU.Build.0 = Release|Any CPU
		{ADDFD99C-02DA-42AF-8431-9C73EEF39623}.Sandbox|Any CPU.ActiveCfg = Release|Any CPU
		{ADDFD99C-02DA-42AF-8431-9C73EEF39623}.Sandbox|Any CPU.Build.0 = Release|Any CPU
		{ADDFD99C-02DA-42AF-8431-9C73EEF39623}.Test|Any CPU.ActiveCfg = Release|Any CPU
		{ADDFD99C-02DA-42AF-8431-9C73EEF39623}.Test|Any CPU.Build.0 = Release|Any CPU
		{ADDFD99C-02DA-42AF-8431-9C73EEF39623}.Training|Any CPU.ActiveCfg = Release|Any CPU
		{ADDFD99C-02DA-42AF-8431-9C73EEF39623}.Training|Any CPU.Build.0 = Release|Any CPU
		{ADDFD99C-02DA-42AF-8431-9C73EEF39623}.Validation|Any CPU.ActiveCfg = Release|Any CPU
		{ADDFD99C-02DA-42AF-8431-9C73EEF39623}.Validation|Any CPU.Build.0 = Release|Any CPU
	EndGlobalSection
	GlobalSection(SolutionProperties) = preSolution
		HideSolutionNode = FALSE
	EndGlobalSection
	GlobalSection(NestedProjects) = preSolution
		{728781D2-86F1-4BA5-8322-B954D582F76B} = {9840ECA3-AE13-40B3-8CF3-B1647269B258}
		{D2C7E249-F2BF-45A6-8918-A919B13690B4} = {1937F992-CF17-4037-982A-4BF3EC3FE99B}
		{65235E06-CAB5-413C-A776-63F029FEC4E7} = {1937F992-CF17-4037-982A-4BF3EC3FE99B}
		{051C79A8-7FEE-4007-9886-BE00708B9165} = {9DF9DEFB-FBFD-4A6F-BD97-BAF565EB0C87}
		{CF147E43-853D-4CA5-AEB3-C2C07846BF1F} = {9DF9DEFB-FBFD-4A6F-BD97-BAF565EB0C87}
		{661BE9A3-7B50-47EB-A9F7-0ADD598505DE} = {93D5D73C-22FD-4392-A834-87801E3785D4}
	EndGlobalSection
	GlobalSection(TeamFoundationVersionControl) = preSolution
		SccNumberOfProjects = 15
		SccEnterpriseProvider = {4CA58AB2-18FA-4F8D-95D4-32DDF27D184C}
		SccTeamFoundationServer = http://fctfs1:8080/tfs/colab
		SccProjectUniqueName0 = Amazon\\Senders.Amazon\\NotificationServer.Senders.Amazon.csproj
		SccProjectTopLevelParentUniqueName0 = Facture.NotificationServer.Senders.sln
		SccProjectName0 = Amazon/Senders.Amazon
		SccLocalPath0 = Amazon\\Senders.Amazon
		SccProjectUniqueName1 = Dian\\dev\\Senders.Dian\\NotificationServer.Senders.Dian.csproj
		SccProjectTopLevelParentUniqueName1 = Facture.NotificationServer.Senders.sln
		SccProjectName1 = Dian/dev/Senders.Dian
		SccLocalPath1 = Dian\\dev\\Senders.Dian
		SccProjectUniqueName2 = Dian\\test\\Senders.DianTests\\NotificationServer.Senders.DianTests.csproj
		SccProjectTopLevelParentUniqueName2 = Facture.NotificationServer.Senders.sln
		SccProjectName2 = Dian/test/Senders.DianTests
		SccLocalPath2 = Dian\\test\\Senders.DianTests
		SccProjectUniqueName3 = ..\\1-Core\\Common\\Core\\NotificationServer.Core.csproj
		SccProjectTopLevelParentUniqueName3 = Facture.NotificationServer.Senders.sln
		SccProjectName3 = ../1-Core/Common/Core
		SccLocalPath3 = ..\\1-Core\\Common\\Core
		SccProjectUniqueName4 = ..\\1-Core\\Common\\Contract\\NotificationServer.Contract.csproj
		SccProjectTopLevelParentUniqueName4 = Facture.NotificationServer.Senders.sln
		SccProjectName4 = ../1-Core/Common/Contract
		SccLocalPath4 = ..\\1-Core\\Common\\Contract
		SccProjectUniqueName5 = ..\\3-Hosts\\Api\\Client\\dev\\Client.Providers.Rest\\NotificationServer.Client.Providers.Rest.csproj
		SccProjectName5 = ../3-Hosts/Api/Client/dev/Client.Providers.Rest
		SccLocalPath5 = ..\\3-Hosts\\Api\\Client\\dev\\Client.Providers.Rest
		SccProjectUniqueName6 = ..\\4-Clients\\Client\\NotificationServer.Client.csproj
		SccProjectName6 = ../4-Clients/Client
		SccLocalPath6 = ..\\4-Clients\\Client
		SccProjectUniqueName7 = _Package\\NotificationServer.Senders.Packager.csproj
		SccProjectTopLevelParentUniqueName7 = Facture.NotificationServer.Senders.sln
		SccProjectName7 = _Package
		SccLocalPath7 = _Package
		SccProjectUniqueName8 = DnnCoreMessaging\\NotificationServer.Senders.DnnCoreMessaging.csproj
		SccProjectName8 = DnnCoreMessaging
		SccLocalPath8 = DnnCoreMessaging
		SccProjectUniqueName9 = Mail\\NotificationServer.Senders.Mail.csproj
		SccProjectName9 = Mail
		SccLocalPath9 = Mail
		SccProjectUniqueName10 = Rest\\NotificationServer.Senders.Rest.csproj
		SccProjectName10 = Rest
		SccLocalPath10 = Rest
		SccProjectUniqueName11 = SendGrid\\NotificationServer.Senders.SendGrid.csproj
		SccProjectName11 = SendGrid
		SccLocalPath11 = SendGrid
		SccProjectUniqueName12 = Twitter\\NotificationServer.Senders.Twitter.csproj
		SccProjectName12 = Twitter
		SccLocalPath12 = Twitter
		SccLocalPath13 = .
		SccProjectUniqueName14 = SPRC\\NotificationServer.Senders.SPRC.csproj
		SccProjectName14 = SPRC
		SccLocalPath14 = SPRC
	EndGlobalSection
EndGlobal
